
Microsoft Visual Studio Solution File, Format Version 12.00
# Visual Studio Version 17
VisualStudioVersion = 17.8.34601.278
MinimumVisualStudioVersion = 10.0.40219.1
Project("{2150E333-8FDC-42A3-9474-1A3956D46DE8}") = "Core", "Core", "{3DEF3991-2450-4B56-BE0A-87C281758624}"
EndProject
Project("{2150E333-8FDC-42A3-9474-1A3956D46DE8}") = "External", "External", "{2524DC75-3093-4CAD-97D7-7AEC6C3FD9C4}"
EndProject
Project("{FAE04EC0-301F-11D3-BF4B-00C04F79EFBC}") = "Data", "Data\Data.csproj", "{7A9AC174-28EF-485A-A89B-85AEB1E90E11}"
EndProject
Project("{FAE04EC0-301F-11D3-BF4B-00C04F79EFBC}") = "Application", "Application\Application.csproj", "{AFBD7047-949F-4514-8950-E8BFF2BF11A0}"
EndProject
Project("{2150E333-8FDC-42A3-9474-1A3956D46DE8}") = "Common", "Common", "{68092895-A257-4B6F-9598-C24DA216C043}"
EndProject
Project("{2150E333-8FDC-42A3-9474-1A3956D46DE8}") = "Infrastructure", "Infrastructure", "{E6532695-BDAF-4DE9-A502-9B7DDD3EF9FA}"
EndProject
Project("{2150E333-8FDC-42A3-9474-1A3956D46DE8}") = "Presentation", "Presentation", "{02E1333C-053E-44B1-AEE4-48A157CE50FE}"
EndProject
Project("{FAE04EC0-301F-11D3-BF4B-00C04F79EFBC}") = "Configuration", "Configuration\Configuration.csproj", "{94AB9CBF-668D-4C26-9C13-38242D3B6E02}"
EndProject
Project("{FAE04EC0-301F-11D3-BF4B-00C04F79EFBC}") = "Persistence", "Persistence\Persistence.csproj", "{AE6499A0-3AA2-47A5-ACA0-A9A0F1C74F2D}"
EndProject
Project("{FAE04EC0-301F-11D3-BF4B-00C04F79EFBC}") = "Mail", "Mail\Mail.csproj", "{02CFE3EF-0C2A-4ADF-A777-955D9E6F3728}"
EndProject
Project("{FAE04EC0-301F-11D3-BF4B-00C04F79EFBC}") = "ExternalFile", "ExternalFile\ExternalFile.csproj", "{520211D6-2D6E-48A0-9BC6-CC8584DFFE5F}"
EndProject
Project("{FAE04EC0-301F-11D3-BF4B-00C04F79EFBC}") = "AuthenticationHandler", "AuthenticationHandler\AuthenticationHandler.csproj", "{AB643A56-3550-4F1C-91C6-BE73A6ED1739}"
EndProject
Project("{FAE04EC0-301F-11D3-BF4B-00C04F79EFBC}") = "BackgroundJob", "BackgroundJob\BackgroundJob.csproj", "{E54DE222-7EC9-465E-AB3F-2D6634DA6F3B}"
EndProject
Project("{FAE04EC0-301F-11D3-BF4B-00C04F79EFBC}") = "Cache", "Cache\Cache.csproj", "{C3DCA8D6-849B-40D9-990C-E570089B7245}"
EndProject
Project("{FAE04EC0-301F-11D3-BF4B-00C04F79EFBC}") = "WebApi", "WebApi\WebApi.csproj", "{14CD967C-32E3-49D0-95A1-6AE79E570612}"
EndProject
Global
	GlobalSection(SolutionConfigurationPlatforms) = preSolution
		Debug|Any CPU = Debug|Any CPU
		Release|Any CPU = Release|Any CPU
	EndGlobalSection
	GlobalSection(ProjectConfigurationPlatforms) = postSolution
		{7A9AC174-28EF-485A-A89B-85AEB1E90E11}.Debug|Any CPU.ActiveCfg = Debug|Any CPU
		{7A9AC174-28EF-485A-A89B-85AEB1E90E11}.Debug|Any CPU.Build.0 = Debug|Any CPU
		{7A9AC174-28EF-485A-A89B-85AEB1E90E11}.Release|Any CPU.ActiveCfg = Release|Any CPU
		{7A9AC174-28EF-485A-A89B-85AEB1E90E11}.Release|Any CPU.Build.0 = Release|Any CPU
		{AFBD7047-949F-4514-8950-E8BFF2BF11A0}.Debug|Any CPU.ActiveCfg = Debug|Any CPU
		{AFBD7047-949F-4514-8950-E8BFF2BF11A0}.Debug|Any CPU.Build.0 = Debug|Any CPU
		{AFBD7047-949F-4514-8950-E8BFF2BF11A0}.Release|Any CPU.ActiveCfg = Release|Any CPU
		{AFBD7047-949F-4514-8950-E8BFF2BF11A0}.Release|Any CPU.Build.0 = Release|Any CPU
		{94AB9CBF-668D-4C26-9C13-38242D3B6E02}.Debug|Any CPU.ActiveCfg = Debug|Any CPU
		{94AB9CBF-668D-4C26-9C13-38242D3B6E02}.Debug|Any CPU.Build.0 = Debug|Any CPU
		{94AB9CBF-668D-4C26-9C13-38242D3B6E02}.Release|Any CPU.ActiveCfg = Release|Any CPU
		{94AB9CBF-668D-4C26-9C13-38242D3B6E02}.Release|Any CPU.Build.0 = Release|Any CPU
		{AE6499A0-3AA2-47A5-ACA0-A9A0F1C74F2D}.Debug|Any CPU.ActiveCfg = Debug|Any CPU
		{AE6499A0-3AA2-47A5-ACA0-A9A0F1C74F2D}.Debug|Any CPU.Build.0 = Debug|Any CPU
		{AE6499A0-3AA2-47A5-ACA0-A9A0F1C74F2D}.Release|Any CPU.ActiveCfg = Release|Any CPU
		{AE6499A0-3AA2-47A5-ACA0-A9A0F1C74F2D}.Release|Any CPU.Build.0 = Release|Any CPU
		{02CFE3EF-0C2A-4ADF-A777-955D9E6F3728}.Debug|Any CPU.ActiveCfg = Debug|Any CPU
		{02CFE3EF-0C2A-4ADF-A777-955D9E6F3728}.Debug|Any CPU.Build.0 = Debug|Any CPU
		{02CFE3EF-0C2A-4ADF-A777-955D9E6F3728}.Release|Any CPU.ActiveCfg = Release|Any CPU
		{02CFE3EF-0C2A-4ADF-A777-955D9E6F3728}.Release|Any CPU.Build.0 = Release|Any CPU
		{520211D6-2D6E-48A0-9BC6-CC8584DFFE5F}.Debug|Any CPU.ActiveCfg = Debug|Any CPU
		{520211D6-2D6E-48A0-9BC6-CC8584DFFE5F}.Debug|Any CPU.Build.0 = Debug|Any CPU
		{520211D6-2D6E-48A0-9BC6-CC8584DFFE5F}.Release|Any CPU.ActiveCfg = Release|Any CPU
		{520211D6-2D6E-48A0-9BC6-CC8584DFFE5F}.Release|Any CPU.Build.0 = Release|Any CPU
		{AB643A56-3550-4F1C-91C6-BE73A6ED1739}.Debug|Any CPU.ActiveCfg = Debug|Any CPU
		{AB643A56-3550-4F1C-91C6-BE73A6ED1739}.Debug|Any CPU.Build.0 = Debug|Any CPU
		{AB643A56-3550-4F1C-91C6-BE73A6ED1739}.Release|Any CPU.ActiveCfg = Release|Any CPU
		{AB643A56-3550-4F1C-91C6-BE73A6ED1739}.Release|Any CPU.Build.0 = Release|Any CPU
		{E54DE222-7EC9-465E-AB3F-2D6634DA6F3B}.Debug|Any CPU.ActiveCfg = Debug|Any CPU
		{E54DE222-7EC9-465E-AB3F-2D6634DA6F3B}.Debug|Any CPU.Build.0 = Debug|Any CPU
		{E54DE222-7EC9-465E-AB3F-2D6634DA6F3B}.Release|Any CPU.ActiveCfg = Release|Any CPU
		{E54DE222-7EC9-465E-AB3F-2D6634DA6F3B}.Release|Any CPU.Build.0 = Release|Any CPU
		{C3DCA8D6-849B-40D9-990C-E570089B7245}.Debug|Any CPU.ActiveCfg = Debug|Any CPU
		{C3DCA8D6-849B-40D9-990C-E570089B7245}.Debug|Any CPU.Build.0 = Debug|Any CPU
		{C3DCA8D6-849B-40D9-990C-E570089B7245}.Release|Any CPU.ActiveCfg = Release|Any CPU
		{C3DCA8D6-849B-40D9-990C-E570089B7245}.Release|Any CPU.Build.0 = Release|Any CPU
		{14CD967C-32E3-49D0-95A1-6AE79E570612}.Debug|Any CPU.ActiveCfg = Debug|Any CPU
		{14CD967C-32E3-49D0-95A1-6AE79E570612}.Debug|Any CPU.Build.0 = Debug|Any CPU
		{14CD967C-32E3-49D0-95A1-6AE79E570612}.Release|Any CPU.ActiveCfg = Release|Any CPU
		{14CD967C-32E3-49D0-95A1-6AE79E570612}.Release|Any CPU.Build.0 = Release|Any CPU
	EndGlobalSection
	GlobalSection(SolutionProperties) = preSolution
		HideSolutionNode = FALSE
	EndGlobalSection
	GlobalSection(NestedProjects) = preSolution
		{7A9AC174-28EF-485A-A89B-85AEB1E90E11} = {3DEF3991-2450-4B56-BE0A-87C281758624}
		{AFBD7047-949F-4514-8950-E8BFF2BF11A0} = {3DEF3991-2450-4B56-BE0A-87C281758624}
		{68092895-A257-4B6F-9598-C24DA216C043} = {2524DC75-3093-4CAD-97D7-7AEC6C3FD9C4}
		{E6532695-BDAF-4DE9-A502-9B7DDD3EF9FA} = {2524DC75-3093-4CAD-97D7-7AEC6C3FD9C4}
		{02E1333C-053E-44B1-AEE4-48A157CE50FE} = {2524DC75-3093-4CAD-97D7-7AEC6C3FD9C4}
		{94AB9CBF-668D-4C26-9C13-38242D3B6E02} = {68092895-A257-4B6F-9598-C24DA216C043}
		{AE6499A0-3AA2-47A5-ACA0-A9A0F1C74F2D} = {E6532695-BDAF-4DE9-A502-9B7DDD3EF9FA}
		{02CFE3EF-0C2A-4ADF-A777-955D9E6F3728} = {E6532695-BDAF-4DE9-A502-9B7DDD3EF9FA}
		{520211D6-2D6E-48A0-9BC6-CC8584DFFE5F} = {E6532695-BDAF-4DE9-A502-9B7DDD3EF9FA}
		{AB643A56-3550-4F1C-91C6-BE73A6ED1739} = {E6532695-BDAF-4DE9-A502-9B7DDD3EF9FA}
		{E54DE222-7EC9-465E-AB3F-2D6634DA6F3B} = {E6532695-BDAF-4DE9-A502-9B7DDD3EF9FA}
		{C3DCA8D6-849B-40D9-990C-E570089B7245} = {E6532695-BDAF-4DE9-A502-9B7DDD3EF9FA}
		{14CD967C-32E3-49D0-95A1-6AE79E570612} = {02E1333C-053E-44B1-AEE4-48A157CE50FE}
	EndGlobalSection
	GlobalSection(ExtensibilityGlobals) = postSolution
		SolutionGuid = {70700212-F357-49A5-9264-85B7477B1BAC}
	EndGlobalSection
EndGlobal
