
Microsoft Visual Studio Solution File, Format Version 12.00
# Visual Studio Version 17
VisualStudioVersion = 17.8.34601.278
MinimumVisualStudioVersion = 10.0.40219.1
Project("{2150E333-8FDC-42A3-9474-1A3956D46DE8}") = "Core", "Core", "{3DEF3991-2450-4B56-BE0A-87C281758624}"
EndProject
Project("{2150E333-8FDC-42A3-9474-1A3956D46DE8}") = "External", "External", "{2524DC75-3093-4CAD-97D7-7AEC6C3FD9C4}"
EndProject
Project("{2150E333-8FDC-42A3-9474-1A3956D46DE8}") = "Common", "Common", "{68092895-A257-4B6F-9598-C24DA216C043}"
EndProject
Project("{2150E333-8FDC-42A3-9474-1A3956D46DE8}") = "Infrastructure", "Infrastructure", "{E6532695-BDAF-4DE9-A502-9B7DDD3EF9FA}"
EndProject
Project("{2150E333-8FDC-42A3-9474-1A3956D46DE8}") = "Presentation", "Presentation", "{02E1333C-053E-44B1-AEE4-48A157CE50FE}"
EndProject
Project("{9A19103F-16F7-4668-BE54-9A1E7A4F7556}") = "WebApi", "WebApi\WebApi.csproj", "{14CD967C-32E3-49D0-95A1-6AE79E570612}"
EndProject
Project("{2150E333-8FDC-42A3-9474-1A3956D46DE8}") = "Persistence", "Persistence", "{0BF0222A-EE17-4B30-B891-EDF77320BEA0}"
EndProject
Project("{2150E333-8FDC-42A3-9474-1A3956D46DE8}") = "Relational", "Relational", "{5DDD4038-C8B4-4B7B-B4A5-A55EC2EB0E71}"
EndProject
Project("{2150E333-8FDC-42A3-9474-1A3956D46DE8}") = "NonRelational", "NonRelational", "{A3310670-2739-447E-85F7-C5BA1667A57C}"
EndProject
Project("{2150E333-8FDC-42A3-9474-1A3956D46DE8}") = "Cache", "Cache", "{2FF83EE3-499E-4DA9-8A89-CE0183DDB0D1}"
EndProject
Project("{2150E333-8FDC-42A3-9474-1A3956D46DE8}") = "Identity", "Identity", "{9F0D785F-5DF0-4F3D-8F69-648BD051C054}"
EndProject
Project("{2150E333-8FDC-42A3-9474-1A3956D46DE8}") = "FileStorage", "FileStorage", "{436DA903-BFB9-47E8-9346-559A7CEB8457}"
EndProject
Project("{2150E333-8FDC-42A3-9474-1A3956D46DE8}") = "Payment", "Payment", "{F53B58EA-22B2-472F-9D5F-7BE5BB76A30C}"
EndProject
Project("{2150E333-8FDC-42A3-9474-1A3956D46DE8}") = "Message", "Message", "{F59ADA3A-C569-4EDF-8E97-43D60F44AA6C}"
EndProject
Project("{2150E333-8FDC-42A3-9474-1A3956D46DE8}") = "Notification", "Notification", "{369D267A-50D3-4F07-A479-8B0E3AC1EFD0}"
EndProject
Project("{2150E333-8FDC-42A3-9474-1A3956D46DE8}") = "BackgroundJob", "BackgroundJob", "{7DC3DF9E-64DA-4433-BFCB-A93DBF85B5BF}"
EndProject
Project("{2150E333-8FDC-42A3-9474-1A3956D46DE8}") = "Broker", "Broker", "{BF46A9C9-5D60-4DD8-992E-2DA01E2B72EB}"
EndProject
Project("{2150E333-8FDC-42A3-9474-1A3956D46DE8}") = "Queue", "Queue", "{94252EB6-3771-48F0-96B9-40C75E97F8CD}"
EndProject
Project("{2150E333-8FDC-42A3-9474-1A3956D46DE8}") = "Bus", "Bus", "{6A37E16A-03A1-4336-85BE-56BDA4FDF59F}"
EndProject
Project("{2150E333-8FDC-42A3-9474-1A3956D46DE8}") = "Sms", "Sms", "{996778A9-AFB9-4768-B70C-1302022E60C5}"
EndProject
Project("{2150E333-8FDC-42A3-9474-1A3956D46DE8}") = "Mail", "Mail", "{08AED999-E705-47C9-9995-49508337FBE4}"
EndProject
Project("{2150E333-8FDC-42A3-9474-1A3956D46DE8}") = "Configuration", "Configuration", "{6C0FB86C-BDE9-4520-AE3A-F20634674674}"
EndProject
Project("{2150E333-8FDC-42A3-9474-1A3956D46DE8}") = "Hangfire", "Hangfire", "{EF9DD491-F90F-4D5A-9FBB-0F9EFF427E09}"
EndProject
Project("{2150E333-8FDC-42A3-9474-1A3956D46DE8}") = "Quartz", "Quartz", "{ACBFCC9E-7F20-4B99-9575-01291A337AFC}"
EndProject
Project("{2150E333-8FDC-42A3-9474-1A3956D46DE8}") = "OneDrive", "OneDrive", "{DF97C640-0E12-4499-85B6-E2A37B6D34E5}"
EndProject
Project("{2150E333-8FDC-42A3-9474-1A3956D46DE8}") = "VnPay", "VnPay", "{CC1D4CF4-8DD9-4C98-A581-F21F48F93696}"
EndProject
Project("{2150E333-8FDC-42A3-9474-1A3956D46DE8}") = "Redis", "Redis", "{6B1ECB4B-B9DA-42DF-B3CA-E826CA20269B}"
EndProject
Project("{2150E333-8FDC-42A3-9474-1A3956D46DE8}") = "PostgresSql", "PostgresSql", "{E6544196-3A92-430E-9DD0-1AC3B94EC6E8}"
EndProject
Project("{2150E333-8FDC-42A3-9474-1A3956D46DE8}") = "Search", "Search", "{FA603F36-0FAC-4497-B674-D5BA5AD50E8B}"
EndProject
Project("{2150E333-8FDC-42A3-9474-1A3956D46DE8}") = "Log", "Log", "{8013AEA2-A580-4E9E-9515-0206EA0B8734}"
EndProject
Project("{2150E333-8FDC-42A3-9474-1A3956D46DE8}") = "ElasticSearch", "ElasticSearch", "{3BB5D7EB-0091-4103-8247-0B1817B0212B}"
EndProject
Project("{2150E333-8FDC-42A3-9474-1A3956D46DE8}") = "ElasticSearch", "ElasticSearch", "{90B76D13-2337-4D6F-A8C5-66AD10561C77}"
EndProject
Project("{FAE04EC0-301F-11D3-BF4B-00C04F79EFBC}") = "PenomyPlatform.Core.Data", "PenomyPlatform.Core.Data\PenomyPlatform.Core.Data.csproj", "{A9DB472B-8A5E-497D-BDD9-A3033C7EA76C}"
EndProject
Project("{FAE04EC0-301F-11D3-BF4B-00C04F79EFBC}") = "PenomyPlatform.Core.Application", "PenomyPlatform.Core.Application\PenomyPlatform.Core.Application.csproj", "{BF9769A5-CB6C-4AEC-8056-36A00FA7484C}"
EndProject
Project("{FAE04EC0-301F-11D3-BF4B-00C04F79EFBC}") = "PenomyPlatform.Common.Configuration.V1", "PenomyPlatform.Common.Configuration.V1\PenomyPlatform.Common.Configuration.V1.csproj", "{9D4415EE-9AF0-44AB-9FE2-C770F530F91C}"
EndProject
Project("{FAE04EC0-301F-11D3-BF4B-00C04F79EFBC}") = "PenomyPlatform.BackgroundJob.HangFire.V1", "PenomyPlatform.BackgroundJob.HangFire.V1\PenomyPlatform.BackgroundJob.HangFire.V1.csproj", "{57758612-FA84-40FE-9901-FD3CC4C1F6A7}"
EndProject
Project("{FAE04EC0-301F-11D3-BF4B-00C04F79EFBC}") = "PenomyPlatform.FileStorage.OneDrive.V1", "PenomyPlatform.FileStorage.OneDrive.V1\PenomyPlatform.FileStorage.OneDrive.V1.csproj", "{FC7D7653-9365-4827-A66A-7510712CCC67}"
EndProject
Project("{FAE04EC0-301F-11D3-BF4B-00C04F79EFBC}") = "PenomyPlatform.Persistence.Cache.Redis.V1", "PenomyPlatform.Persistence.Cache.Redis.V1\PenomyPlatform.Persistence.Cache.Redis.V1.csproj", "{DA94A756-1D99-48BC-860C-66384D92B8BA}"
EndProject
Project("{2150E333-8FDC-42A3-9474-1A3956D46DE8}") = "GoogleSmtp", "GoogleSmtp", "{6DFF44A8-DC37-42D8-8B11-3B5020B70871}"
EndProject
Project("{FAE04EC0-301F-11D3-BF4B-00C04F79EFBC}") = "PenomyPlatform.Notification.Mail.GoogleSmtp.V1", "PenomyPlatform.Notification.Mail.GoogleSmtp.V1\PenomyPlatform.Notification.Mail.GoogleSmtp.V1.csproj", "{6D6BF59D-53CB-4D07-81F6-2913F20F9A11}"
EndProject
Project("{2150E333-8FDC-42A3-9474-1A3956D46DE8}") = "MongoDb", "MongoDb", "{3C85BF25-A91C-4995-A4E5-11D4E690E294}"
EndProject
Project("{FAE04EC0-301F-11D3-BF4B-00C04F79EFBC}") = "PenomyPlatform.Persistence.Relational.PostgresSql.V1", "PenomyPlatform.Persistence.Relational.PostgresSql.V1\PenomyPlatform.Persistence.Relational.PostgresSql.V1.csproj", "{A3F7497A-81CB-48E4-A60E-E2D7ABFB1AB1}"
EndProject
Project("{FAE04EC0-301F-11D3-BF4B-00C04F79EFBC}") = "PenomyPlatform.Persistence.NonRelational.MongoDb.V1", "PenomyPlatform.Persistence.NonRelational.MongoDb.V1\PenomyPlatform.Persistence.NonRelational.MongoDb.V1.csproj", "{070656F3-90A8-45D2-A7A9-0BBE0B17E797}"
EndProject
Global
	GlobalSection(SolutionConfigurationPlatforms) = preSolution
		Debug|Any CPU = Debug|Any CPU
		Release|Any CPU = Release|Any CPU
	EndGlobalSection
	GlobalSection(ProjectConfigurationPlatforms) = postSolution
		{14CD967C-32E3-49D0-95A1-6AE79E570612}.Debug|Any CPU.ActiveCfg = Debug|Any CPU
		{14CD967C-32E3-49D0-95A1-6AE79E570612}.Debug|Any CPU.Build.0 = Debug|Any CPU
		{14CD967C-32E3-49D0-95A1-6AE79E570612}.Release|Any CPU.ActiveCfg = Release|Any CPU
		{14CD967C-32E3-49D0-95A1-6AE79E570612}.Release|Any CPU.Build.0 = Release|Any CPU
		{A9DB472B-8A5E-497D-BDD9-A3033C7EA76C}.Debug|Any CPU.ActiveCfg = Debug|Any CPU
		{A9DB472B-8A5E-497D-BDD9-A3033C7EA76C}.Debug|Any CPU.Build.0 = Debug|Any CPU
		{A9DB472B-8A5E-497D-BDD9-A3033C7EA76C}.Release|Any CPU.ActiveCfg = Release|Any CPU
		{A9DB472B-8A5E-497D-BDD9-A3033C7EA76C}.Release|Any CPU.Build.0 = Release|Any CPU
		{BF9769A5-CB6C-4AEC-8056-36A00FA7484C}.Debug|Any CPU.ActiveCfg = Debug|Any CPU
		{BF9769A5-CB6C-4AEC-8056-36A00FA7484C}.Debug|Any CPU.Build.0 = Debug|Any CPU
		{BF9769A5-CB6C-4AEC-8056-36A00FA7484C}.Release|Any CPU.ActiveCfg = Release|Any CPU
		{BF9769A5-CB6C-4AEC-8056-36A00FA7484C}.Release|Any CPU.Build.0 = Release|Any CPU
		{9D4415EE-9AF0-44AB-9FE2-C770F530F91C}.Debug|Any CPU.ActiveCfg = Debug|Any CPU
		{9D4415EE-9AF0-44AB-9FE2-C770F530F91C}.Debug|Any CPU.Build.0 = Debug|Any CPU
		{9D4415EE-9AF0-44AB-9FE2-C770F530F91C}.Release|Any CPU.ActiveCfg = Release|Any CPU
		{9D4415EE-9AF0-44AB-9FE2-C770F530F91C}.Release|Any CPU.Build.0 = Release|Any CPU
		{57758612-FA84-40FE-9901-FD3CC4C1F6A7}.Debug|Any CPU.ActiveCfg = Debug|Any CPU
		{57758612-FA84-40FE-9901-FD3CC4C1F6A7}.Debug|Any CPU.Build.0 = Debug|Any CPU
		{57758612-FA84-40FE-9901-FD3CC4C1F6A7}.Release|Any CPU.ActiveCfg = Release|Any CPU
		{57758612-FA84-40FE-9901-FD3CC4C1F6A7}.Release|Any CPU.Build.0 = Release|Any CPU
		{FC7D7653-9365-4827-A66A-7510712CCC67}.Debug|Any CPU.ActiveCfg = Debug|Any CPU
		{FC7D7653-9365-4827-A66A-7510712CCC67}.Debug|Any CPU.Build.0 = Debug|Any CPU
		{FC7D7653-9365-4827-A66A-7510712CCC67}.Release|Any CPU.ActiveCfg = Release|Any CPU
		{FC7D7653-9365-4827-A66A-7510712CCC67}.Release|Any CPU.Build.0 = Release|Any CPU
		{DA94A756-1D99-48BC-860C-66384D92B8BA}.Debug|Any CPU.ActiveCfg = Debug|Any CPU
		{DA94A756-1D99-48BC-860C-66384D92B8BA}.Debug|Any CPU.Build.0 = Debug|Any CPU
		{DA94A756-1D99-48BC-860C-66384D92B8BA}.Release|Any CPU.ActiveCfg = Release|Any CPU
		{DA94A756-1D99-48BC-860C-66384D92B8BA}.Release|Any CPU.Build.0 = Release|Any CPU
		{6D6BF59D-53CB-4D07-81F6-2913F20F9A11}.Debug|Any CPU.ActiveCfg = Debug|Any CPU
		{6D6BF59D-53CB-4D07-81F6-2913F20F9A11}.Debug|Any CPU.Build.0 = Debug|Any CPU
		{6D6BF59D-53CB-4D07-81F6-2913F20F9A11}.Release|Any CPU.ActiveCfg = Release|Any CPU
		{6D6BF59D-53CB-4D07-81F6-2913F20F9A11}.Release|Any CPU.Build.0 = Release|Any CPU
		{A3F7497A-81CB-48E4-A60E-E2D7ABFB1AB1}.Debug|Any CPU.ActiveCfg = Debug|Any CPU
		{A3F7497A-81CB-48E4-A60E-E2D7ABFB1AB1}.Debug|Any CPU.Build.0 = Debug|Any CPU
		{A3F7497A-81CB-48E4-A60E-E2D7ABFB1AB1}.Release|Any CPU.ActiveCfg = Release|Any CPU
		{A3F7497A-81CB-48E4-A60E-E2D7ABFB1AB1}.Release|Any CPU.Build.0 = Release|Any CPU
		{070656F3-90A8-45D2-A7A9-0BBE0B17E797}.Debug|Any CPU.ActiveCfg = Debug|Any CPU
		{070656F3-90A8-45D2-A7A9-0BBE0B17E797}.Debug|Any CPU.Build.0 = Debug|Any CPU
		{070656F3-90A8-45D2-A7A9-0BBE0B17E797}.Release|Any CPU.ActiveCfg = Release|Any CPU
		{070656F3-90A8-45D2-A7A9-0BBE0B17E797}.Release|Any CPU.Build.0 = Release|Any CPU
	EndGlobalSection
	GlobalSection(SolutionProperties) = preSolution
		HideSolutionNode = FALSE
	EndGlobalSection
	GlobalSection(NestedProjects) = preSolution
		{68092895-A257-4B6F-9598-C24DA216C043} = {2524DC75-3093-4CAD-97D7-7AEC6C3FD9C4}
		{E6532695-BDAF-4DE9-A502-9B7DDD3EF9FA} = {2524DC75-3093-4CAD-97D7-7AEC6C3FD9C4}
		{02E1333C-053E-44B1-AEE4-48A157CE50FE} = {2524DC75-3093-4CAD-97D7-7AEC6C3FD9C4}
		{14CD967C-32E3-49D0-95A1-6AE79E570612} = {02E1333C-053E-44B1-AEE4-48A157CE50FE}
		{0BF0222A-EE17-4B30-B891-EDF77320BEA0} = {E6532695-BDAF-4DE9-A502-9B7DDD3EF9FA}
		{5DDD4038-C8B4-4B7B-B4A5-A55EC2EB0E71} = {0BF0222A-EE17-4B30-B891-EDF77320BEA0}
		{A3310670-2739-447E-85F7-C5BA1667A57C} = {0BF0222A-EE17-4B30-B891-EDF77320BEA0}
		{2FF83EE3-499E-4DA9-8A89-CE0183DDB0D1} = {0BF0222A-EE17-4B30-B891-EDF77320BEA0}
		{9F0D785F-5DF0-4F3D-8F69-648BD051C054} = {E6532695-BDAF-4DE9-A502-9B7DDD3EF9FA}
		{436DA903-BFB9-47E8-9346-559A7CEB8457} = {E6532695-BDAF-4DE9-A502-9B7DDD3EF9FA}
		{F53B58EA-22B2-472F-9D5F-7BE5BB76A30C} = {E6532695-BDAF-4DE9-A502-9B7DDD3EF9FA}
		{F59ADA3A-C569-4EDF-8E97-43D60F44AA6C} = {E6532695-BDAF-4DE9-A502-9B7DDD3EF9FA}
		{369D267A-50D3-4F07-A479-8B0E3AC1EFD0} = {E6532695-BDAF-4DE9-A502-9B7DDD3EF9FA}
		{7DC3DF9E-64DA-4433-BFCB-A93DBF85B5BF} = {E6532695-BDAF-4DE9-A502-9B7DDD3EF9FA}
		{BF46A9C9-5D60-4DD8-992E-2DA01E2B72EB} = {F59ADA3A-C569-4EDF-8E97-43D60F44AA6C}
		{94252EB6-3771-48F0-96B9-40C75E97F8CD} = {F59ADA3A-C569-4EDF-8E97-43D60F44AA6C}
		{6A37E16A-03A1-4336-85BE-56BDA4FDF59F} = {F59ADA3A-C569-4EDF-8E97-43D60F44AA6C}
		{996778A9-AFB9-4768-B70C-1302022E60C5} = {369D267A-50D3-4F07-A479-8B0E3AC1EFD0}
		{08AED999-E705-47C9-9995-49508337FBE4} = {369D267A-50D3-4F07-A479-8B0E3AC1EFD0}
		{6C0FB86C-BDE9-4520-AE3A-F20634674674} = {68092895-A257-4B6F-9598-C24DA216C043}
		{EF9DD491-F90F-4D5A-9FBB-0F9EFF427E09} = {7DC3DF9E-64DA-4433-BFCB-A93DBF85B5BF}
		{ACBFCC9E-7F20-4B99-9575-01291A337AFC} = {7DC3DF9E-64DA-4433-BFCB-A93DBF85B5BF}
		{DF97C640-0E12-4499-85B6-E2A37B6D34E5} = {436DA903-BFB9-47E8-9346-559A7CEB8457}
		{CC1D4CF4-8DD9-4C98-A581-F21F48F93696} = {F53B58EA-22B2-472F-9D5F-7BE5BB76A30C}
		{6B1ECB4B-B9DA-42DF-B3CA-E826CA20269B} = {2FF83EE3-499E-4DA9-8A89-CE0183DDB0D1}
		{E6544196-3A92-430E-9DD0-1AC3B94EC6E8} = {5DDD4038-C8B4-4B7B-B4A5-A55EC2EB0E71}
		{FA603F36-0FAC-4497-B674-D5BA5AD50E8B} = {0BF0222A-EE17-4B30-B891-EDF77320BEA0}
		{8013AEA2-A580-4E9E-9515-0206EA0B8734} = {0BF0222A-EE17-4B30-B891-EDF77320BEA0}
		{3BB5D7EB-0091-4103-8247-0B1817B0212B} = {8013AEA2-A580-4E9E-9515-0206EA0B8734}
		{90B76D13-2337-4D6F-A8C5-66AD10561C77} = {FA603F36-0FAC-4497-B674-D5BA5AD50E8B}
		{A9DB472B-8A5E-497D-BDD9-A3033C7EA76C} = {3DEF3991-2450-4B56-BE0A-87C281758624}
		{BF9769A5-CB6C-4AEC-8056-36A00FA7484C} = {3DEF3991-2450-4B56-BE0A-87C281758624}
		{9D4415EE-9AF0-44AB-9FE2-C770F530F91C} = {6C0FB86C-BDE9-4520-AE3A-F20634674674}
		{57758612-FA84-40FE-9901-FD3CC4C1F6A7} = {EF9DD491-F90F-4D5A-9FBB-0F9EFF427E09}
		{FC7D7653-9365-4827-A66A-7510712CCC67} = {DF97C640-0E12-4499-85B6-E2A37B6D34E5}
		{DA94A756-1D99-48BC-860C-66384D92B8BA} = {6B1ECB4B-B9DA-42DF-B3CA-E826CA20269B}
		{6DFF44A8-DC37-42D8-8B11-3B5020B70871} = {08AED999-E705-47C9-9995-49508337FBE4}
		{6D6BF59D-53CB-4D07-81F6-2913F20F9A11} = {6DFF44A8-DC37-42D8-8B11-3B5020B70871}
		{3C85BF25-A91C-4995-A4E5-11D4E690E294} = {A3310670-2739-447E-85F7-C5BA1667A57C}
		{A3F7497A-81CB-48E4-A60E-E2D7ABFB1AB1} = {E6544196-3A92-430E-9DD0-1AC3B94EC6E8}
		{070656F3-90A8-45D2-A7A9-0BBE0B17E797} = {3C85BF25-A91C-4995-A4E5-11D4E690E294}
	EndGlobalSection
	GlobalSection(ExtensibilityGlobals) = postSolution
		SolutionGuid = {70700212-F357-49A5-9264-85B7477B1BAC}
	EndGlobalSection
EndGlobal
