
Microsoft Visual Studio Solution File, Format Version 12.00
# Visual Studio Version 17
VisualStudioVersion = 17.0.31903.59
MinimumVisualStudioVersion = 10.0.40219.1
Project("{2150E333-8FDC-42A3-9474-1A3956D46DE8}") = "src", "src", "{D558BFB6-D8E3-4B0D-AD5D-5C1A4EBA67A6}"
EndProject
Project("{2150E333-8FDC-42A3-9474-1A3956D46DE8}") = "Core", "Core", "{1A7B0D86-3AEC-43CF-921B-DBE59C80171C}"
EndProject
Project("{2150E333-8FDC-42A3-9474-1A3956D46DE8}") = "Domain", "Domain", "{57406E75-93BB-4C2F-B55E-1B138503C518}"
EndProject
Project("{9A19103F-16F7-4668-BE54-9A1E7A4F7556}") = "PenomyAPI.Domain.RelationalDb", "src\Core\Domain\PenomyAPI.Domain.RelationalDb\PenomyAPI.Domain.RelationalDb.csproj", "{9E494464-298F-4FD7-84F7-A2FF3C00FF46}"
EndProject
Project("{2150E333-8FDC-42A3-9474-1A3956D46DE8}") = "Application", "Application", "{C7998BF0-3926-407F-B624-14FB64D69BB2}"
EndProject
Project("{9A19103F-16F7-4668-BE54-9A1E7A4F7556}") = "PenomyAPI.App.Common", "src\Core\Application\PenomyAPI.App.Common\PenomyAPI.App.Common.csproj", "{D29128E1-6A44-4349-ACDA-8E0CAC53320E}"
EndProject
Project("{2150E333-8FDC-42A3-9474-1A3956D46DE8}") = "Generic", "Generic", "{93238DD1-0977-422A-A564-56BD09E1EC18}"
EndProject
Project("{9A19103F-16F7-4668-BE54-9A1E7A4F7556}") = "PenomyAPI.App.FeatG1", "src\Core\Application\Generic\PenomyAPI.App.FeatG1\PenomyAPI.App.FeatG1.csproj", "{CFDED708-E648-45DE-B5A4-34E51D11D69B}"
EndProject
Project("{9A19103F-16F7-4668-BE54-9A1E7A4F7556}") = "PenomyAPI.App.FeatG31", "src\Core\Application\Generic\PenomyAPI.App.FeatG31\PenomyAPI.App.FeatG31.csproj", "{9974A3E3-06CA-4F87-B24F-4ECDD147A9D6}"
EndProject
Project("{9A19103F-16F7-4668-BE54-9A1E7A4F7556}") = "PenomyAPI.App.FeatG32", "src\Core\Application\Generic\PenomyAPI.App.FeatG32\PenomyAPI.App.FeatG32.csproj", "{BC4C7BA6-C944-4B90-A5BD-A4222B04C4B8}"
EndProject
Project("{9A19103F-16F7-4668-BE54-9A1E7A4F7556}") = "PenomyAPI.App.FeatG34", "src\Core\Application\Generic\PenomyAPI.App.FeatG34\PenomyAPI.App.FeatG34.csproj", "{7E26357A-2824-46AD-A0AC-67879DDC45F8}"
EndProject
Project("{2150E333-8FDC-42A3-9474-1A3956D46DE8}") = "External", "External", "{902AF40D-0B9F-44A1-ABD2-01ACC732DDAB}"
EndProject
Project("{2150E333-8FDC-42A3-9474-1A3956D46DE8}") = "BuildingBlock", "BuildingBlock", "{A44BC94E-0956-4797-9016-28E909D94369}"
EndProject
Project("{9A19103F-16F7-4668-BE54-9A1E7A4F7556}") = "PenomyAPI.BuildingBlock.FeatRegister", "src\External\BuildingBlock\PenomyAPI.BuildingBlock.FeatRegister\PenomyAPI.BuildingBlock.FeatRegister.csproj", "{C7A97CE7-0709-4E9D-928E-EB5F66F61FB2}"
EndProject
Project("{2150E333-8FDC-42A3-9474-1A3956D46DE8}") = "Presentation", "Presentation", "{1E4B1744-7ED9-4E48-94C7-C41E4E695A39}"
EndProject
Project("{9A19103F-16F7-4668-BE54-9A1E7A4F7556}") = "PenomyAPI.Presentation.FastEndpointBasedApi", "src\External\Presentation\PenomyAPI.Presentation.FastEndpointBasedApi\PenomyAPI.Presentation.FastEndpointBasedApi.csproj", "{5971C90F-4F01-448D-9AE6-C990D7EAE158}"
EndProject
Project("{2150E333-8FDC-42A3-9474-1A3956D46DE8}") = "Infrastructure", "Infrastructure", "{4B81C059-1850-49E8-AB12-182A45679AB5}"
EndProject
Project("{2150E333-8FDC-42A3-9474-1A3956D46DE8}") = "Common", "Common", "{D992902E-3588-4E21-A1D5-488D283107B1}"
EndProject
Project("{2150E333-8FDC-42A3-9474-1A3956D46DE8}") = "BackgroundJob", "BackgroundJob", "{B3185EB6-76B7-4E08-97E3-AE8A1DD0408B}"
EndProject
Project("{9A19103F-16F7-4668-BE54-9A1E7A4F7556}") = "PenomyAPI.BackgroundJob.Quartz", "src\External\Infrastructure\Common\BackgroundJob\PenomyAPI.BackgroundJob.Quartz\PenomyAPI.BackgroundJob.Quartz.csproj", "{54504FF6-FD23-47BE-814A-5761AEE224E0}"
EndProject
Project("{2150E333-8FDC-42A3-9474-1A3956D46DE8}") = "Notification", "Notification", "{8BEDEA2C-E2CC-4F76-9E58-C605AEED97EC}"
EndProject
Project("{2150E333-8FDC-42A3-9474-1A3956D46DE8}") = "Mail", "Mail", "{4CFC37E0-3454-44E7-A14D-4E05C8D65B32}"
EndProject
Project("{9A19103F-16F7-4668-BE54-9A1E7A4F7556}") = "PenomyAPI.Noti.Mail.GoogleGmail", "src\External\Infrastructure\Common\Notification\Mail\PenomyAPI.Noti.Mail.GoogleGmail\PenomyAPI.Noti.Mail.GoogleGmail.csproj", "{29A161EB-558B-45B3-BB1E-4409F6F8A412}"
EndProject
Project("{9A19103F-16F7-4668-BE54-9A1E7A4F7556}") = "PenomyAPI.Noti.Mail.MailCow", "src\External\Infrastructure\Common\Notification\Mail\PenomyAPI.Noti.Mail.MailCow\PenomyAPI.Noti.Mail.MailCow.csproj", "{E46D173A-E669-46A4-869B-F9A26B957D80}"
EndProject
Project("{9A19103F-16F7-4668-BE54-9A1E7A4F7556}") = "PenomyAPI.Infra.Configuration", "src\External\Infrastructure\Common\PenomyAPI.Infra.Configuration\PenomyAPI.Infra.Configuration.csproj", "{8A36F8A3-E739-40FE-B527-836433110EA4}"
EndProject
Project("{2150E333-8FDC-42A3-9474-1A3956D46DE8}") = "Persistence", "Persistence", "{F51BFF3B-DEF2-4D5F-A9F2-2E2D3C5E138A}"
EndProject
Project("{9A19103F-16F7-4668-BE54-9A1E7A4F7556}") = "PenomyAPI.Persist.Postgres", "src\External\Infrastructure\Common\Persistence\PenomyAPI.Persist.Postgres\PenomyAPI.Persist.Postgres.csproj", "{5212DB77-3B2A-40AB-92F9-064B9C28C402}"
EndProject
Project("{2150E333-8FDC-42A3-9474-1A3956D46DE8}") = "Generic", "Generic", "{95730BA5-6C50-4F20-9F88-6C23EB104BF6}"
EndProject
Project("{9A19103F-16F7-4668-BE54-9A1E7A4F7556}") = "PenomyAPI.Infra.FeatG1", "src\External\Infrastructure\Generic\PenomyAPI.Infra.FeatG1\PenomyAPI.Infra.FeatG1.csproj", "{7A6BCDBE-AB75-4B86-9527-C61FF1C120EA}"
EndProject
Project("{9A19103F-16F7-4668-BE54-9A1E7A4F7556}") = "PenomyAPI.Persist.Redis", "src\External\Infrastructure\Common\Persistence\PenomyAPI.Persist.Redis\PenomyAPI.Persist.Redis.csproj", "{825BD3CC-FD67-435A-AD0B-70FC3875B03C}"
EndProject
Project("{9A19103F-16F7-4668-BE54-9A1E7A4F7556}") = "PenomyAPI.Infra.FeatG31", "src\External\Infrastructure\Generic\PenomyAPI.Infra.FeatG31\PenomyAPI.Infra.FeatG31.csproj", "{A5CCD674-9AA2-42C1-B50C-EB94BD522248}"
EndProject
Project("{9A19103F-16F7-4668-BE54-9A1E7A4F7556}") = "PenomyAPI.Infra.FeatG32", "src\External\Infrastructure\Generic\PenomyAPI.Infra.FeatG32\PenomyAPI.Infra.FeatG32.csproj", "{50D29BF6-0130-44DF-93D7-A9B834B30C8A}"
EndProject
Project("{9A19103F-16F7-4668-BE54-9A1E7A4F7556}") = "PenomyAPI.Infra.FeatG34", "src\External\Infrastructure\Generic\PenomyAPI.Infra.FeatG34\PenomyAPI.Infra.FeatG34.csproj", "{23A12FE0-BBDD-4D18-9E0E-96F68DA85285}"
EndProject
Project("{2150E333-8FDC-42A3-9474-1A3956D46DE8}") = "ArtworkCreation", "ArtworkCreation", "{315DDDD8-6E85-4C09-9F74-B81ECD9CD65A}"
EndProject
Project("{2150E333-8FDC-42A3-9474-1A3956D46DE8}") = "Chat", "Chat", "{41F9078E-BF7D-4632-AFD5-85C47A975399}"
EndProject
Project("{2150E333-8FDC-42A3-9474-1A3956D46DE8}") = "SocialMedia", "SocialMedia", "{AD061D85-C1FB-4F50-8B36-93E3D49AAEF2}"
EndProject
Project("{2150E333-8FDC-42A3-9474-1A3956D46DE8}") = "SystemManagement", "SystemManagement", "{2DC1F414-67D8-4A02-ADAD-E2C21B8E074E}"
EndProject
Project("{9A19103F-16F7-4668-BE54-9A1E7A4F7556}") = "PenomyAPI.App.FeatArt4", "src\Core\Application\ArtworkCreation\PenomyAPI.App.FeatArt4\PenomyAPI.App.FeatArt4.csproj", "{A4F1F026-7A62-4771-A44D-1E63117D5140}"
EndProject
Project("{9A19103F-16F7-4668-BE54-9A1E7A4F7556}") = "PenomyAPI.App.FeatG10", "src\Core\Application\Generic\PenomyAPI.App.FeatG10\PenomyAPI.App.FeatG10.csproj", "{04A31EF0-41DF-460B-BE78-9D7AF0E6F99F}"
EndProject
Project("{2150E333-8FDC-42A3-9474-1A3956D46DE8}") = "ArtworkCreation", "ArtworkCreation", "{7FE9F6F6-8D8B-489A-8C9A-B9174D77C050}"
EndProject
Project("{2150E333-8FDC-42A3-9474-1A3956D46DE8}") = "Chat", "Chat", "{55776849-8550-4D92-B00B-FF736143DF28}"
EndProject
Project("{2150E333-8FDC-42A3-9474-1A3956D46DE8}") = "SocialMedia", "SocialMedia", "{A766D3D1-58B3-4BE6-BAC4-A9507C364EEC}"
EndProject
Project("{2150E333-8FDC-42A3-9474-1A3956D46DE8}") = "SystemManagement", "SystemManagement", "{36290690-0A54-48CF-92C5-FE4D2F580629}"
EndProject
Project("{9A19103F-16F7-4668-BE54-9A1E7A4F7556}") = "PenomyAPI.Infra.FeatArt4", "src\External\Infrastructure\ArtworkCreation\PenomyAPI.Infra.FeatArt4\PenomyAPI.Infra.FeatArt4.csproj", "{17923694-78FA-491C-95FA-ADE35824CD96}"
EndProject
Project("{9A19103F-16F7-4668-BE54-9A1E7A4F7556}") = "PenomyAPI.Infra.FeatChat1", "src\External\Infrastructure\Chat\PenomyAPI.Infra.FeatChat1\PenomyAPI.Infra.FeatChat1.csproj", "{DF0007CD-791C-4AA9-9D87-724BB458DDBD}"
EndProject
Project("{9A19103F-16F7-4668-BE54-9A1E7A4F7556}") = "PenomyAPI.Infra.FeatSM1", "src\External\Infrastructure\SocialMedia\PenomyAPI.Infra.FeatSM1\PenomyAPI.Infra.FeatSM1.csproj", "{AFB6A402-813A-40A0-BD17-65A6CDE7050C}"
EndProject
Project("{9A19103F-16F7-4668-BE54-9A1E7A4F7556}") = "PenomyAPI.Infra.FeatSys1", "src\External\Infrastructure\SystemManagement\PenomyAPI.Infra.FeatSys1\PenomyAPI.Infra.FeatSys1.csproj", "{B816901F-87FB-4DDC-9E2A-7957AF76BEC0}"
EndProject
Project("{9A19103F-16F7-4668-BE54-9A1E7A4F7556}") = "PenomyAPI.App.FeatG3", "src\Core\Application\Generic\PenomyAPI.App.FeatG3\PenomyAPI.App.FeatG3.csproj", "{EC8EA48E-81AC-41DD-9CCB-CD62E0BF07D0}"
EndProject
Project("{9A19103F-16F7-4668-BE54-9A1E7A4F7556}") = "PenomyAPI.Infra.FeatG3", "src\External\Infrastructure\Generic\PenomyAPI.Infra.FeatG3\PenomyAPI.Infra.FeatG3.csproj", "{6DAB38FA-B48B-4B56-9CDD-8EF4E291DC90}"
EndProject
Project("{9A19103F-16F7-4668-BE54-9A1E7A4F7556}") = "PenomyAPI.App.FeatChat1", "src\Core\Application\Chat\PenomyAPI.App.FeatChat1\PenomyAPI.App.FeatChat1.csproj", "{AA8D5E1F-C3DE-4025-9A24-1759798661B6}"
EndProject
Project("{9A19103F-16F7-4668-BE54-9A1E7A4F7556}") = "PenomyAPI.App.FeatSys1", "src\Core\Application\SystemManagement\PenomyAPI.App.FeatSys1\PenomyAPI.App.FeatSys1.csproj", "{F28B99F4-29F5-452B-BAD8-93C0B20644F3}"
EndProject
Project("{9A19103F-16F7-4668-BE54-9A1E7A4F7556}") = "PenomyAPI.App.FeatG5", "src\Core\Application\Generic\PenomyAPI.App.FeatG5\PenomyAPI.App.FeatG5.csproj", "{187F214F-8C16-4761-B22A-B989E762B46C}"
EndProject
Project("{9A19103F-16F7-4668-BE54-9A1E7A4F7556}") = "PenomyAPI.App.FeatG8", "src\Core\Application\Generic\PenomyAPI.App.FeatG8\PenomyAPI.App.FeatG8.csproj", "{BA9AF094-5240-481A-BD66-D6E2D81B2000}"
EndProject
Project("{9A19103F-16F7-4668-BE54-9A1E7A4F7556}") = "SnowflakeIdGenerator", "src\External\Infrastructure\Common\SnowflakeIdGenerator\SnowflakeIdGenerator.csproj", "{8E251108-4F7C-45FB-84CD-FC1A304F1EEF}"
EndProject
Project("{9A19103F-16F7-4668-BE54-9A1E7A4F7556}") = "PenomyAPI.App.G25", "src\Core\Application\Generic\PenomyAPI.App.G25\PenomyAPI.App.G25.csproj", "{3B82BE2C-CD32-4AFA-A496-9240A71A9003}"
EndProject
Project("{2150E333-8FDC-42A3-9474-1A3956D46DE8}") = "FileService", "FileService", "{09E13B1B-2547-4FC2-840E-063389AA49F6}"
EndProject
Project("{9A19103F-16F7-4668-BE54-9A1E7A4F7556}") = "PenomyAPI.App.FeatArt7", "src\Core\Application\ArtworkCreation\PenomyAPI.App.FeatArt7\PenomyAPI.App.FeatArt7.csproj", "{578A9FC8-4AAE-4C2A-B193-9FC4AB0E1E29}"
EndProject
Project("{9A19103F-16F7-4668-BE54-9A1E7A4F7556}") = "PenomyAPI.FileService.CloudinaryService", "src\External\Infrastructure\Common\FileService\PenomyAPI.FileService.CloudinaryService\PenomyAPI.FileService.CloudinaryService.csproj", "{E1EFF5F3-25DC-4452-B85F-4F9C306F7BEB}"
EndProject
Project("{9A19103F-16F7-4668-BE54-9A1E7A4F7556}") = "PenomyAPI.App.FeatG7", "src\Core\Application\Generic\PenomyAPI.App.FeatG7\PenomyAPI.App.FeatG7.csproj", "{167DCF5E-1461-42C1-8360-1408CA254AAA}"
EndProject
Project("{9A19103F-16F7-4668-BE54-9A1E7A4F7556}") = "PenomyAPI.App.G44", "src\Core\Application\Generic\PenomyAPI.App.G44\PenomyAPI.App.G44.csproj", "{55A319F7-1A62-4F23-BBCF-4130E0C7CD9B}"
EndProject
Project("{9A19103F-16F7-4668-BE54-9A1E7A4F7556}") = "PenomyAPI.App.FeatG4", "src\Core\Application\Generic\PenomyAPI.App.FeatG4\PenomyAPI.App.FeatG4.csproj", "{C1915097-5AC7-4C96-A870-5551702C910E}"
EndProject
Project("{9A19103F-16F7-4668-BE54-9A1E7A4F7556}") = "PenomyAPI.App.FeatG52", "src\Core\Application\Generic\PenomyAPI.App.FeatG52\PenomyAPI.App.FeatG52.csproj", "{707D6365-AB95-408B-8497-38D0EFA316EB}"
EndProject
Project("{9A19103F-16F7-4668-BE54-9A1E7A4F7556}") = "PenomyAPI.App.FeatG54", "src\Core\Application\Generic\PenomyAPI.App.FeatG54\PenomyAPI.App.FeatG54.csproj", "{DBB3A517-AD29-492F-9E4C-360F5AA2D7E5}"
EndProject
Project("{9A19103F-16F7-4668-BE54-9A1E7A4F7556}") = "PenomyAPI.App.FeatG53", "src\Core\Application\Generic\PenomyAPI.App.FeatG53\PenomyAPI.App.FeatG53.csproj", "{3CF41E1B-EE55-4D7F-9AC8-361523E0C726}"
EndProject
Project("{9A19103F-16F7-4668-BE54-9A1E7A4F7556}") = "PenomyAPI.APP.FeatG6", "src\Core\Application\Generic\PenomyAPI.APP.FeatG6\PenomyAPI.APP.FeatG6.csproj", "{15EC659F-8A97-405A-811F-7151DB4796A5}"
EndProject
Project("{9A19103F-16F7-4668-BE54-9A1E7A4F7556}") = "PenomyAPI.App.FeatArt1", "src\Core\Application\ArtworkCreation\PenomyAPI.App.FeatArt1\PenomyAPI.App.FeatArt1.csproj", "{B694FAD8-B622-462F-A920-57CE5DAC3B11}"
EndProject
Project("{9A19103F-16F7-4668-BE54-9A1E7A4F7556}") = "PenomyAPI.App.FeatG12", "src\Core\Application\Generic\PenomyAPI.App.FeatG12\PenomyAPI.App.FeatG12.csproj", "{4EC5A8E4-1B55-4ADD-B41F-AE8C79959004}"
EndProject
Project("{9A19103F-16F7-4668-BE54-9A1E7A4F7556}") = "PenomyAPI.App.FeatG13", "src\Core\Application\Generic\PenomyAPI.App.FeatG13\PenomyAPI.App.FeatG13.csproj", "{F47BD64E-8AE4-4979-B707-C898FF46037D}"
EndProject
Project("{9A19103F-16F7-4668-BE54-9A1E7A4F7556}") = "PenomyAPI.App.G43", "src\Core\Application\Generic\PenomyAPI.App.G43\PenomyAPI.App.G43.csproj", "{982B6D29-3CA5-4F66-B591-5E01438ACB10}"
EndProject
Project("{9A19103F-16F7-4668-BE54-9A1E7A4F7556}") = "PenomyAPI.App.FeatG20", "src\Core\Application\Generic\PenomyAPI.App.FeatG20\PenomyAPI.App.FeatG20.csproj", "{726554CA-EE47-4C6E-85CF-2B42C7EC8600}"
EndProject
Project("{9A19103F-16F7-4668-BE54-9A1E7A4F7556}") = "PenomyAPI.App.FeatArt10", "src\Core\Application\ArtworkCreation\PenomyAPI.App.FeatArt10\PenomyAPI.App.FeatArt10.csproj", "{D880EC85-2A22-4125-9F44-7179E997C164}"
EndProject
Project("{9A19103F-16F7-4668-BE54-9A1E7A4F7556}") = "PenomyAPI.Infra.FeatArt10", "src\External\Infrastructure\ArtworkCreation\PenomyAPI.Infra.FeatArt10\PenomyAPI.Infra.FeatArt10.csproj", "{65762A87-366F-4357-B1B5-496C77716D46}"
EndProject
Project("{9A19103F-16F7-4668-BE54-9A1E7A4F7556}") = "PenomyAPI.App.G45", "src\Core\Application\Generic\PenomyAPI.App.G45\PenomyAPI.App.G45.csproj", "{56203B66-9FE8-49AA-A2D4-E53B907088AE}"
EndProject
Project("{2150E333-8FDC-42A3-9474-1A3956D46DE8}") = "IdentityService", "IdentityService", "{6C791628-E81A-478B-8BAC-A653B0C30B24}"
EndProject
Project("{9A19103F-16F7-4668-BE54-9A1E7A4F7556}") = "PenomyAPI.Identity.AppAuthenticator", "src\External\Infrastructure\Common\IdentityService\PenomyAPI.Identity.AppAuthenticator\PenomyAPI.Identity.AppAuthenticator.csproj", "{B63430A8-E833-4D44-BEAA-0B697BE28213}"
EndProject
Project("{9A19103F-16F7-4668-BE54-9A1E7A4F7556}") = "PenomyAPI.App.FeatG14", "src\Core\Application\Generic\PenomyAPI.App.FeatG14\PenomyAPI.App.FeatG14.csproj", "{4201F090-57C0-4449-B065-E7BA93FA8A95}"
EndProject
Project("{9A19103F-16F7-4668-BE54-9A1E7A4F7556}") = "PenomyAPI.App.FeatG15", "src\Core\Application\Generic\PenomyAPI.App.FeatG15\PenomyAPI.App.FeatG15.csproj", "{6C25A820-34C4-4258-9B9C-C65A9A1D87C8}"
EndProject
Project("{9A19103F-16F7-4668-BE54-9A1E7A4F7556}") = "PenomyAPI.App.FeatG19", "src\Core\Application\Generic\PenomyAPI.App.FeatG19\PenomyAPI.App.FeatG19.csproj", "{CEA11D7B-F1BB-4399-B149-6AABE49BB359}"
EndProject
Project("{9A19103F-16F7-4668-BE54-9A1E7A4F7556}") = "PenomyAPI.App.FeatG46", "src\Core\Application\Generic\PenomyAPI.App.FeatG46\PenomyAPI.App.FeatG46.csproj", "{7102396C-C1CB-4C17-B868-FFB99762EA0A}"
EndProject
Project("{9A19103F-16F7-4668-BE54-9A1E7A4F7556}") = "PenomyAPI.App.FeatG47", "src\Core\Application\Generic\PenomyAPI.App.FeatG47\PenomyAPI.App.FeatG47.csproj", "{43957C0D-F0A6-4B03-9FC9-631E996E0DF8}"
EndProject
Project("{9A19103F-16F7-4668-BE54-9A1E7A4F7556}") = "PenomyAPI.App.FeatG21", "src\Core\Application\Generic\PenomyAPI.App.FeatG21\PenomyAPI.App.FeatG21.csproj", "{D2956C88-1C5C-4DF7-ADBF-0C560859B410}"
EndProject
Project("{9A19103F-16F7-4668-BE54-9A1E7A4F7556}") = "PenomyAPI.App.FeatG56", "src\Core\Application\Generic\PenomyAPI.App.FeatG56\PenomyAPI.App.FeatG56.csproj", "{6C61DFC0-06AC-4F49-BF5C-AD254F200461}"
EndProject
Project("{9A19103F-16F7-4668-BE54-9A1E7A4F7556}") = "PenomyAPI.App.FeatArt8", "src\Core\Application\ArtworkCreation\PenomyAPI.App.FeatArt8\PenomyAPI.App.FeatArt8.csproj", "{2EFCFA45-F37F-47E7-8BE4-1EAE3F4B945D}"
EndProject
Project("{9A19103F-16F7-4668-BE54-9A1E7A4F7556}") = "PenomyAPI.App.FeatG57", "src\Core\Application\Generic\PenomyAPI.App.FeatG57\PenomyAPI.App.FeatG57.csproj", "{DAD8546A-4467-4BAC-9CEF-BDD9B3FC0C9D}"
EndProject
Project("{9A19103F-16F7-4668-BE54-9A1E7A4F7556}") = "PenomyAPI.App.FeatArt5", "src\Core\Application\ArtworkCreation\PenomyAPI.App.FeatArt5\PenomyAPI.App.FeatArt5.csproj", "{0EA31840-6745-4267-90C6-ACA9922EA7CF}"
EndProject
Project("{9A19103F-16F7-4668-BE54-9A1E7A4F7556}") = "PenomyAPI.App.FeatG33", "src\Core\Application\Generic\PenomyAPI.App.FeatG33\PenomyAPI.App.FeatG33.csproj", "{6309D430-F5F1-469B-9D9D-E2E20FFCA0D9}"
EndProject
Project("{9A19103F-16F7-4668-BE54-9A1E7A4F7556}") = "PenomyAPI.App.FeatG49", "src\Core\Application\Generic\PenomyAPI.App.FeatG49\PenomyAPI.App.FeatG49.csproj", "{E3D2C825-7F11-411D-ADE4-146AAC1E8E7D}"
EndProject
Project("{9A19103F-16F7-4668-BE54-9A1E7A4F7556}") = "PenomyAPI.App.FeatG58", "src\Core\Application\Generic\PenomyAPI.App.FeatG58\PenomyAPI.App.FeatG58.csproj", "{616975C0-689A-4705-B830-5ECC00046536}"
EndProject
Project("{9A19103F-16F7-4668-BE54-9A1E7A4F7556}") = "PenomyAPI.App.G48", "src\Core\Application\Generic\PenomyAPI.App.G48\PenomyAPI.App.G48.csproj", "{091C4DFE-C917-4F3B-91AA-B7489A8715F9}"
EndProject
Project("{9A19103F-16F7-4668-BE54-9A1E7A4F7556}") = "PenomyAPI.App.FeatG59", "src\Core\Application\Generic\PenomyAPI.App.FeatG59\PenomyAPI.App.FeatG59.csproj", "{A9B01CF1-6A9E-41DC-BC9C-DEC687AEB0FF}"
EndProject
Project("{9A19103F-16F7-4668-BE54-9A1E7A4F7556}") = "PenomyAPI.App.G61", "src\Core\Application\Generic\PenomyAPI.App.G61\PenomyAPI.App.G61.csproj", "{A9F32134-4447-4B1F-A0FC-9C2782CA5D25}"
EndProject
Project("{9A19103F-16F7-4668-BE54-9A1E7A4F7556}") = "PenomyAPI.App.FeatG31A", "src\Core\Application\Generic\PenomyAPI.App.FeatG31A\PenomyAPI.App.FeatG31A.csproj", "{AE4D08F8-2678-40F5-8506-5D11AC1BCA00}"
EndProject
Project("{9A19103F-16F7-4668-BE54-9A1E7A4F7556}") = "PenomyAPI.App.FeatG28", "src\Core\Application\Generic\PenomyAPI.App.FeatG28\PenomyAPI.App.FeatG28.csproj", "{91B97630-EC9A-4124-AA61-28FF619C9400}"
EndProject
Project("{9A19103F-16F7-4668-BE54-9A1E7A4F7556}") = "PenomyAPI.App.FeatArt12", "src\Core\Application\ArtworkCreation\PenomyAPI.App.FeatArt12\PenomyAPI.App.FeatArt12.csproj", "{AA931A50-73F5-46C3-89DA-BFC129D0CFB5}"
EndProject
Project("{9A19103F-16F7-4668-BE54-9A1E7A4F7556}") = "PenomyAPI.Infra.FeatArt12", "src\External\Infrastructure\ArtworkCreation\PenomyAPI.Infra.FeatArt12\PenomyAPI.Infra.FeatArt12.csproj", "{059DDC25-C16C-4484-A06B-091A5D6DC30A}"
EndProject
Project("{9A19103F-16F7-4668-BE54-9A1E7A4F7556}") = "PenomyAPI.App.FeatArt6", "src\Core\Application\ArtworkCreation\PenomyAPI.App.FeatArt6\PenomyAPI.App.FeatArt6.csproj", "{4BAAFF17-D13E-4334-917C-C77DACA20334}"
EndProject
Project("{9A19103F-16F7-4668-BE54-9A1E7A4F7556}") = "PenomyAPI.App.FeatG9", "src\Core\Application\Generic\PenomyAPI.App.FeatG9\PenomyAPI.App.FeatG9.csproj", "{69EDD58E-C9FB-439E-96BB-4D1E539327B1}"
EndProject
Project("{9A19103F-16F7-4668-BE54-9A1E7A4F7556}") = "PenomyAPI.App.G62", "src\Core\Application\Generic\PenomyAPI.App.G62\PenomyAPI.App.G62.csproj", "{6B6CF8C6-F2EA-4B83-B864-3AF959E8E6C5}"
EndProject
Project("{9A19103F-16F7-4668-BE54-9A1E7A4F7556}") = "PenomyAPI.Identity.GoogleAuthenticator", "src\External\Infrastructure\Common\IdentityService\PenomyAPI.Identity.GoogleAuthenticator\PenomyAPI.Identity.GoogleAuthenticator.csproj", "{52C939EA-3740-4B17-8ABF-17F5004E3103}"
EndProject
Project("{9A19103F-16F7-4668-BE54-9A1E7A4F7556}") = "PenomyAPI.App.FeatG35", "src\Core\Application\Generic\PenomyAPI.App.FeatG35\PenomyAPI.App.FeatG35.csproj", "{434932D2-A7F8-41E9-A1CC-E492FF757054}"
EndProject
Project("{9A19103F-16F7-4668-BE54-9A1E7A4F7556}") = "PenomyAPI.App.FeatG50", "src\Core\Application\Generic\PenomyAPI.App.FeatG50\PenomyAPI.App.FeatG50.csproj", "{3628A801-FD2F-4295-BF4F-F74B85304FB3}"
EndProject
Project("{9A19103F-16F7-4668-BE54-9A1E7A4F7556}") = "PenomyAPI.App.G63", "src\Core\Application\Generic\PenomyAPI.App.G63\PenomyAPI.App.G63.csproj", "{FFFC9823-EB17-4C5F-8034-2F918A0D0E3B}"
EndProject
Project("{9A19103F-16F7-4668-BE54-9A1E7A4F7556}") = "PenomyAPI.App.FeatG2", "src\Core\Application\Generic\PenomyAPI.App.FeatG2\PenomyAPI.App.FeatG2.csproj", "{1CC737E3-3174-4AB0-B24E-AC778A77BBAC}"
EndProject
Project("{9A19103F-16F7-4668-BE54-9A1E7A4F7556}") = "PenomyAPI.App.SM13", "src\Core\Application\SocialMedia\PenomyAPI.App.SM13\PenomyAPI.App.SM13.csproj", "{404A22D3-941E-4D3D-80D9-C624346FB4D1}"
EndProject
Project("{9A19103F-16F7-4668-BE54-9A1E7A4F7556}") = "PenomyAPI.App.SM14", "src\Core\Application\SocialMedia\PenomyAPI.App.SM14\PenomyAPI.App.SM14.csproj", "{FCC5B187-3B67-4631-B80C-DCFAA99F110C}"
EndProject
Project("{9A19103F-16F7-4668-BE54-9A1E7A4F7556}") = "PenomyAPI.App.SM12", "src\Core\Application\SocialMedia\PenomyAPI.App.SM12\PenomyAPI.App.SM12.csproj", "{79A46F05-66EF-46FB-BB44-A27CBA613954}"
EndProject
Project("{9A19103F-16F7-4668-BE54-9A1E7A4F7556}") = "PenomyAPI.App.SM1", "src\Core\Application\SocialMedia\PenomyAPI.App.SM1\PenomyAPI.App.SM1.csproj", "{3F867994-B97D-4F92-94D4-B3BA5F72B2F8}"
EndProject
Project("{9A19103F-16F7-4668-BE54-9A1E7A4F7556}") = "PenomyAPI.App.SM7", "src\Core\Application\SocialMedia\PenomyAPI.App.SM7\PenomyAPI.App.SM7.csproj", "{47073572-281A-49F0-A651-8B6BA3533C44}"
EndProject
Project("{9A19103F-16F7-4668-BE54-9A1E7A4F7556}") = "PenomyAPI.App.SM8", "src\Core\Application\SocialMedia\PenomyAPI.App.SM8\PenomyAPI.App.SM8.csproj", "{0B86C273-3BEB-4D29-A164-0EDD628903CF}"
EndProject
Project("{9A19103F-16F7-4668-BE54-9A1E7A4F7556}") = "PenomyAPI.App.SM9", "src\Core\Application\SocialMedia\PenomyAPI.App.SM9\PenomyAPI.App.SM9.csproj", "{53B98DB5-7214-4D40-B391-E0E9ED55DBE4}"
EndProject
Project("{9A19103F-16F7-4668-BE54-9A1E7A4F7556}") = "PenomyAPI.App.SM5", "src\Core\Application\SocialMedia\PenomyAPI.App.SM5\PenomyAPI.App.SM5.csproj", "{8F54322A-648B-423F-ADFF-A044D966C94B}"
EndProject
Project("{9A19103F-16F7-4668-BE54-9A1E7A4F7556}") = "PenomyAPI.App.SM15", "src\Core\Application\SocialMedia\PenomyAPI.App.SM15\PenomyAPI.App.SM15.csproj", "{F21F9E67-B756-4F03-9BF4-858A8E211E27}"
EndProject
Project("{9A19103F-16F7-4668-BE54-9A1E7A4F7556}") = "PenomyAPI.App.FeatG37", "src\Core\Application\Generic\PenomyAPI.App.FeatG37\PenomyAPI.App.FeatG37.csproj", "{89A08357-E4A9-421A-8683-BF2D39B688CC}"
EndProject
Project("{9A19103F-16F7-4668-BE54-9A1E7A4F7556}") = "PenomyAPI.App.SM38", "src\Core\Application\SocialMedia\PenomyAPI.App.SM38\PenomyAPI.App.SM38.csproj", "{BFE3919E-133A-4C7B-B093-ADDC0BAF52D9}"
EndProject
Project("{9A19103F-16F7-4668-BE54-9A1E7A4F7556}") = "PenomyAPI.App.SM44", "src\Core\Application\SocialMedia\PenomyAPI.App.SM44\PenomyAPI.App.SM44.csproj", "{7C488762-C3EC-4039-AAA5-D9257763E121}"
EndProject
Project("{9A19103F-16F7-4668-BE54-9A1E7A4F7556}") = "PenomyAPI.App.SM42", "src\Core\Application\SocialMedia\PenomyAPI.App.SM42\PenomyAPI.App.SM42.csproj", "{B7919932-1DEB-4EC1-A16D-CACCBD29131C}"
EndProject
Project("{9A19103F-16F7-4668-BE54-9A1E7A4F7556}") = "PenomyAPI.App.SM43", "src\Core\Application\SocialMedia\PenomyAPI.App.SM43\PenomyAPI.App.SM43.csproj", "{C1E9A470-4762-465F-9D3B-6815279A465F}"
EndProject
Project("{9A19103F-16F7-4668-BE54-9A1E7A4F7556}") = "PenomyAPI.App.SM41", "src\Core\Application\SocialMedia\PenomyAPI.App.SM41\PenomyAPI.App.SM41.csproj", "{9BA7FA9F-6AD7-4470-A6BC-7187F96E2CB6}"
EndProject
Project("{9A19103F-16F7-4668-BE54-9A1E7A4F7556}") = "PenomyAPI.App.SM30", "src\Core\Application\SocialMedia\PenomyAPI.App.SM30\PenomyAPI.App.SM30.csproj", "{DE273C5C-DD67-449C-AFB2-BC44E9C6B2D1}"
EndProject
Project("{9A19103F-16F7-4668-BE54-9A1E7A4F7556}") = "PenomyAPI.App.SM31", "src\Core\Application\SocialMedia\PenomyAPI.App.SM31\PenomyAPI.App.SM31.csproj", "{82102817-8277-4378-97AE-EFF431EC35FE}"
EndProject
Project("{9A19103F-16F7-4668-BE54-9A1E7A4F7556}") = "PenomyAPI.Persist.Typesense", "src\External\Infrastructure\Common\Persistence\PenomyAPI.Persist.Typesense\PenomyAPI.Persist.Typesense.csproj", "{CE96553A-D463-4B5D-A95A-AB22C026200E}"
EndProject
Project("{9A19103F-16F7-4668-BE54-9A1E7A4F7556}") = "PenomyAPI.App.SM39", "src\Core\Application\SocialMedia\PenomyAPI.App.SM39\PenomyAPI.App.SM39.csproj", "{A5EC14F3-AD2D-4FD1-AA4C-5B2EFA7A94F3}"
EndProject
Project("{9A19103F-16F7-4668-BE54-9A1E7A4F7556}") = "PenomyAPI.App.SM40", "src\Core\Application\SocialMedia\PenomyAPI.App.SM40\PenomyAPI.App.SM40.csproj", "{7F7EBD2C-DE4C-4BA5-9F91-615E989C0094}"
EndProject
Project("{9A19103F-16F7-4668-BE54-9A1E7A4F7556}") = "PenomyAPI.App.SM49", "src\Core\Application\SocialMedia\PenomyAPI.App.SM49\PenomyAPI.App.SM49.csproj", "{4D5FCFC9-2997-4B50-AECC-BC8F225E59D5}"
EndProject
Project("{9A19103F-16F7-4668-BE54-9A1E7A4F7556}") = "PenomyAPI.App.SM45", "src\Core\Application\SocialMedia\PenomyAPI.App.SM45\PenomyAPI.App.SM45.csproj", "{9D012E6F-88AF-4FC8-AB65-14C81B9645E5}"
EndProject
Project("{2150E333-8FDC-42A3-9474-1A3956D46DE8}") = "Realtime", "Realtime", "{59F56FEE-1871-456F-8F01-C0FFFB241AB9}"
EndProject
Project("{FAE04EC0-301F-11D3-BF4B-00C04F79EFBC}") = "PenomyAPI.Realtime.SignalR", "src\External\Infrastructure\Common\Realtime\PenomyAPI.Realtime.SignalR\PenomyAPI.Realtime.SignalR.csproj", "{3DDB822E-CF0A-459B-B3EA-7DA47EA4AF5C}"
EndProject
Project("{FAE04EC0-301F-11D3-BF4B-00C04F79EFBC}") = "PenomyAPI.App.SM6", "src\Core\Application\SocialMedia\PenomyAPI.App.SM6\PenomyAPI.App.SM6.csproj", "{D4DDCBCD-35DE-4848-B669-9AB8F1D5A48A}"
EndProject
Project("{9A19103F-16F7-4668-BE54-9A1E7A4F7556}") = "PenomyAPI.App.SM46", "src\Core\Application\SocialMedia\PenomyAPI.App.SM46\PenomyAPI.App.SM46.csproj", "{5A01CC3C-5C7B-44BA-906D-05590A318542}"
EndProject
Project("{9A19103F-16F7-4668-BE54-9A1E7A4F7556}") = "PenomyAPI.App.SM24", "src\Core\Application\SocialMedia\PenomyAPI.App.SM24\PenomyAPI.App.SM24.csproj", "{7E4EC53F-941F-4AE5-A9F7-E022085E0D7C}"
EndProject
Project("{9A19103F-16F7-4668-BE54-9A1E7A4F7556}") = "PenomyAPI.App.SM23", "src\Core\Application\SocialMedia\PenomyAPI.App.SM23\PenomyAPI.App.SM23.csproj", "{434853CD-F3AE-40F4-BCF3-731153B79C2F}"
EndProject
Project("{9A19103F-16F7-4668-BE54-9A1E7A4F7556}") = "PenomyAPI.App.SM32", "src\Core\Application\SocialMedia\PenomyAPI.App.SM32\PenomyAPI.App.SM32.csproj", "{335A003E-A0D5-4286-8B41-58A173085012}"
EndProject
Project("{9A19103F-16F7-4668-BE54-9A1E7A4F7556}") = "PenomyAPI.App.SM25", "src\Core\Application\SocialMedia\PenomyAPI.App.SM25\PenomyAPI.App.SM25.csproj", "{463EE1D9-683A-40D3-8BA4-8A4FF2E0B563}"
EndProject
Project("{9A19103F-16F7-4668-BE54-9A1E7A4F7556}") = "PenomyAPI.App.FeatG36", "src\Core\Application\Generic\PenomyAPI.App.FeatG36\PenomyAPI.App.FeatG36.csproj", "{44DE330D-8D42-4051-80AA-99F3436662A5}"
EndProject
Project("{9A19103F-16F7-4668-BE54-9A1E7A4F7556}") = "PenomyAPI.App.SM27", "src\Core\Application\SocialMedia\PenomyAPI.App.SM27\PenomyAPI.App.SM27.csproj", "{54708A1E-A256-4416-92CC-032AB4ECF257}"
EndProject
Project("{9A19103F-16F7-4668-BE54-9A1E7A4F7556}") = "PenomyAPI.App.FeatArt14", "src\Core\Application\ArtworkCreation\PenomyAPI.App.FeatArt14\PenomyAPI.App.FeatArt14.csproj", "{94329FF3-FAA5-4263-BCED-B06884FE7B77}"
EndProject
Project("{9A19103F-16F7-4668-BE54-9A1E7A4F7556}") = "PenomyAPI.App.FeatArt15", "src\Core\Application\ArtworkCreation\PenomyAPI.App.FeatArt15\PenomyAPI.App.FeatArt15.csproj", "{D9B08535-6B5B-47C0-92DD-DC0A3135099D}"
EndProject
Project("{9A19103F-16F7-4668-BE54-9A1E7A4F7556}") = "PenomyAPI.App.FeatArt16", "src\Core\Application\ArtworkCreation\PenomyAPI.App.FeatArt16\PenomyAPI.App.FeatArt16.csproj", "{F34AEB80-0A2D-4153-B017-2C8221070B8E}"
EndProject
Project("{9A19103F-16F7-4668-BE54-9A1E7A4F7556}") = "PenomyAPI.App.FeatArt17", "src\Core\Application\ArtworkCreation\PenomyAPI.App.FeatArt17\PenomyAPI.App.FeatArt17.csproj", "{A9046929-7BD4-48B9-82FC-3C6F68D13034}"
EndProject
Project("{9A19103F-16F7-4668-BE54-9A1E7A4F7556}") = "PenomyAPI.App.FeatArt20", "src\Core\Application\ArtworkCreation\PenomyAPI.App.FeatArt20\PenomyAPI.App.FeatArt20.csproj", "{B3B64ED3-A0BF-43B9-9F75-D2759DA1C1CA}"
EndProject
Project("{9A19103F-16F7-4668-BE54-9A1E7A4F7556}") = "PenomyAPI.App.FeatArt21", "src\Core\Application\ArtworkCreation\PenomyAPI.App.FeatArt21\PenomyAPI.App.FeatArt21.csproj", "{F5110385-88C8-4A24-B56A-AFDD288B686E}"
EndProject
Project("{9A19103F-16F7-4668-BE54-9A1E7A4F7556}") = "PenomyAPI.App.FeatArt22", "src\Core\Application\ArtworkCreation\PenomyAPI.App.FeatArt22\PenomyAPI.App.FeatArt22.csproj", "{29D576CE-15D2-474B-AFB0-AA9251F2718C}"
EndProject
Project("{9A19103F-16F7-4668-BE54-9A1E7A4F7556}") = "PenomyAPI.App.FeatArt3", "src\Core\Application\ArtworkCreation\PenomyAPI.App.FeatArt3\PenomyAPI.App.FeatArt3.csproj", "{DEB997F7-1B8C-424B-B60F-F298F6BD26E2}"
EndProject
Project("{FAE04EC0-301F-11D3-BF4B-00C04F79EFBC}") = "PenomyAPI.App.Chat3", "src\Core\Application\Chat\PenomyAPI.App.Chat3\PenomyAPI.App.Chat3.csproj", "{72911DF6-962E-4796-B29F-2842E4DC1AE3}"
EndProject
Project("{FAE04EC0-301F-11D3-BF4B-00C04F79EFBC}") = "PenomyAPI.App.SM17", "src\Core\Application\SocialMedia\PenomyAPI.App.SM17\PenomyAPI.App.SM17.csproj", "{5A451AB7-DFC1-49AA-B6F6-B9CC0A74B795}"
EndProject
Project("{FAE04EC0-301F-11D3-BF4B-00C04F79EFBC}") = "PenomyAPI.App.SM34", "src\Core\Application\SocialMedia\PenomyAPI.App.SM34\PenomyAPI.App.SM34.csproj", "{F4E60E39-1658-4810-8497-67A788DAF3DD}"
EndProject
Project("{FAE04EC0-301F-11D3-BF4B-00C04F79EFBC}") = "PenomyAPI.App.SM11", "src\Core\Application\SocialMedia\PenomyAPI.App.SM11\PenomyAPI.App.SM11.csproj", "{D5863257-9735-40D7-8AB4-394BD9753F67}"
EndProject
Project("{FAE04EC0-301F-11D3-BF4B-00C04F79EFBC}") = "PenomyAPI.App.Chat5", "src\Core\Application\Chat\PenomyAPI.App.Chat5\PenomyAPI.App.Chat5.csproj", "{BE3F5DA1-C9E9-4E9F-8444-521DA86B54EA}"
EndProject
Project("{FAE04EC0-301F-11D3-BF4B-00C04F79EFBC}") = "PenomyAPI.App.Chat4", "src\Core\Application\Chat\PenomyAPI.App.Chat4\PenomyAPI.App.Chat4.csproj", "{399A587E-F22E-4366-964B-11972220952C}"
EndProject
Project("{FAE04EC0-301F-11D3-BF4B-00C04F79EFBC}") = "PenomyAPI.Infra.FeatArt20", "src\External\Infrastructure\ArtworkCreation\PenomyAPI.Infra.FeatArt20\PenomyAPI.Infra.FeatArt20.csproj", "{810A094C-4314-4A29-AF12-6EDFCABA469D}"
EndProject
Project("{FAE04EC0-301F-11D3-BF4B-00C04F79EFBC}") = "PenomyAPI.Infra.FeatArt22", "src\External\Infrastructure\ArtworkCreation\PenomyAPI.Infra.FeatArt22\PenomyAPI.Infra.FeatArt22.csproj", "{93644E88-626B-4E9E-879C-4E75BCABEB6C}"
EndProject
Global
	GlobalSection(SolutionConfigurationPlatforms) = preSolution
		Debug|Any CPU = Debug|Any CPU
		Release|Any CPU = Release|Any CPU
	EndGlobalSection
	GlobalSection(ProjectConfigurationPlatforms) = postSolution
		{9E494464-298F-4FD7-84F7-A2FF3C00FF46}.Debug|Any CPU.ActiveCfg = Debug|Any CPU
		{9E494464-298F-4FD7-84F7-A2FF3C00FF46}.Debug|Any CPU.Build.0 = Debug|Any CPU
		{9E494464-298F-4FD7-84F7-A2FF3C00FF46}.Release|Any CPU.ActiveCfg = Release|Any CPU
		{9E494464-298F-4FD7-84F7-A2FF3C00FF46}.Release|Any CPU.Build.0 = Release|Any CPU
		{D29128E1-6A44-4349-ACDA-8E0CAC53320E}.Debug|Any CPU.ActiveCfg = Debug|Any CPU
		{D29128E1-6A44-4349-ACDA-8E0CAC53320E}.Debug|Any CPU.Build.0 = Debug|Any CPU
		{D29128E1-6A44-4349-ACDA-8E0CAC53320E}.Release|Any CPU.ActiveCfg = Release|Any CPU
		{D29128E1-6A44-4349-ACDA-8E0CAC53320E}.Release|Any CPU.Build.0 = Release|Any CPU
		{CFDED708-E648-45DE-B5A4-34E51D11D69B}.Debug|Any CPU.ActiveCfg = Debug|Any CPU
		{CFDED708-E648-45DE-B5A4-34E51D11D69B}.Debug|Any CPU.Build.0 = Debug|Any CPU
		{CFDED708-E648-45DE-B5A4-34E51D11D69B}.Release|Any CPU.ActiveCfg = Release|Any CPU
		{CFDED708-E648-45DE-B5A4-34E51D11D69B}.Release|Any CPU.Build.0 = Release|Any CPU
		{9974A3E3-06CA-4F87-B24F-4ECDD147A9D6}.Debug|Any CPU.ActiveCfg = Debug|Any CPU
		{9974A3E3-06CA-4F87-B24F-4ECDD147A9D6}.Debug|Any CPU.Build.0 = Debug|Any CPU
		{9974A3E3-06CA-4F87-B24F-4ECDD147A9D6}.Release|Any CPU.ActiveCfg = Release|Any CPU
		{9974A3E3-06CA-4F87-B24F-4ECDD147A9D6}.Release|Any CPU.Build.0 = Release|Any CPU
		{BC4C7BA6-C944-4B90-A5BD-A4222B04C4B8}.Debug|Any CPU.ActiveCfg = Debug|Any CPU
		{BC4C7BA6-C944-4B90-A5BD-A4222B04C4B8}.Debug|Any CPU.Build.0 = Debug|Any CPU
		{BC4C7BA6-C944-4B90-A5BD-A4222B04C4B8}.Release|Any CPU.ActiveCfg = Release|Any CPU
		{BC4C7BA6-C944-4B90-A5BD-A4222B04C4B8}.Release|Any CPU.Build.0 = Release|Any CPU
		{7E26357A-2824-46AD-A0AC-67879DDC45F8}.Debug|Any CPU.ActiveCfg = Debug|Any CPU
		{7E26357A-2824-46AD-A0AC-67879DDC45F8}.Debug|Any CPU.Build.0 = Debug|Any CPU
		{7E26357A-2824-46AD-A0AC-67879DDC45F8}.Release|Any CPU.ActiveCfg = Release|Any CPU
		{7E26357A-2824-46AD-A0AC-67879DDC45F8}.Release|Any CPU.Build.0 = Release|Any CPU
		{C7A97CE7-0709-4E9D-928E-EB5F66F61FB2}.Debug|Any CPU.ActiveCfg = Debug|Any CPU
		{C7A97CE7-0709-4E9D-928E-EB5F66F61FB2}.Debug|Any CPU.Build.0 = Debug|Any CPU
		{C7A97CE7-0709-4E9D-928E-EB5F66F61FB2}.Release|Any CPU.ActiveCfg = Release|Any CPU
		{C7A97CE7-0709-4E9D-928E-EB5F66F61FB2}.Release|Any CPU.Build.0 = Release|Any CPU
		{5971C90F-4F01-448D-9AE6-C990D7EAE158}.Debug|Any CPU.ActiveCfg = Debug|Any CPU
		{5971C90F-4F01-448D-9AE6-C990D7EAE158}.Debug|Any CPU.Build.0 = Debug|Any CPU
		{5971C90F-4F01-448D-9AE6-C990D7EAE158}.Release|Any CPU.ActiveCfg = Release|Any CPU
		{5971C90F-4F01-448D-9AE6-C990D7EAE158}.Release|Any CPU.Build.0 = Release|Any CPU
		{54504FF6-FD23-47BE-814A-5761AEE224E0}.Debug|Any CPU.ActiveCfg = Debug|Any CPU
		{54504FF6-FD23-47BE-814A-5761AEE224E0}.Debug|Any CPU.Build.0 = Debug|Any CPU
		{54504FF6-FD23-47BE-814A-5761AEE224E0}.Release|Any CPU.ActiveCfg = Release|Any CPU
		{54504FF6-FD23-47BE-814A-5761AEE224E0}.Release|Any CPU.Build.0 = Release|Any CPU
		{29A161EB-558B-45B3-BB1E-4409F6F8A412}.Debug|Any CPU.ActiveCfg = Debug|Any CPU
		{29A161EB-558B-45B3-BB1E-4409F6F8A412}.Debug|Any CPU.Build.0 = Debug|Any CPU
		{29A161EB-558B-45B3-BB1E-4409F6F8A412}.Release|Any CPU.ActiveCfg = Release|Any CPU
		{29A161EB-558B-45B3-BB1E-4409F6F8A412}.Release|Any CPU.Build.0 = Release|Any CPU
		{E46D173A-E669-46A4-869B-F9A26B957D80}.Debug|Any CPU.ActiveCfg = Debug|Any CPU
		{E46D173A-E669-46A4-869B-F9A26B957D80}.Debug|Any CPU.Build.0 = Debug|Any CPU
		{E46D173A-E669-46A4-869B-F9A26B957D80}.Release|Any CPU.ActiveCfg = Release|Any CPU
		{E46D173A-E669-46A4-869B-F9A26B957D80}.Release|Any CPU.Build.0 = Release|Any CPU
		{8A36F8A3-E739-40FE-B527-836433110EA4}.Debug|Any CPU.ActiveCfg = Debug|Any CPU
		{8A36F8A3-E739-40FE-B527-836433110EA4}.Debug|Any CPU.Build.0 = Debug|Any CPU
		{8A36F8A3-E739-40FE-B527-836433110EA4}.Release|Any CPU.ActiveCfg = Release|Any CPU
		{8A36F8A3-E739-40FE-B527-836433110EA4}.Release|Any CPU.Build.0 = Release|Any CPU
		{5212DB77-3B2A-40AB-92F9-064B9C28C402}.Debug|Any CPU.ActiveCfg = Debug|Any CPU
		{5212DB77-3B2A-40AB-92F9-064B9C28C402}.Debug|Any CPU.Build.0 = Debug|Any CPU
		{5212DB77-3B2A-40AB-92F9-064B9C28C402}.Release|Any CPU.ActiveCfg = Release|Any CPU
		{5212DB77-3B2A-40AB-92F9-064B9C28C402}.Release|Any CPU.Build.0 = Release|Any CPU
		{7A6BCDBE-AB75-4B86-9527-C61FF1C120EA}.Debug|Any CPU.ActiveCfg = Debug|Any CPU
		{7A6BCDBE-AB75-4B86-9527-C61FF1C120EA}.Debug|Any CPU.Build.0 = Debug|Any CPU
		{7A6BCDBE-AB75-4B86-9527-C61FF1C120EA}.Release|Any CPU.ActiveCfg = Release|Any CPU
		{7A6BCDBE-AB75-4B86-9527-C61FF1C120EA}.Release|Any CPU.Build.0 = Release|Any CPU
		{825BD3CC-FD67-435A-AD0B-70FC3875B03C}.Debug|Any CPU.ActiveCfg = Debug|Any CPU
		{825BD3CC-FD67-435A-AD0B-70FC3875B03C}.Debug|Any CPU.Build.0 = Debug|Any CPU
		{825BD3CC-FD67-435A-AD0B-70FC3875B03C}.Release|Any CPU.ActiveCfg = Release|Any CPU
		{825BD3CC-FD67-435A-AD0B-70FC3875B03C}.Release|Any CPU.Build.0 = Release|Any CPU
		{A5CCD674-9AA2-42C1-B50C-EB94BD522248}.Debug|Any CPU.ActiveCfg = Debug|Any CPU
		{A5CCD674-9AA2-42C1-B50C-EB94BD522248}.Debug|Any CPU.Build.0 = Debug|Any CPU
		{A5CCD674-9AA2-42C1-B50C-EB94BD522248}.Release|Any CPU.ActiveCfg = Release|Any CPU
		{A5CCD674-9AA2-42C1-B50C-EB94BD522248}.Release|Any CPU.Build.0 = Release|Any CPU
		{50D29BF6-0130-44DF-93D7-A9B834B30C8A}.Debug|Any CPU.ActiveCfg = Debug|Any CPU
		{50D29BF6-0130-44DF-93D7-A9B834B30C8A}.Debug|Any CPU.Build.0 = Debug|Any CPU
		{50D29BF6-0130-44DF-93D7-A9B834B30C8A}.Release|Any CPU.ActiveCfg = Release|Any CPU
		{50D29BF6-0130-44DF-93D7-A9B834B30C8A}.Release|Any CPU.Build.0 = Release|Any CPU
		{23A12FE0-BBDD-4D18-9E0E-96F68DA85285}.Debug|Any CPU.ActiveCfg = Debug|Any CPU
		{23A12FE0-BBDD-4D18-9E0E-96F68DA85285}.Debug|Any CPU.Build.0 = Debug|Any CPU
		{23A12FE0-BBDD-4D18-9E0E-96F68DA85285}.Release|Any CPU.ActiveCfg = Release|Any CPU
		{23A12FE0-BBDD-4D18-9E0E-96F68DA85285}.Release|Any CPU.Build.0 = Release|Any CPU
		{A4F1F026-7A62-4771-A44D-1E63117D5140}.Debug|Any CPU.ActiveCfg = Debug|Any CPU
		{A4F1F026-7A62-4771-A44D-1E63117D5140}.Debug|Any CPU.Build.0 = Debug|Any CPU
		{A4F1F026-7A62-4771-A44D-1E63117D5140}.Release|Any CPU.ActiveCfg = Release|Any CPU
		{A4F1F026-7A62-4771-A44D-1E63117D5140}.Release|Any CPU.Build.0 = Release|Any CPU
		{04A31EF0-41DF-460B-BE78-9D7AF0E6F99F}.Debug|Any CPU.ActiveCfg = Debug|Any CPU
		{04A31EF0-41DF-460B-BE78-9D7AF0E6F99F}.Debug|Any CPU.Build.0 = Debug|Any CPU
		{04A31EF0-41DF-460B-BE78-9D7AF0E6F99F}.Release|Any CPU.ActiveCfg = Release|Any CPU
		{04A31EF0-41DF-460B-BE78-9D7AF0E6F99F}.Release|Any CPU.Build.0 = Release|Any CPU
		{17923694-78FA-491C-95FA-ADE35824CD96}.Debug|Any CPU.ActiveCfg = Debug|Any CPU
		{17923694-78FA-491C-95FA-ADE35824CD96}.Debug|Any CPU.Build.0 = Debug|Any CPU
		{17923694-78FA-491C-95FA-ADE35824CD96}.Release|Any CPU.ActiveCfg = Release|Any CPU
		{17923694-78FA-491C-95FA-ADE35824CD96}.Release|Any CPU.Build.0 = Release|Any CPU
		{DF0007CD-791C-4AA9-9D87-724BB458DDBD}.Debug|Any CPU.ActiveCfg = Debug|Any CPU
		{DF0007CD-791C-4AA9-9D87-724BB458DDBD}.Debug|Any CPU.Build.0 = Debug|Any CPU
		{DF0007CD-791C-4AA9-9D87-724BB458DDBD}.Release|Any CPU.ActiveCfg = Release|Any CPU
		{DF0007CD-791C-4AA9-9D87-724BB458DDBD}.Release|Any CPU.Build.0 = Release|Any CPU
		{AFB6A402-813A-40A0-BD17-65A6CDE7050C}.Debug|Any CPU.ActiveCfg = Debug|Any CPU
		{AFB6A402-813A-40A0-BD17-65A6CDE7050C}.Debug|Any CPU.Build.0 = Debug|Any CPU
		{AFB6A402-813A-40A0-BD17-65A6CDE7050C}.Release|Any CPU.ActiveCfg = Release|Any CPU
		{AFB6A402-813A-40A0-BD17-65A6CDE7050C}.Release|Any CPU.Build.0 = Release|Any CPU
		{B816901F-87FB-4DDC-9E2A-7957AF76BEC0}.Debug|Any CPU.ActiveCfg = Debug|Any CPU
		{B816901F-87FB-4DDC-9E2A-7957AF76BEC0}.Debug|Any CPU.Build.0 = Debug|Any CPU
		{B816901F-87FB-4DDC-9E2A-7957AF76BEC0}.Release|Any CPU.ActiveCfg = Release|Any CPU
		{B816901F-87FB-4DDC-9E2A-7957AF76BEC0}.Release|Any CPU.Build.0 = Release|Any CPU
		{EC8EA48E-81AC-41DD-9CCB-CD62E0BF07D0}.Debug|Any CPU.ActiveCfg = Debug|Any CPU
		{EC8EA48E-81AC-41DD-9CCB-CD62E0BF07D0}.Debug|Any CPU.Build.0 = Debug|Any CPU
		{EC8EA48E-81AC-41DD-9CCB-CD62E0BF07D0}.Release|Any CPU.ActiveCfg = Release|Any CPU
		{EC8EA48E-81AC-41DD-9CCB-CD62E0BF07D0}.Release|Any CPU.Build.0 = Release|Any CPU
		{6DAB38FA-B48B-4B56-9CDD-8EF4E291DC90}.Debug|Any CPU.ActiveCfg = Debug|Any CPU
		{6DAB38FA-B48B-4B56-9CDD-8EF4E291DC90}.Debug|Any CPU.Build.0 = Debug|Any CPU
		{6DAB38FA-B48B-4B56-9CDD-8EF4E291DC90}.Release|Any CPU.ActiveCfg = Release|Any CPU
		{6DAB38FA-B48B-4B56-9CDD-8EF4E291DC90}.Release|Any CPU.Build.0 = Release|Any CPU
		{AA8D5E1F-C3DE-4025-9A24-1759798661B6}.Debug|Any CPU.ActiveCfg = Debug|Any CPU
		{AA8D5E1F-C3DE-4025-9A24-1759798661B6}.Debug|Any CPU.Build.0 = Debug|Any CPU
		{AA8D5E1F-C3DE-4025-9A24-1759798661B6}.Release|Any CPU.ActiveCfg = Release|Any CPU
		{AA8D5E1F-C3DE-4025-9A24-1759798661B6}.Release|Any CPU.Build.0 = Release|Any CPU
		{F28B99F4-29F5-452B-BAD8-93C0B20644F3}.Debug|Any CPU.ActiveCfg = Debug|Any CPU
		{F28B99F4-29F5-452B-BAD8-93C0B20644F3}.Debug|Any CPU.Build.0 = Debug|Any CPU
		{F28B99F4-29F5-452B-BAD8-93C0B20644F3}.Release|Any CPU.ActiveCfg = Release|Any CPU
		{F28B99F4-29F5-452B-BAD8-93C0B20644F3}.Release|Any CPU.Build.0 = Release|Any CPU
		{187F214F-8C16-4761-B22A-B989E762B46C}.Debug|Any CPU.ActiveCfg = Debug|Any CPU
		{187F214F-8C16-4761-B22A-B989E762B46C}.Debug|Any CPU.Build.0 = Debug|Any CPU
		{187F214F-8C16-4761-B22A-B989E762B46C}.Release|Any CPU.ActiveCfg = Release|Any CPU
		{187F214F-8C16-4761-B22A-B989E762B46C}.Release|Any CPU.Build.0 = Release|Any CPU
		{BA9AF094-5240-481A-BD66-D6E2D81B2000}.Debug|Any CPU.ActiveCfg = Debug|Any CPU
		{BA9AF094-5240-481A-BD66-D6E2D81B2000}.Debug|Any CPU.Build.0 = Debug|Any CPU
		{BA9AF094-5240-481A-BD66-D6E2D81B2000}.Release|Any CPU.ActiveCfg = Release|Any CPU
		{BA9AF094-5240-481A-BD66-D6E2D81B2000}.Release|Any CPU.Build.0 = Release|Any CPU
		{8E251108-4F7C-45FB-84CD-FC1A304F1EEF}.Debug|Any CPU.ActiveCfg = Debug|Any CPU
		{8E251108-4F7C-45FB-84CD-FC1A304F1EEF}.Debug|Any CPU.Build.0 = Debug|Any CPU
		{8E251108-4F7C-45FB-84CD-FC1A304F1EEF}.Release|Any CPU.ActiveCfg = Release|Any CPU
		{8E251108-4F7C-45FB-84CD-FC1A304F1EEF}.Release|Any CPU.Build.0 = Release|Any CPU
		{3B82BE2C-CD32-4AFA-A496-9240A71A9003}.Debug|Any CPU.ActiveCfg = Debug|Any CPU
		{3B82BE2C-CD32-4AFA-A496-9240A71A9003}.Debug|Any CPU.Build.0 = Debug|Any CPU
		{3B82BE2C-CD32-4AFA-A496-9240A71A9003}.Release|Any CPU.ActiveCfg = Release|Any CPU
		{3B82BE2C-CD32-4AFA-A496-9240A71A9003}.Release|Any CPU.Build.0 = Release|Any CPU
		{578A9FC8-4AAE-4C2A-B193-9FC4AB0E1E29}.Debug|Any CPU.ActiveCfg = Debug|Any CPU
		{578A9FC8-4AAE-4C2A-B193-9FC4AB0E1E29}.Debug|Any CPU.Build.0 = Debug|Any CPU
		{578A9FC8-4AAE-4C2A-B193-9FC4AB0E1E29}.Release|Any CPU.ActiveCfg = Release|Any CPU
		{578A9FC8-4AAE-4C2A-B193-9FC4AB0E1E29}.Release|Any CPU.Build.0 = Release|Any CPU
		{E1EFF5F3-25DC-4452-B85F-4F9C306F7BEB}.Debug|Any CPU.ActiveCfg = Debug|Any CPU
		{E1EFF5F3-25DC-4452-B85F-4F9C306F7BEB}.Debug|Any CPU.Build.0 = Debug|Any CPU
		{E1EFF5F3-25DC-4452-B85F-4F9C306F7BEB}.Release|Any CPU.ActiveCfg = Release|Any CPU
		{E1EFF5F3-25DC-4452-B85F-4F9C306F7BEB}.Release|Any CPU.Build.0 = Release|Any CPU
		{167DCF5E-1461-42C1-8360-1408CA254AAA}.Debug|Any CPU.ActiveCfg = Debug|Any CPU
		{167DCF5E-1461-42C1-8360-1408CA254AAA}.Debug|Any CPU.Build.0 = Debug|Any CPU
		{167DCF5E-1461-42C1-8360-1408CA254AAA}.Release|Any CPU.ActiveCfg = Release|Any CPU
		{167DCF5E-1461-42C1-8360-1408CA254AAA}.Release|Any CPU.Build.0 = Release|Any CPU
		{55A319F7-1A62-4F23-BBCF-4130E0C7CD9B}.Debug|Any CPU.ActiveCfg = Debug|Any CPU
		{55A319F7-1A62-4F23-BBCF-4130E0C7CD9B}.Debug|Any CPU.Build.0 = Debug|Any CPU
		{55A319F7-1A62-4F23-BBCF-4130E0C7CD9B}.Release|Any CPU.ActiveCfg = Release|Any CPU
		{55A319F7-1A62-4F23-BBCF-4130E0C7CD9B}.Release|Any CPU.Build.0 = Release|Any CPU
		{C1915097-5AC7-4C96-A870-5551702C910E}.Debug|Any CPU.ActiveCfg = Debug|Any CPU
		{C1915097-5AC7-4C96-A870-5551702C910E}.Debug|Any CPU.Build.0 = Debug|Any CPU
		{C1915097-5AC7-4C96-A870-5551702C910E}.Release|Any CPU.ActiveCfg = Release|Any CPU
		{C1915097-5AC7-4C96-A870-5551702C910E}.Release|Any CPU.Build.0 = Release|Any CPU
		{707D6365-AB95-408B-8497-38D0EFA316EB}.Debug|Any CPU.ActiveCfg = Debug|Any CPU
		{707D6365-AB95-408B-8497-38D0EFA316EB}.Debug|Any CPU.Build.0 = Debug|Any CPU
		{707D6365-AB95-408B-8497-38D0EFA316EB}.Release|Any CPU.ActiveCfg = Release|Any CPU
		{707D6365-AB95-408B-8497-38D0EFA316EB}.Release|Any CPU.Build.0 = Release|Any CPU
		{DBB3A517-AD29-492F-9E4C-360F5AA2D7E5}.Debug|Any CPU.ActiveCfg = Debug|Any CPU
		{DBB3A517-AD29-492F-9E4C-360F5AA2D7E5}.Debug|Any CPU.Build.0 = Debug|Any CPU
		{DBB3A517-AD29-492F-9E4C-360F5AA2D7E5}.Release|Any CPU.ActiveCfg = Release|Any CPU
		{DBB3A517-AD29-492F-9E4C-360F5AA2D7E5}.Release|Any CPU.Build.0 = Release|Any CPU
		{3CF41E1B-EE55-4D7F-9AC8-361523E0C726}.Debug|Any CPU.ActiveCfg = Debug|Any CPU
		{3CF41E1B-EE55-4D7F-9AC8-361523E0C726}.Debug|Any CPU.Build.0 = Debug|Any CPU
		{3CF41E1B-EE55-4D7F-9AC8-361523E0C726}.Release|Any CPU.ActiveCfg = Release|Any CPU
		{3CF41E1B-EE55-4D7F-9AC8-361523E0C726}.Release|Any CPU.Build.0 = Release|Any CPU
		{15EC659F-8A97-405A-811F-7151DB4796A5}.Debug|Any CPU.ActiveCfg = Debug|Any CPU
		{15EC659F-8A97-405A-811F-7151DB4796A5}.Debug|Any CPU.Build.0 = Debug|Any CPU
		{15EC659F-8A97-405A-811F-7151DB4796A5}.Release|Any CPU.ActiveCfg = Release|Any CPU
		{15EC659F-8A97-405A-811F-7151DB4796A5}.Release|Any CPU.Build.0 = Release|Any CPU
		{B694FAD8-B622-462F-A920-57CE5DAC3B11}.Debug|Any CPU.ActiveCfg = Debug|Any CPU
		{B694FAD8-B622-462F-A920-57CE5DAC3B11}.Debug|Any CPU.Build.0 = Debug|Any CPU
		{B694FAD8-B622-462F-A920-57CE5DAC3B11}.Release|Any CPU.ActiveCfg = Release|Any CPU
		{B694FAD8-B622-462F-A920-57CE5DAC3B11}.Release|Any CPU.Build.0 = Release|Any CPU
		{4EC5A8E4-1B55-4ADD-B41F-AE8C79959004}.Debug|Any CPU.ActiveCfg = Debug|Any CPU
		{4EC5A8E4-1B55-4ADD-B41F-AE8C79959004}.Debug|Any CPU.Build.0 = Debug|Any CPU
		{4EC5A8E4-1B55-4ADD-B41F-AE8C79959004}.Release|Any CPU.ActiveCfg = Release|Any CPU
		{4EC5A8E4-1B55-4ADD-B41F-AE8C79959004}.Release|Any CPU.Build.0 = Release|Any CPU
		{F47BD64E-8AE4-4979-B707-C898FF46037D}.Debug|Any CPU.ActiveCfg = Debug|Any CPU
		{F47BD64E-8AE4-4979-B707-C898FF46037D}.Debug|Any CPU.Build.0 = Debug|Any CPU
		{F47BD64E-8AE4-4979-B707-C898FF46037D}.Release|Any CPU.ActiveCfg = Release|Any CPU
		{F47BD64E-8AE4-4979-B707-C898FF46037D}.Release|Any CPU.Build.0 = Release|Any CPU
		{982B6D29-3CA5-4F66-B591-5E01438ACB10}.Debug|Any CPU.ActiveCfg = Debug|Any CPU
		{982B6D29-3CA5-4F66-B591-5E01438ACB10}.Debug|Any CPU.Build.0 = Debug|Any CPU
		{982B6D29-3CA5-4F66-B591-5E01438ACB10}.Release|Any CPU.ActiveCfg = Release|Any CPU
		{982B6D29-3CA5-4F66-B591-5E01438ACB10}.Release|Any CPU.Build.0 = Release|Any CPU
		{726554CA-EE47-4C6E-85CF-2B42C7EC8600}.Debug|Any CPU.ActiveCfg = Debug|Any CPU
		{726554CA-EE47-4C6E-85CF-2B42C7EC8600}.Debug|Any CPU.Build.0 = Debug|Any CPU
		{726554CA-EE47-4C6E-85CF-2B42C7EC8600}.Release|Any CPU.ActiveCfg = Release|Any CPU
		{726554CA-EE47-4C6E-85CF-2B42C7EC8600}.Release|Any CPU.Build.0 = Release|Any CPU
		{D880EC85-2A22-4125-9F44-7179E997C164}.Debug|Any CPU.ActiveCfg = Debug|Any CPU
		{D880EC85-2A22-4125-9F44-7179E997C164}.Debug|Any CPU.Build.0 = Debug|Any CPU
		{D880EC85-2A22-4125-9F44-7179E997C164}.Release|Any CPU.ActiveCfg = Release|Any CPU
		{D880EC85-2A22-4125-9F44-7179E997C164}.Release|Any CPU.Build.0 = Release|Any CPU
		{65762A87-366F-4357-B1B5-496C77716D46}.Debug|Any CPU.ActiveCfg = Debug|Any CPU
		{65762A87-366F-4357-B1B5-496C77716D46}.Debug|Any CPU.Build.0 = Debug|Any CPU
		{65762A87-366F-4357-B1B5-496C77716D46}.Release|Any CPU.ActiveCfg = Release|Any CPU
		{65762A87-366F-4357-B1B5-496C77716D46}.Release|Any CPU.Build.0 = Release|Any CPU
		{56203B66-9FE8-49AA-A2D4-E53B907088AE}.Debug|Any CPU.ActiveCfg = Debug|Any CPU
		{56203B66-9FE8-49AA-A2D4-E53B907088AE}.Debug|Any CPU.Build.0 = Debug|Any CPU
		{56203B66-9FE8-49AA-A2D4-E53B907088AE}.Release|Any CPU.ActiveCfg = Release|Any CPU
		{56203B66-9FE8-49AA-A2D4-E53B907088AE}.Release|Any CPU.Build.0 = Release|Any CPU
		{B63430A8-E833-4D44-BEAA-0B697BE28213}.Debug|Any CPU.ActiveCfg = Debug|Any CPU
		{B63430A8-E833-4D44-BEAA-0B697BE28213}.Debug|Any CPU.Build.0 = Debug|Any CPU
		{B63430A8-E833-4D44-BEAA-0B697BE28213}.Release|Any CPU.ActiveCfg = Release|Any CPU
		{B63430A8-E833-4D44-BEAA-0B697BE28213}.Release|Any CPU.Build.0 = Release|Any CPU
		{4201F090-57C0-4449-B065-E7BA93FA8A95}.Debug|Any CPU.ActiveCfg = Debug|Any CPU
		{4201F090-57C0-4449-B065-E7BA93FA8A95}.Debug|Any CPU.Build.0 = Debug|Any CPU
		{4201F090-57C0-4449-B065-E7BA93FA8A95}.Release|Any CPU.ActiveCfg = Release|Any CPU
		{4201F090-57C0-4449-B065-E7BA93FA8A95}.Release|Any CPU.Build.0 = Release|Any CPU
		{6C25A820-34C4-4258-9B9C-C65A9A1D87C8}.Debug|Any CPU.ActiveCfg = Debug|Any CPU
		{6C25A820-34C4-4258-9B9C-C65A9A1D87C8}.Debug|Any CPU.Build.0 = Debug|Any CPU
		{6C25A820-34C4-4258-9B9C-C65A9A1D87C8}.Release|Any CPU.ActiveCfg = Release|Any CPU
		{6C25A820-34C4-4258-9B9C-C65A9A1D87C8}.Release|Any CPU.Build.0 = Release|Any CPU
		{CEA11D7B-F1BB-4399-B149-6AABE49BB359}.Debug|Any CPU.ActiveCfg = Debug|Any CPU
		{CEA11D7B-F1BB-4399-B149-6AABE49BB359}.Debug|Any CPU.Build.0 = Debug|Any CPU
		{CEA11D7B-F1BB-4399-B149-6AABE49BB359}.Release|Any CPU.ActiveCfg = Release|Any CPU
		{CEA11D7B-F1BB-4399-B149-6AABE49BB359}.Release|Any CPU.Build.0 = Release|Any CPU
		{7102396C-C1CB-4C17-B868-FFB99762EA0A}.Debug|Any CPU.ActiveCfg = Debug|Any CPU
		{7102396C-C1CB-4C17-B868-FFB99762EA0A}.Debug|Any CPU.Build.0 = Debug|Any CPU
		{7102396C-C1CB-4C17-B868-FFB99762EA0A}.Release|Any CPU.ActiveCfg = Release|Any CPU
		{7102396C-C1CB-4C17-B868-FFB99762EA0A}.Release|Any CPU.Build.0 = Release|Any CPU
		{43957C0D-F0A6-4B03-9FC9-631E996E0DF8}.Debug|Any CPU.ActiveCfg = Debug|Any CPU
		{43957C0D-F0A6-4B03-9FC9-631E996E0DF8}.Debug|Any CPU.Build.0 = Debug|Any CPU
		{43957C0D-F0A6-4B03-9FC9-631E996E0DF8}.Release|Any CPU.ActiveCfg = Release|Any CPU
		{43957C0D-F0A6-4B03-9FC9-631E996E0DF8}.Release|Any CPU.Build.0 = Release|Any CPU
		{D2956C88-1C5C-4DF7-ADBF-0C560859B410}.Debug|Any CPU.ActiveCfg = Debug|Any CPU
		{D2956C88-1C5C-4DF7-ADBF-0C560859B410}.Debug|Any CPU.Build.0 = Debug|Any CPU
		{D2956C88-1C5C-4DF7-ADBF-0C560859B410}.Release|Any CPU.ActiveCfg = Release|Any CPU
		{D2956C88-1C5C-4DF7-ADBF-0C560859B410}.Release|Any CPU.Build.0 = Release|Any CPU
		{6C61DFC0-06AC-4F49-BF5C-AD254F200461}.Debug|Any CPU.ActiveCfg = Debug|Any CPU
		{6C61DFC0-06AC-4F49-BF5C-AD254F200461}.Debug|Any CPU.Build.0 = Debug|Any CPU
		{6C61DFC0-06AC-4F49-BF5C-AD254F200461}.Release|Any CPU.ActiveCfg = Release|Any CPU
		{6C61DFC0-06AC-4F49-BF5C-AD254F200461}.Release|Any CPU.Build.0 = Release|Any CPU
		{2EFCFA45-F37F-47E7-8BE4-1EAE3F4B945D}.Debug|Any CPU.ActiveCfg = Debug|Any CPU
		{2EFCFA45-F37F-47E7-8BE4-1EAE3F4B945D}.Debug|Any CPU.Build.0 = Debug|Any CPU
		{2EFCFA45-F37F-47E7-8BE4-1EAE3F4B945D}.Release|Any CPU.ActiveCfg = Release|Any CPU
		{2EFCFA45-F37F-47E7-8BE4-1EAE3F4B945D}.Release|Any CPU.Build.0 = Release|Any CPU
		{DAD8546A-4467-4BAC-9CEF-BDD9B3FC0C9D}.Debug|Any CPU.ActiveCfg = Debug|Any CPU
		{DAD8546A-4467-4BAC-9CEF-BDD9B3FC0C9D}.Debug|Any CPU.Build.0 = Debug|Any CPU
		{DAD8546A-4467-4BAC-9CEF-BDD9B3FC0C9D}.Release|Any CPU.ActiveCfg = Release|Any CPU
		{DAD8546A-4467-4BAC-9CEF-BDD9B3FC0C9D}.Release|Any CPU.Build.0 = Release|Any CPU
		{0EA31840-6745-4267-90C6-ACA9922EA7CF}.Debug|Any CPU.ActiveCfg = Debug|Any CPU
		{0EA31840-6745-4267-90C6-ACA9922EA7CF}.Debug|Any CPU.Build.0 = Debug|Any CPU
		{0EA31840-6745-4267-90C6-ACA9922EA7CF}.Release|Any CPU.ActiveCfg = Release|Any CPU
		{0EA31840-6745-4267-90C6-ACA9922EA7CF}.Release|Any CPU.Build.0 = Release|Any CPU
		{6309D430-F5F1-469B-9D9D-E2E20FFCA0D9}.Debug|Any CPU.ActiveCfg = Debug|Any CPU
		{6309D430-F5F1-469B-9D9D-E2E20FFCA0D9}.Debug|Any CPU.Build.0 = Debug|Any CPU
		{6309D430-F5F1-469B-9D9D-E2E20FFCA0D9}.Release|Any CPU.ActiveCfg = Release|Any CPU
		{6309D430-F5F1-469B-9D9D-E2E20FFCA0D9}.Release|Any CPU.Build.0 = Release|Any CPU
		{E3D2C825-7F11-411D-ADE4-146AAC1E8E7D}.Debug|Any CPU.ActiveCfg = Debug|Any CPU
		{E3D2C825-7F11-411D-ADE4-146AAC1E8E7D}.Debug|Any CPU.Build.0 = Debug|Any CPU
		{E3D2C825-7F11-411D-ADE4-146AAC1E8E7D}.Release|Any CPU.ActiveCfg = Release|Any CPU
		{E3D2C825-7F11-411D-ADE4-146AAC1E8E7D}.Release|Any CPU.Build.0 = Release|Any CPU
		{616975C0-689A-4705-B830-5ECC00046536}.Debug|Any CPU.ActiveCfg = Debug|Any CPU
		{616975C0-689A-4705-B830-5ECC00046536}.Debug|Any CPU.Build.0 = Debug|Any CPU
		{616975C0-689A-4705-B830-5ECC00046536}.Release|Any CPU.ActiveCfg = Release|Any CPU
		{616975C0-689A-4705-B830-5ECC00046536}.Release|Any CPU.Build.0 = Release|Any CPU
		{091C4DFE-C917-4F3B-91AA-B7489A8715F9}.Debug|Any CPU.ActiveCfg = Debug|Any CPU
		{091C4DFE-C917-4F3B-91AA-B7489A8715F9}.Debug|Any CPU.Build.0 = Debug|Any CPU
		{091C4DFE-C917-4F3B-91AA-B7489A8715F9}.Release|Any CPU.ActiveCfg = Release|Any CPU
		{091C4DFE-C917-4F3B-91AA-B7489A8715F9}.Release|Any CPU.Build.0 = Release|Any CPU
		{A9B01CF1-6A9E-41DC-BC9C-DEC687AEB0FF}.Debug|Any CPU.ActiveCfg = Debug|Any CPU
		{A9B01CF1-6A9E-41DC-BC9C-DEC687AEB0FF}.Debug|Any CPU.Build.0 = Debug|Any CPU
		{A9B01CF1-6A9E-41DC-BC9C-DEC687AEB0FF}.Release|Any CPU.ActiveCfg = Release|Any CPU
		{A9B01CF1-6A9E-41DC-BC9C-DEC687AEB0FF}.Release|Any CPU.Build.0 = Release|Any CPU
		{A9F32134-4447-4B1F-A0FC-9C2782CA5D25}.Debug|Any CPU.ActiveCfg = Debug|Any CPU
		{A9F32134-4447-4B1F-A0FC-9C2782CA5D25}.Debug|Any CPU.Build.0 = Debug|Any CPU
		{A9F32134-4447-4B1F-A0FC-9C2782CA5D25}.Release|Any CPU.ActiveCfg = Release|Any CPU
		{A9F32134-4447-4B1F-A0FC-9C2782CA5D25}.Release|Any CPU.Build.0 = Release|Any CPU
		{AE4D08F8-2678-40F5-8506-5D11AC1BCA00}.Debug|Any CPU.ActiveCfg = Debug|Any CPU
		{AE4D08F8-2678-40F5-8506-5D11AC1BCA00}.Debug|Any CPU.Build.0 = Debug|Any CPU
		{AE4D08F8-2678-40F5-8506-5D11AC1BCA00}.Release|Any CPU.ActiveCfg = Release|Any CPU
		{AE4D08F8-2678-40F5-8506-5D11AC1BCA00}.Release|Any CPU.Build.0 = Release|Any CPU
		{91B97630-EC9A-4124-AA61-28FF619C9400}.Debug|Any CPU.ActiveCfg = Debug|Any CPU
		{91B97630-EC9A-4124-AA61-28FF619C9400}.Debug|Any CPU.Build.0 = Debug|Any CPU
		{91B97630-EC9A-4124-AA61-28FF619C9400}.Release|Any CPU.ActiveCfg = Release|Any CPU
		{91B97630-EC9A-4124-AA61-28FF619C9400}.Release|Any CPU.Build.0 = Release|Any CPU
		{AA931A50-73F5-46C3-89DA-BFC129D0CFB5}.Debug|Any CPU.ActiveCfg = Debug|Any CPU
		{AA931A50-73F5-46C3-89DA-BFC129D0CFB5}.Debug|Any CPU.Build.0 = Debug|Any CPU
		{AA931A50-73F5-46C3-89DA-BFC129D0CFB5}.Release|Any CPU.ActiveCfg = Release|Any CPU
		{AA931A50-73F5-46C3-89DA-BFC129D0CFB5}.Release|Any CPU.Build.0 = Release|Any CPU
		{059DDC25-C16C-4484-A06B-091A5D6DC30A}.Debug|Any CPU.ActiveCfg = Debug|Any CPU
		{059DDC25-C16C-4484-A06B-091A5D6DC30A}.Debug|Any CPU.Build.0 = Debug|Any CPU
		{059DDC25-C16C-4484-A06B-091A5D6DC30A}.Release|Any CPU.ActiveCfg = Release|Any CPU
		{059DDC25-C16C-4484-A06B-091A5D6DC30A}.Release|Any CPU.Build.0 = Release|Any CPU
		{4BAAFF17-D13E-4334-917C-C77DACA20334}.Debug|Any CPU.ActiveCfg = Debug|Any CPU
		{4BAAFF17-D13E-4334-917C-C77DACA20334}.Debug|Any CPU.Build.0 = Debug|Any CPU
		{4BAAFF17-D13E-4334-917C-C77DACA20334}.Release|Any CPU.ActiveCfg = Release|Any CPU
		{4BAAFF17-D13E-4334-917C-C77DACA20334}.Release|Any CPU.Build.0 = Release|Any CPU
		{69EDD58E-C9FB-439E-96BB-4D1E539327B1}.Debug|Any CPU.ActiveCfg = Debug|Any CPU
		{69EDD58E-C9FB-439E-96BB-4D1E539327B1}.Debug|Any CPU.Build.0 = Debug|Any CPU
		{69EDD58E-C9FB-439E-96BB-4D1E539327B1}.Release|Any CPU.ActiveCfg = Release|Any CPU
		{69EDD58E-C9FB-439E-96BB-4D1E539327B1}.Release|Any CPU.Build.0 = Release|Any CPU
		{6B6CF8C6-F2EA-4B83-B864-3AF959E8E6C5}.Debug|Any CPU.ActiveCfg = Debug|Any CPU
		{6B6CF8C6-F2EA-4B83-B864-3AF959E8E6C5}.Debug|Any CPU.Build.0 = Debug|Any CPU
		{6B6CF8C6-F2EA-4B83-B864-3AF959E8E6C5}.Release|Any CPU.ActiveCfg = Release|Any CPU
		{6B6CF8C6-F2EA-4B83-B864-3AF959E8E6C5}.Release|Any CPU.Build.0 = Release|Any CPU
		{52C939EA-3740-4B17-8ABF-17F5004E3103}.Debug|Any CPU.ActiveCfg = Debug|Any CPU
		{52C939EA-3740-4B17-8ABF-17F5004E3103}.Debug|Any CPU.Build.0 = Debug|Any CPU
		{52C939EA-3740-4B17-8ABF-17F5004E3103}.Release|Any CPU.ActiveCfg = Release|Any CPU
		{52C939EA-3740-4B17-8ABF-17F5004E3103}.Release|Any CPU.Build.0 = Release|Any CPU
		{434932D2-A7F8-41E9-A1CC-E492FF757054}.Debug|Any CPU.ActiveCfg = Debug|Any CPU
		{434932D2-A7F8-41E9-A1CC-E492FF757054}.Debug|Any CPU.Build.0 = Debug|Any CPU
		{434932D2-A7F8-41E9-A1CC-E492FF757054}.Release|Any CPU.ActiveCfg = Release|Any CPU
		{434932D2-A7F8-41E9-A1CC-E492FF757054}.Release|Any CPU.Build.0 = Release|Any CPU
		{3628A801-FD2F-4295-BF4F-F74B85304FB3}.Debug|Any CPU.ActiveCfg = Debug|Any CPU
		{3628A801-FD2F-4295-BF4F-F74B85304FB3}.Debug|Any CPU.Build.0 = Debug|Any CPU
		{3628A801-FD2F-4295-BF4F-F74B85304FB3}.Release|Any CPU.ActiveCfg = Release|Any CPU
		{3628A801-FD2F-4295-BF4F-F74B85304FB3}.Release|Any CPU.Build.0 = Release|Any CPU
		{FFFC9823-EB17-4C5F-8034-2F918A0D0E3B}.Debug|Any CPU.ActiveCfg = Debug|Any CPU
		{FFFC9823-EB17-4C5F-8034-2F918A0D0E3B}.Debug|Any CPU.Build.0 = Debug|Any CPU
		{FFFC9823-EB17-4C5F-8034-2F918A0D0E3B}.Release|Any CPU.ActiveCfg = Release|Any CPU
		{FFFC9823-EB17-4C5F-8034-2F918A0D0E3B}.Release|Any CPU.Build.0 = Release|Any CPU
		{1CC737E3-3174-4AB0-B24E-AC778A77BBAC}.Debug|Any CPU.ActiveCfg = Debug|Any CPU
		{1CC737E3-3174-4AB0-B24E-AC778A77BBAC}.Debug|Any CPU.Build.0 = Debug|Any CPU
		{1CC737E3-3174-4AB0-B24E-AC778A77BBAC}.Release|Any CPU.ActiveCfg = Release|Any CPU
		{1CC737E3-3174-4AB0-B24E-AC778A77BBAC}.Release|Any CPU.Build.0 = Release|Any CPU
		{404A22D3-941E-4D3D-80D9-C624346FB4D1}.Debug|Any CPU.ActiveCfg = Debug|Any CPU
		{404A22D3-941E-4D3D-80D9-C624346FB4D1}.Debug|Any CPU.Build.0 = Debug|Any CPU
		{404A22D3-941E-4D3D-80D9-C624346FB4D1}.Release|Any CPU.ActiveCfg = Release|Any CPU
		{404A22D3-941E-4D3D-80D9-C624346FB4D1}.Release|Any CPU.Build.0 = Release|Any CPU
		{FCC5B187-3B67-4631-B80C-DCFAA99F110C}.Debug|Any CPU.ActiveCfg = Debug|Any CPU
		{FCC5B187-3B67-4631-B80C-DCFAA99F110C}.Debug|Any CPU.Build.0 = Debug|Any CPU
		{FCC5B187-3B67-4631-B80C-DCFAA99F110C}.Release|Any CPU.ActiveCfg = Release|Any CPU
		{FCC5B187-3B67-4631-B80C-DCFAA99F110C}.Release|Any CPU.Build.0 = Release|Any CPU
		{79A46F05-66EF-46FB-BB44-A27CBA613954}.Debug|Any CPU.ActiveCfg = Debug|Any CPU
		{79A46F05-66EF-46FB-BB44-A27CBA613954}.Debug|Any CPU.Build.0 = Debug|Any CPU
		{79A46F05-66EF-46FB-BB44-A27CBA613954}.Release|Any CPU.ActiveCfg = Release|Any CPU
		{79A46F05-66EF-46FB-BB44-A27CBA613954}.Release|Any CPU.Build.0 = Release|Any CPU
		{3F867994-B97D-4F92-94D4-B3BA5F72B2F8}.Debug|Any CPU.ActiveCfg = Debug|Any CPU
		{3F867994-B97D-4F92-94D4-B3BA5F72B2F8}.Debug|Any CPU.Build.0 = Debug|Any CPU
		{3F867994-B97D-4F92-94D4-B3BA5F72B2F8}.Release|Any CPU.ActiveCfg = Release|Any CPU
		{3F867994-B97D-4F92-94D4-B3BA5F72B2F8}.Release|Any CPU.Build.0 = Release|Any CPU
		{47073572-281A-49F0-A651-8B6BA3533C44}.Debug|Any CPU.ActiveCfg = Debug|Any CPU
		{47073572-281A-49F0-A651-8B6BA3533C44}.Debug|Any CPU.Build.0 = Debug|Any CPU
		{47073572-281A-49F0-A651-8B6BA3533C44}.Release|Any CPU.ActiveCfg = Release|Any CPU
		{47073572-281A-49F0-A651-8B6BA3533C44}.Release|Any CPU.Build.0 = Release|Any CPU
		{0B86C273-3BEB-4D29-A164-0EDD628903CF}.Debug|Any CPU.ActiveCfg = Debug|Any CPU
		{0B86C273-3BEB-4D29-A164-0EDD628903CF}.Debug|Any CPU.Build.0 = Debug|Any CPU
		{0B86C273-3BEB-4D29-A164-0EDD628903CF}.Release|Any CPU.ActiveCfg = Release|Any CPU
		{0B86C273-3BEB-4D29-A164-0EDD628903CF}.Release|Any CPU.Build.0 = Release|Any CPU
		{53B98DB5-7214-4D40-B391-E0E9ED55DBE4}.Debug|Any CPU.ActiveCfg = Debug|Any CPU
		{53B98DB5-7214-4D40-B391-E0E9ED55DBE4}.Debug|Any CPU.Build.0 = Debug|Any CPU
		{53B98DB5-7214-4D40-B391-E0E9ED55DBE4}.Release|Any CPU.ActiveCfg = Release|Any CPU
		{53B98DB5-7214-4D40-B391-E0E9ED55DBE4}.Release|Any CPU.Build.0 = Release|Any CPU
		{8F54322A-648B-423F-ADFF-A044D966C94B}.Debug|Any CPU.ActiveCfg = Debug|Any CPU
		{8F54322A-648B-423F-ADFF-A044D966C94B}.Debug|Any CPU.Build.0 = Debug|Any CPU
		{8F54322A-648B-423F-ADFF-A044D966C94B}.Release|Any CPU.ActiveCfg = Release|Any CPU
		{8F54322A-648B-423F-ADFF-A044D966C94B}.Release|Any CPU.Build.0 = Release|Any CPU
		{F21F9E67-B756-4F03-9BF4-858A8E211E27}.Debug|Any CPU.ActiveCfg = Debug|Any CPU
		{F21F9E67-B756-4F03-9BF4-858A8E211E27}.Debug|Any CPU.Build.0 = Debug|Any CPU
		{F21F9E67-B756-4F03-9BF4-858A8E211E27}.Release|Any CPU.ActiveCfg = Release|Any CPU
		{F21F9E67-B756-4F03-9BF4-858A8E211E27}.Release|Any CPU.Build.0 = Release|Any CPU
		{89A08357-E4A9-421A-8683-BF2D39B688CC}.Debug|Any CPU.ActiveCfg = Debug|Any CPU
		{89A08357-E4A9-421A-8683-BF2D39B688CC}.Debug|Any CPU.Build.0 = Debug|Any CPU
		{89A08357-E4A9-421A-8683-BF2D39B688CC}.Release|Any CPU.ActiveCfg = Release|Any CPU
		{89A08357-E4A9-421A-8683-BF2D39B688CC}.Release|Any CPU.Build.0 = Release|Any CPU
		{BFE3919E-133A-4C7B-B093-ADDC0BAF52D9}.Debug|Any CPU.ActiveCfg = Debug|Any CPU
		{BFE3919E-133A-4C7B-B093-ADDC0BAF52D9}.Debug|Any CPU.Build.0 = Debug|Any CPU
		{BFE3919E-133A-4C7B-B093-ADDC0BAF52D9}.Release|Any CPU.ActiveCfg = Release|Any CPU
		{BFE3919E-133A-4C7B-B093-ADDC0BAF52D9}.Release|Any CPU.Build.0 = Release|Any CPU
		{3DDB822E-CF0A-459B-B3EA-7DA47EA4AF5C}.Debug|Any CPU.ActiveCfg = Debug|Any CPU
		{3DDB822E-CF0A-459B-B3EA-7DA47EA4AF5C}.Debug|Any CPU.Build.0 = Debug|Any CPU
		{3DDB822E-CF0A-459B-B3EA-7DA47EA4AF5C}.Release|Any CPU.ActiveCfg = Release|Any CPU
		{3DDB822E-CF0A-459B-B3EA-7DA47EA4AF5C}.Release|Any CPU.Build.0 = Release|Any CPU
		{D4DDCBCD-35DE-4848-B669-9AB8F1D5A48A}.Debug|Any CPU.ActiveCfg = Debug|Any CPU
		{D4DDCBCD-35DE-4848-B669-9AB8F1D5A48A}.Debug|Any CPU.Build.0 = Debug|Any CPU
		{D4DDCBCD-35DE-4848-B669-9AB8F1D5A48A}.Release|Any CPU.ActiveCfg = Release|Any CPU
		{D4DDCBCD-35DE-4848-B669-9AB8F1D5A48A}.Release|Any CPU.Build.0 = Release|Any CPU
		{7C488762-C3EC-4039-AAA5-D9257763E121}.Debug|Any CPU.ActiveCfg = Debug|Any CPU
		{7C488762-C3EC-4039-AAA5-D9257763E121}.Debug|Any CPU.Build.0 = Debug|Any CPU
		{7C488762-C3EC-4039-AAA5-D9257763E121}.Release|Any CPU.ActiveCfg = Release|Any CPU
		{7C488762-C3EC-4039-AAA5-D9257763E121}.Release|Any CPU.Build.0 = Release|Any CPU
		{B7919932-1DEB-4EC1-A16D-CACCBD29131C}.Debug|Any CPU.ActiveCfg = Debug|Any CPU
		{B7919932-1DEB-4EC1-A16D-CACCBD29131C}.Debug|Any CPU.Build.0 = Debug|Any CPU
		{B7919932-1DEB-4EC1-A16D-CACCBD29131C}.Release|Any CPU.ActiveCfg = Release|Any CPU
		{B7919932-1DEB-4EC1-A16D-CACCBD29131C}.Release|Any CPU.Build.0 = Release|Any CPU
		{C1E9A470-4762-465F-9D3B-6815279A465F}.Debug|Any CPU.ActiveCfg = Debug|Any CPU
		{C1E9A470-4762-465F-9D3B-6815279A465F}.Debug|Any CPU.Build.0 = Debug|Any CPU
		{C1E9A470-4762-465F-9D3B-6815279A465F}.Release|Any CPU.ActiveCfg = Release|Any CPU
		{C1E9A470-4762-465F-9D3B-6815279A465F}.Release|Any CPU.Build.0 = Release|Any CPU
		{9BA7FA9F-6AD7-4470-A6BC-7187F96E2CB6}.Debug|Any CPU.ActiveCfg = Debug|Any CPU
		{9BA7FA9F-6AD7-4470-A6BC-7187F96E2CB6}.Debug|Any CPU.Build.0 = Debug|Any CPU
		{9BA7FA9F-6AD7-4470-A6BC-7187F96E2CB6}.Release|Any CPU.ActiveCfg = Release|Any CPU
		{9BA7FA9F-6AD7-4470-A6BC-7187F96E2CB6}.Release|Any CPU.Build.0 = Release|Any CPU
		{DE273C5C-DD67-449C-AFB2-BC44E9C6B2D1}.Debug|Any CPU.ActiveCfg = Debug|Any CPU
		{DE273C5C-DD67-449C-AFB2-BC44E9C6B2D1}.Debug|Any CPU.Build.0 = Debug|Any CPU
		{DE273C5C-DD67-449C-AFB2-BC44E9C6B2D1}.Release|Any CPU.ActiveCfg = Release|Any CPU
		{DE273C5C-DD67-449C-AFB2-BC44E9C6B2D1}.Release|Any CPU.Build.0 = Release|Any CPU
		{82102817-8277-4378-97AE-EFF431EC35FE}.Debug|Any CPU.ActiveCfg = Debug|Any CPU
		{82102817-8277-4378-97AE-EFF431EC35FE}.Debug|Any CPU.Build.0 = Debug|Any CPU
		{82102817-8277-4378-97AE-EFF431EC35FE}.Release|Any CPU.ActiveCfg = Release|Any CPU
		{82102817-8277-4378-97AE-EFF431EC35FE}.Release|Any CPU.Build.0 = Release|Any CPU
		{CE96553A-D463-4B5D-A95A-AB22C026200E}.Debug|Any CPU.ActiveCfg = Debug|Any CPU
		{CE96553A-D463-4B5D-A95A-AB22C026200E}.Debug|Any CPU.Build.0 = Debug|Any CPU
		{CE96553A-D463-4B5D-A95A-AB22C026200E}.Release|Any CPU.ActiveCfg = Release|Any CPU
		{CE96553A-D463-4B5D-A95A-AB22C026200E}.Release|Any CPU.Build.0 = Release|Any CPU
		{A5EC14F3-AD2D-4FD1-AA4C-5B2EFA7A94F3}.Debug|Any CPU.ActiveCfg = Debug|Any CPU
		{A5EC14F3-AD2D-4FD1-AA4C-5B2EFA7A94F3}.Debug|Any CPU.Build.0 = Debug|Any CPU
		{A5EC14F3-AD2D-4FD1-AA4C-5B2EFA7A94F3}.Release|Any CPU.ActiveCfg = Release|Any CPU
		{A5EC14F3-AD2D-4FD1-AA4C-5B2EFA7A94F3}.Release|Any CPU.Build.0 = Release|Any CPU
		{7F7EBD2C-DE4C-4BA5-9F91-615E989C0094}.Debug|Any CPU.ActiveCfg = Debug|Any CPU
		{7F7EBD2C-DE4C-4BA5-9F91-615E989C0094}.Debug|Any CPU.Build.0 = Debug|Any CPU
		{7F7EBD2C-DE4C-4BA5-9F91-615E989C0094}.Release|Any CPU.ActiveCfg = Release|Any CPU
		{7F7EBD2C-DE4C-4BA5-9F91-615E989C0094}.Release|Any CPU.Build.0 = Release|Any CPU
		{4D5FCFC9-2997-4B50-AECC-BC8F225E59D5}.Debug|Any CPU.ActiveCfg = Debug|Any CPU
		{4D5FCFC9-2997-4B50-AECC-BC8F225E59D5}.Debug|Any CPU.Build.0 = Debug|Any CPU
		{4D5FCFC9-2997-4B50-AECC-BC8F225E59D5}.Release|Any CPU.ActiveCfg = Release|Any CPU
		{4D5FCFC9-2997-4B50-AECC-BC8F225E59D5}.Release|Any CPU.Build.0 = Release|Any CPU
		{9D012E6F-88AF-4FC8-AB65-14C81B9645E5}.Debug|Any CPU.ActiveCfg = Debug|Any CPU
		{9D012E6F-88AF-4FC8-AB65-14C81B9645E5}.Debug|Any CPU.Build.0 = Debug|Any CPU
		{9D012E6F-88AF-4FC8-AB65-14C81B9645E5}.Release|Any CPU.ActiveCfg = Release|Any CPU
		{9D012E6F-88AF-4FC8-AB65-14C81B9645E5}.Release|Any CPU.Build.0 = Release|Any CPU
		{5A01CC3C-5C7B-44BA-906D-05590A318542}.Debug|Any CPU.ActiveCfg = Debug|Any CPU
		{5A01CC3C-5C7B-44BA-906D-05590A318542}.Debug|Any CPU.Build.0 = Debug|Any CPU
		{5A01CC3C-5C7B-44BA-906D-05590A318542}.Release|Any CPU.ActiveCfg = Release|Any CPU
		{5A01CC3C-5C7B-44BA-906D-05590A318542}.Release|Any CPU.Build.0 = Release|Any CPU
		{7E4EC53F-941F-4AE5-A9F7-E022085E0D7C}.Debug|Any CPU.ActiveCfg = Debug|Any CPU
		{7E4EC53F-941F-4AE5-A9F7-E022085E0D7C}.Debug|Any CPU.Build.0 = Debug|Any CPU
		{7E4EC53F-941F-4AE5-A9F7-E022085E0D7C}.Release|Any CPU.ActiveCfg = Release|Any CPU
		{7E4EC53F-941F-4AE5-A9F7-E022085E0D7C}.Release|Any CPU.Build.0 = Release|Any CPU
		{434853CD-F3AE-40F4-BCF3-731153B79C2F}.Debug|Any CPU.ActiveCfg = Debug|Any CPU
		{434853CD-F3AE-40F4-BCF3-731153B79C2F}.Debug|Any CPU.Build.0 = Debug|Any CPU
		{434853CD-F3AE-40F4-BCF3-731153B79C2F}.Release|Any CPU.ActiveCfg = Release|Any CPU
		{434853CD-F3AE-40F4-BCF3-731153B79C2F}.Release|Any CPU.Build.0 = Release|Any CPU
		{335A003E-A0D5-4286-8B41-58A173085012}.Debug|Any CPU.ActiveCfg = Debug|Any CPU
		{335A003E-A0D5-4286-8B41-58A173085012}.Debug|Any CPU.Build.0 = Debug|Any CPU
		{335A003E-A0D5-4286-8B41-58A173085012}.Release|Any CPU.ActiveCfg = Release|Any CPU
		{335A003E-A0D5-4286-8B41-58A173085012}.Release|Any CPU.Build.0 = Release|Any CPU
		{463EE1D9-683A-40D3-8BA4-8A4FF2E0B563}.Debug|Any CPU.ActiveCfg = Debug|Any CPU
		{463EE1D9-683A-40D3-8BA4-8A4FF2E0B563}.Debug|Any CPU.Build.0 = Debug|Any CPU
		{463EE1D9-683A-40D3-8BA4-8A4FF2E0B563}.Release|Any CPU.ActiveCfg = Release|Any CPU
		{463EE1D9-683A-40D3-8BA4-8A4FF2E0B563}.Release|Any CPU.Build.0 = Release|Any CPU
		{44DE330D-8D42-4051-80AA-99F3436662A5}.Debug|Any CPU.ActiveCfg = Debug|Any CPU
		{44DE330D-8D42-4051-80AA-99F3436662A5}.Debug|Any CPU.Build.0 = Debug|Any CPU
		{44DE330D-8D42-4051-80AA-99F3436662A5}.Release|Any CPU.ActiveCfg = Release|Any CPU
		{44DE330D-8D42-4051-80AA-99F3436662A5}.Release|Any CPU.Build.0 = Release|Any CPU
		{54708A1E-A256-4416-92CC-032AB4ECF257}.Debug|Any CPU.ActiveCfg = Debug|Any CPU
		{54708A1E-A256-4416-92CC-032AB4ECF257}.Debug|Any CPU.Build.0 = Debug|Any CPU
		{54708A1E-A256-4416-92CC-032AB4ECF257}.Release|Any CPU.ActiveCfg = Release|Any CPU
		{54708A1E-A256-4416-92CC-032AB4ECF257}.Release|Any CPU.Build.0 = Release|Any CPU
		{94329FF3-FAA5-4263-BCED-B06884FE7B77}.Debug|Any CPU.ActiveCfg = Debug|Any CPU
		{94329FF3-FAA5-4263-BCED-B06884FE7B77}.Debug|Any CPU.Build.0 = Debug|Any CPU
		{94329FF3-FAA5-4263-BCED-B06884FE7B77}.Release|Any CPU.ActiveCfg = Release|Any CPU
		{94329FF3-FAA5-4263-BCED-B06884FE7B77}.Release|Any CPU.Build.0 = Release|Any CPU
		{D9B08535-6B5B-47C0-92DD-DC0A3135099D}.Debug|Any CPU.ActiveCfg = Debug|Any CPU
		{D9B08535-6B5B-47C0-92DD-DC0A3135099D}.Debug|Any CPU.Build.0 = Debug|Any CPU
		{D9B08535-6B5B-47C0-92DD-DC0A3135099D}.Release|Any CPU.ActiveCfg = Release|Any CPU
		{D9B08535-6B5B-47C0-92DD-DC0A3135099D}.Release|Any CPU.Build.0 = Release|Any CPU
		{F34AEB80-0A2D-4153-B017-2C8221070B8E}.Debug|Any CPU.ActiveCfg = Debug|Any CPU
		{F34AEB80-0A2D-4153-B017-2C8221070B8E}.Debug|Any CPU.Build.0 = Debug|Any CPU
		{F34AEB80-0A2D-4153-B017-2C8221070B8E}.Release|Any CPU.ActiveCfg = Release|Any CPU
		{F34AEB80-0A2D-4153-B017-2C8221070B8E}.Release|Any CPU.Build.0 = Release|Any CPU
		{A9046929-7BD4-48B9-82FC-3C6F68D13034}.Debug|Any CPU.ActiveCfg = Debug|Any CPU
		{A9046929-7BD4-48B9-82FC-3C6F68D13034}.Debug|Any CPU.Build.0 = Debug|Any CPU
		{A9046929-7BD4-48B9-82FC-3C6F68D13034}.Release|Any CPU.ActiveCfg = Release|Any CPU
		{A9046929-7BD4-48B9-82FC-3C6F68D13034}.Release|Any CPU.Build.0 = Release|Any CPU
		{B3B64ED3-A0BF-43B9-9F75-D2759DA1C1CA}.Debug|Any CPU.ActiveCfg = Debug|Any CPU
		{B3B64ED3-A0BF-43B9-9F75-D2759DA1C1CA}.Debug|Any CPU.Build.0 = Debug|Any CPU
		{B3B64ED3-A0BF-43B9-9F75-D2759DA1C1CA}.Release|Any CPU.ActiveCfg = Release|Any CPU
		{B3B64ED3-A0BF-43B9-9F75-D2759DA1C1CA}.Release|Any CPU.Build.0 = Release|Any CPU
		{F5110385-88C8-4A24-B56A-AFDD288B686E}.Debug|Any CPU.ActiveCfg = Debug|Any CPU
		{F5110385-88C8-4A24-B56A-AFDD288B686E}.Debug|Any CPU.Build.0 = Debug|Any CPU
		{F5110385-88C8-4A24-B56A-AFDD288B686E}.Release|Any CPU.ActiveCfg = Release|Any CPU
		{F5110385-88C8-4A24-B56A-AFDD288B686E}.Release|Any CPU.Build.0 = Release|Any CPU
		{29D576CE-15D2-474B-AFB0-AA9251F2718C}.Debug|Any CPU.ActiveCfg = Debug|Any CPU
		{29D576CE-15D2-474B-AFB0-AA9251F2718C}.Debug|Any CPU.Build.0 = Debug|Any CPU
		{29D576CE-15D2-474B-AFB0-AA9251F2718C}.Release|Any CPU.ActiveCfg = Release|Any CPU
		{29D576CE-15D2-474B-AFB0-AA9251F2718C}.Release|Any CPU.Build.0 = Release|Any CPU
		{DEB997F7-1B8C-424B-B60F-F298F6BD26E2}.Debug|Any CPU.ActiveCfg = Debug|Any CPU
		{DEB997F7-1B8C-424B-B60F-F298F6BD26E2}.Debug|Any CPU.Build.0 = Debug|Any CPU
		{DEB997F7-1B8C-424B-B60F-F298F6BD26E2}.Release|Any CPU.ActiveCfg = Release|Any CPU
		{DEB997F7-1B8C-424B-B60F-F298F6BD26E2}.Release|Any CPU.Build.0 = Release|Any CPU
		{72911DF6-962E-4796-B29F-2842E4DC1AE3}.Debug|Any CPU.ActiveCfg = Debug|Any CPU
		{72911DF6-962E-4796-B29F-2842E4DC1AE3}.Debug|Any CPU.Build.0 = Debug|Any CPU
		{72911DF6-962E-4796-B29F-2842E4DC1AE3}.Release|Any CPU.ActiveCfg = Release|Any CPU
		{72911DF6-962E-4796-B29F-2842E4DC1AE3}.Release|Any CPU.Build.0 = Release|Any CPU
		{5A451AB7-DFC1-49AA-B6F6-B9CC0A74B795}.Debug|Any CPU.ActiveCfg = Debug|Any CPU
		{5A451AB7-DFC1-49AA-B6F6-B9CC0A74B795}.Debug|Any CPU.Build.0 = Debug|Any CPU
		{5A451AB7-DFC1-49AA-B6F6-B9CC0A74B795}.Release|Any CPU.ActiveCfg = Release|Any CPU
		{5A451AB7-DFC1-49AA-B6F6-B9CC0A74B795}.Release|Any CPU.Build.0 = Release|Any CPU
		{F4E60E39-1658-4810-8497-67A788DAF3DD}.Debug|Any CPU.ActiveCfg = Debug|Any CPU
		{F4E60E39-1658-4810-8497-67A788DAF3DD}.Debug|Any CPU.Build.0 = Debug|Any CPU
		{F4E60E39-1658-4810-8497-67A788DAF3DD}.Release|Any CPU.ActiveCfg = Release|Any CPU
		{F4E60E39-1658-4810-8497-67A788DAF3DD}.Release|Any CPU.Build.0 = Release|Any CPU
		{D5863257-9735-40D7-8AB4-394BD9753F67}.Debug|Any CPU.ActiveCfg = Debug|Any CPU
		{D5863257-9735-40D7-8AB4-394BD9753F67}.Debug|Any CPU.Build.0 = Debug|Any CPU
		{D5863257-9735-40D7-8AB4-394BD9753F67}.Release|Any CPU.ActiveCfg = Release|Any CPU
		{D5863257-9735-40D7-8AB4-394BD9753F67}.Release|Any CPU.Build.0 = Release|Any CPU
		{BE3F5DA1-C9E9-4E9F-8444-521DA86B54EA}.Debug|Any CPU.ActiveCfg = Debug|Any CPU
		{BE3F5DA1-C9E9-4E9F-8444-521DA86B54EA}.Debug|Any CPU.Build.0 = Debug|Any CPU
		{BE3F5DA1-C9E9-4E9F-8444-521DA86B54EA}.Release|Any CPU.ActiveCfg = Release|Any CPU
		{BE3F5DA1-C9E9-4E9F-8444-521DA86B54EA}.Release|Any CPU.Build.0 = Release|Any CPU
		{399A587E-F22E-4366-964B-11972220952C}.Debug|Any CPU.ActiveCfg = Debug|Any CPU
		{399A587E-F22E-4366-964B-11972220952C}.Debug|Any CPU.Build.0 = Debug|Any CPU
		{399A587E-F22E-4366-964B-11972220952C}.Release|Any CPU.ActiveCfg = Release|Any CPU
		{399A587E-F22E-4366-964B-11972220952C}.Release|Any CPU.Build.0 = Release|Any CPU
		{810A094C-4314-4A29-AF12-6EDFCABA469D}.Debug|Any CPU.ActiveCfg = Debug|Any CPU
		{810A094C-4314-4A29-AF12-6EDFCABA469D}.Debug|Any CPU.Build.0 = Debug|Any CPU
		{810A094C-4314-4A29-AF12-6EDFCABA469D}.Release|Any CPU.ActiveCfg = Release|Any CPU
		{810A094C-4314-4A29-AF12-6EDFCABA469D}.Release|Any CPU.Build.0 = Release|Any CPU
		{93644E88-626B-4E9E-879C-4E75BCABEB6C}.Debug|Any CPU.ActiveCfg = Debug|Any CPU
		{93644E88-626B-4E9E-879C-4E75BCABEB6C}.Debug|Any CPU.Build.0 = Debug|Any CPU
		{93644E88-626B-4E9E-879C-4E75BCABEB6C}.Release|Any CPU.ActiveCfg = Release|Any CPU
		{93644E88-626B-4E9E-879C-4E75BCABEB6C}.Release|Any CPU.Build.0 = Release|Any CPU
	EndGlobalSection
	GlobalSection(SolutionProperties) = preSolution
		HideSolutionNode = FALSE
	EndGlobalSection
	GlobalSection(NestedProjects) = preSolution
		{1A7B0D86-3AEC-43CF-921B-DBE59C80171C} = {D558BFB6-D8E3-4B0D-AD5D-5C1A4EBA67A6}
		{57406E75-93BB-4C2F-B55E-1B138503C518} = {1A7B0D86-3AEC-43CF-921B-DBE59C80171C}
		{9E494464-298F-4FD7-84F7-A2FF3C00FF46} = {57406E75-93BB-4C2F-B55E-1B138503C518}
		{C7998BF0-3926-407F-B624-14FB64D69BB2} = {1A7B0D86-3AEC-43CF-921B-DBE59C80171C}
		{D29128E1-6A44-4349-ACDA-8E0CAC53320E} = {C7998BF0-3926-407F-B624-14FB64D69BB2}
		{93238DD1-0977-422A-A564-56BD09E1EC18} = {C7998BF0-3926-407F-B624-14FB64D69BB2}
		{CFDED708-E648-45DE-B5A4-34E51D11D69B} = {93238DD1-0977-422A-A564-56BD09E1EC18}
		{9974A3E3-06CA-4F87-B24F-4ECDD147A9D6} = {93238DD1-0977-422A-A564-56BD09E1EC18}
		{BC4C7BA6-C944-4B90-A5BD-A4222B04C4B8} = {93238DD1-0977-422A-A564-56BD09E1EC18}
		{7E26357A-2824-46AD-A0AC-67879DDC45F8} = {93238DD1-0977-422A-A564-56BD09E1EC18}
		{902AF40D-0B9F-44A1-ABD2-01ACC732DDAB} = {D558BFB6-D8E3-4B0D-AD5D-5C1A4EBA67A6}
		{A44BC94E-0956-4797-9016-28E909D94369} = {902AF40D-0B9F-44A1-ABD2-01ACC732DDAB}
		{C7A97CE7-0709-4E9D-928E-EB5F66F61FB2} = {A44BC94E-0956-4797-9016-28E909D94369}
		{1E4B1744-7ED9-4E48-94C7-C41E4E695A39} = {902AF40D-0B9F-44A1-ABD2-01ACC732DDAB}
		{5971C90F-4F01-448D-9AE6-C990D7EAE158} = {1E4B1744-7ED9-4E48-94C7-C41E4E695A39}
		{4B81C059-1850-49E8-AB12-182A45679AB5} = {902AF40D-0B9F-44A1-ABD2-01ACC732DDAB}
		{D992902E-3588-4E21-A1D5-488D283107B1} = {4B81C059-1850-49E8-AB12-182A45679AB5}
		{B3185EB6-76B7-4E08-97E3-AE8A1DD0408B} = {D992902E-3588-4E21-A1D5-488D283107B1}
		{54504FF6-FD23-47BE-814A-5761AEE224E0} = {B3185EB6-76B7-4E08-97E3-AE8A1DD0408B}
		{8BEDEA2C-E2CC-4F76-9E58-C605AEED97EC} = {D992902E-3588-4E21-A1D5-488D283107B1}
		{4CFC37E0-3454-44E7-A14D-4E05C8D65B32} = {8BEDEA2C-E2CC-4F76-9E58-C605AEED97EC}
		{29A161EB-558B-45B3-BB1E-4409F6F8A412} = {4CFC37E0-3454-44E7-A14D-4E05C8D65B32}
		{E46D173A-E669-46A4-869B-F9A26B957D80} = {4CFC37E0-3454-44E7-A14D-4E05C8D65B32}
		{8A36F8A3-E739-40FE-B527-836433110EA4} = {D992902E-3588-4E21-A1D5-488D283107B1}
		{F51BFF3B-DEF2-4D5F-A9F2-2E2D3C5E138A} = {D992902E-3588-4E21-A1D5-488D283107B1}
		{5212DB77-3B2A-40AB-92F9-064B9C28C402} = {F51BFF3B-DEF2-4D5F-A9F2-2E2D3C5E138A}
		{95730BA5-6C50-4F20-9F88-6C23EB104BF6} = {4B81C059-1850-49E8-AB12-182A45679AB5}
		{7A6BCDBE-AB75-4B86-9527-C61FF1C120EA} = {95730BA5-6C50-4F20-9F88-6C23EB104BF6}
		{825BD3CC-FD67-435A-AD0B-70FC3875B03C} = {F51BFF3B-DEF2-4D5F-A9F2-2E2D3C5E138A}
		{A5CCD674-9AA2-42C1-B50C-EB94BD522248} = {95730BA5-6C50-4F20-9F88-6C23EB104BF6}
		{50D29BF6-0130-44DF-93D7-A9B834B30C8A} = {95730BA5-6C50-4F20-9F88-6C23EB104BF6}
		{23A12FE0-BBDD-4D18-9E0E-96F68DA85285} = {95730BA5-6C50-4F20-9F88-6C23EB104BF6}
		{315DDDD8-6E85-4C09-9F74-B81ECD9CD65A} = {C7998BF0-3926-407F-B624-14FB64D69BB2}
		{41F9078E-BF7D-4632-AFD5-85C47A975399} = {C7998BF0-3926-407F-B624-14FB64D69BB2}
		{AD061D85-C1FB-4F50-8B36-93E3D49AAEF2} = {C7998BF0-3926-407F-B624-14FB64D69BB2}
		{2DC1F414-67D8-4A02-ADAD-E2C21B8E074E} = {C7998BF0-3926-407F-B624-14FB64D69BB2}
		{A4F1F026-7A62-4771-A44D-1E63117D5140} = {315DDDD8-6E85-4C09-9F74-B81ECD9CD65A}
		{04A31EF0-41DF-460B-BE78-9D7AF0E6F99F} = {93238DD1-0977-422A-A564-56BD09E1EC18}
		{7FE9F6F6-8D8B-489A-8C9A-B9174D77C050} = {4B81C059-1850-49E8-AB12-182A45679AB5}
		{55776849-8550-4D92-B00B-FF736143DF28} = {4B81C059-1850-49E8-AB12-182A45679AB5}
		{A766D3D1-58B3-4BE6-BAC4-A9507C364EEC} = {4B81C059-1850-49E8-AB12-182A45679AB5}
		{36290690-0A54-48CF-92C5-FE4D2F580629} = {4B81C059-1850-49E8-AB12-182A45679AB5}
		{17923694-78FA-491C-95FA-ADE35824CD96} = {7FE9F6F6-8D8B-489A-8C9A-B9174D77C050}
		{DF0007CD-791C-4AA9-9D87-724BB458DDBD} = {55776849-8550-4D92-B00B-FF736143DF28}
		{AFB6A402-813A-40A0-BD17-65A6CDE7050C} = {A766D3D1-58B3-4BE6-BAC4-A9507C364EEC}
		{B816901F-87FB-4DDC-9E2A-7957AF76BEC0} = {36290690-0A54-48CF-92C5-FE4D2F580629}
		{EC8EA48E-81AC-41DD-9CCB-CD62E0BF07D0} = {93238DD1-0977-422A-A564-56BD09E1EC18}
		{6DAB38FA-B48B-4B56-9CDD-8EF4E291DC90} = {95730BA5-6C50-4F20-9F88-6C23EB104BF6}
		{AA8D5E1F-C3DE-4025-9A24-1759798661B6} = {41F9078E-BF7D-4632-AFD5-85C47A975399}
		{F28B99F4-29F5-452B-BAD8-93C0B20644F3} = {2DC1F414-67D8-4A02-ADAD-E2C21B8E074E}
		{187F214F-8C16-4761-B22A-B989E762B46C} = {93238DD1-0977-422A-A564-56BD09E1EC18}
		{BA9AF094-5240-481A-BD66-D6E2D81B2000} = {93238DD1-0977-422A-A564-56BD09E1EC18}
		{8E251108-4F7C-45FB-84CD-FC1A304F1EEF} = {D992902E-3588-4E21-A1D5-488D283107B1}
		{3B82BE2C-CD32-4AFA-A496-9240A71A9003} = {93238DD1-0977-422A-A564-56BD09E1EC18}
		{09E13B1B-2547-4FC2-840E-063389AA49F6} = {D992902E-3588-4E21-A1D5-488D283107B1}
		{578A9FC8-4AAE-4C2A-B193-9FC4AB0E1E29} = {315DDDD8-6E85-4C09-9F74-B81ECD9CD65A}
		{E1EFF5F3-25DC-4452-B85F-4F9C306F7BEB} = {09E13B1B-2547-4FC2-840E-063389AA49F6}
		{167DCF5E-1461-42C1-8360-1408CA254AAA} = {93238DD1-0977-422A-A564-56BD09E1EC18}
		{55A319F7-1A62-4F23-BBCF-4130E0C7CD9B} = {93238DD1-0977-422A-A564-56BD09E1EC18}
		{C1915097-5AC7-4C96-A870-5551702C910E} = {93238DD1-0977-422A-A564-56BD09E1EC18}
		{707D6365-AB95-408B-8497-38D0EFA316EB} = {93238DD1-0977-422A-A564-56BD09E1EC18}
		{DBB3A517-AD29-492F-9E4C-360F5AA2D7E5} = {93238DD1-0977-422A-A564-56BD09E1EC18}
		{3CF41E1B-EE55-4D7F-9AC8-361523E0C726} = {93238DD1-0977-422A-A564-56BD09E1EC18}
		{15EC659F-8A97-405A-811F-7151DB4796A5} = {93238DD1-0977-422A-A564-56BD09E1EC18}
		{B694FAD8-B622-462F-A920-57CE5DAC3B11} = {315DDDD8-6E85-4C09-9F74-B81ECD9CD65A}
		{4EC5A8E4-1B55-4ADD-B41F-AE8C79959004} = {93238DD1-0977-422A-A564-56BD09E1EC18}
		{F47BD64E-8AE4-4979-B707-C898FF46037D} = {93238DD1-0977-422A-A564-56BD09E1EC18}
		{982B6D29-3CA5-4F66-B591-5E01438ACB10} = {93238DD1-0977-422A-A564-56BD09E1EC18}
		{726554CA-EE47-4C6E-85CF-2B42C7EC8600} = {93238DD1-0977-422A-A564-56BD09E1EC18}
		{D880EC85-2A22-4125-9F44-7179E997C164} = {315DDDD8-6E85-4C09-9F74-B81ECD9CD65A}
		{65762A87-366F-4357-B1B5-496C77716D46} = {7FE9F6F6-8D8B-489A-8C9A-B9174D77C050}
		{56203B66-9FE8-49AA-A2D4-E53B907088AE} = {93238DD1-0977-422A-A564-56BD09E1EC18}
		{6C791628-E81A-478B-8BAC-A653B0C30B24} = {D992902E-3588-4E21-A1D5-488D283107B1}
		{B63430A8-E833-4D44-BEAA-0B697BE28213} = {6C791628-E81A-478B-8BAC-A653B0C30B24}
		{4201F090-57C0-4449-B065-E7BA93FA8A95} = {93238DD1-0977-422A-A564-56BD09E1EC18}
		{6C25A820-34C4-4258-9B9C-C65A9A1D87C8} = {93238DD1-0977-422A-A564-56BD09E1EC18}
		{CEA11D7B-F1BB-4399-B149-6AABE49BB359} = {93238DD1-0977-422A-A564-56BD09E1EC18}
		{7102396C-C1CB-4C17-B868-FFB99762EA0A} = {93238DD1-0977-422A-A564-56BD09E1EC18}
		{43957C0D-F0A6-4B03-9FC9-631E996E0DF8} = {93238DD1-0977-422A-A564-56BD09E1EC18}
		{D2956C88-1C5C-4DF7-ADBF-0C560859B410} = {93238DD1-0977-422A-A564-56BD09E1EC18}
		{6C61DFC0-06AC-4F49-BF5C-AD254F200461} = {93238DD1-0977-422A-A564-56BD09E1EC18}
		{2EFCFA45-F37F-47E7-8BE4-1EAE3F4B945D} = {315DDDD8-6E85-4C09-9F74-B81ECD9CD65A}
		{DAD8546A-4467-4BAC-9CEF-BDD9B3FC0C9D} = {93238DD1-0977-422A-A564-56BD09E1EC18}
		{0EA31840-6745-4267-90C6-ACA9922EA7CF} = {315DDDD8-6E85-4C09-9F74-B81ECD9CD65A}
		{6309D430-F5F1-469B-9D9D-E2E20FFCA0D9} = {93238DD1-0977-422A-A564-56BD09E1EC18}
		{E3D2C825-7F11-411D-ADE4-146AAC1E8E7D} = {93238DD1-0977-422A-A564-56BD09E1EC18}
		{616975C0-689A-4705-B830-5ECC00046536} = {93238DD1-0977-422A-A564-56BD09E1EC18}
		{091C4DFE-C917-4F3B-91AA-B7489A8715F9} = {93238DD1-0977-422A-A564-56BD09E1EC18}
		{A9B01CF1-6A9E-41DC-BC9C-DEC687AEB0FF} = {93238DD1-0977-422A-A564-56BD09E1EC18}
		{A9F32134-4447-4B1F-A0FC-9C2782CA5D25} = {93238DD1-0977-422A-A564-56BD09E1EC18}
		{AE4D08F8-2678-40F5-8506-5D11AC1BCA00} = {93238DD1-0977-422A-A564-56BD09E1EC18}
		{91B97630-EC9A-4124-AA61-28FF619C9400} = {93238DD1-0977-422A-A564-56BD09E1EC18}
		{AA931A50-73F5-46C3-89DA-BFC129D0CFB5} = {315DDDD8-6E85-4C09-9F74-B81ECD9CD65A}
		{059DDC25-C16C-4484-A06B-091A5D6DC30A} = {7FE9F6F6-8D8B-489A-8C9A-B9174D77C050}
		{4BAAFF17-D13E-4334-917C-C77DACA20334} = {315DDDD8-6E85-4C09-9F74-B81ECD9CD65A}
		{69EDD58E-C9FB-439E-96BB-4D1E539327B1} = {93238DD1-0977-422A-A564-56BD09E1EC18}
		{6B6CF8C6-F2EA-4B83-B864-3AF959E8E6C5} = {93238DD1-0977-422A-A564-56BD09E1EC18}
		{52C939EA-3740-4B17-8ABF-17F5004E3103} = {6C791628-E81A-478B-8BAC-A653B0C30B24}
		{434932D2-A7F8-41E9-A1CC-E492FF757054} = {93238DD1-0977-422A-A564-56BD09E1EC18}
		{3628A801-FD2F-4295-BF4F-F74B85304FB3} = {93238DD1-0977-422A-A564-56BD09E1EC18}
		{FFFC9823-EB17-4C5F-8034-2F918A0D0E3B} = {93238DD1-0977-422A-A564-56BD09E1EC18}
		{1CC737E3-3174-4AB0-B24E-AC778A77BBAC} = {93238DD1-0977-422A-A564-56BD09E1EC18}
		{404A22D3-941E-4D3D-80D9-C624346FB4D1} = {AD061D85-C1FB-4F50-8B36-93E3D49AAEF2}
		{FCC5B187-3B67-4631-B80C-DCFAA99F110C} = {AD061D85-C1FB-4F50-8B36-93E3D49AAEF2}
		{79A46F05-66EF-46FB-BB44-A27CBA613954} = {AD061D85-C1FB-4F50-8B36-93E3D49AAEF2}
		{3F867994-B97D-4F92-94D4-B3BA5F72B2F8} = {AD061D85-C1FB-4F50-8B36-93E3D49AAEF2}
		{47073572-281A-49F0-A651-8B6BA3533C44} = {AD061D85-C1FB-4F50-8B36-93E3D49AAEF2}
		{0B86C273-3BEB-4D29-A164-0EDD628903CF} = {AD061D85-C1FB-4F50-8B36-93E3D49AAEF2}
		{53B98DB5-7214-4D40-B391-E0E9ED55DBE4} = {AD061D85-C1FB-4F50-8B36-93E3D49AAEF2}
		{8F54322A-648B-423F-ADFF-A044D966C94B} = {AD061D85-C1FB-4F50-8B36-93E3D49AAEF2}
		{F21F9E67-B756-4F03-9BF4-858A8E211E27} = {AD061D85-C1FB-4F50-8B36-93E3D49AAEF2}
		{89A08357-E4A9-421A-8683-BF2D39B688CC} = {93238DD1-0977-422A-A564-56BD09E1EC18}
		{BFE3919E-133A-4C7B-B093-ADDC0BAF52D9} = {AD061D85-C1FB-4F50-8B36-93E3D49AAEF2}
		{59F56FEE-1871-456F-8F01-C0FFFB241AB9} = {D992902E-3588-4E21-A1D5-488D283107B1}
		{3DDB822E-CF0A-459B-B3EA-7DA47EA4AF5C} = {59F56FEE-1871-456F-8F01-C0FFFB241AB9}
		{D4DDCBCD-35DE-4848-B669-9AB8F1D5A48A} = {AD061D85-C1FB-4F50-8B36-93E3D49AAEF2}
		{7C488762-C3EC-4039-AAA5-D9257763E121} = {AD061D85-C1FB-4F50-8B36-93E3D49AAEF2}
		{B7919932-1DEB-4EC1-A16D-CACCBD29131C} = {AD061D85-C1FB-4F50-8B36-93E3D49AAEF2}
		{C1E9A470-4762-465F-9D3B-6815279A465F} = {AD061D85-C1FB-4F50-8B36-93E3D49AAEF2}
		{9BA7FA9F-6AD7-4470-A6BC-7187F96E2CB6} = {AD061D85-C1FB-4F50-8B36-93E3D49AAEF2}
		{DE273C5C-DD67-449C-AFB2-BC44E9C6B2D1} = {AD061D85-C1FB-4F50-8B36-93E3D49AAEF2}
		{82102817-8277-4378-97AE-EFF431EC35FE} = {AD061D85-C1FB-4F50-8B36-93E3D49AAEF2}
		{CE96553A-D463-4B5D-A95A-AB22C026200E} = {F51BFF3B-DEF2-4D5F-A9F2-2E2D3C5E138A}
		{A5EC14F3-AD2D-4FD1-AA4C-5B2EFA7A94F3} = {AD061D85-C1FB-4F50-8B36-93E3D49AAEF2}
		{7F7EBD2C-DE4C-4BA5-9F91-615E989C0094} = {AD061D85-C1FB-4F50-8B36-93E3D49AAEF2}
		{4D5FCFC9-2997-4B50-AECC-BC8F225E59D5} = {AD061D85-C1FB-4F50-8B36-93E3D49AAEF2}
		{9D012E6F-88AF-4FC8-AB65-14C81B9645E5} = {AD061D85-C1FB-4F50-8B36-93E3D49AAEF2}
		{5A01CC3C-5C7B-44BA-906D-05590A318542} = {AD061D85-C1FB-4F50-8B36-93E3D49AAEF2}
		{7E4EC53F-941F-4AE5-A9F7-E022085E0D7C} = {AD061D85-C1FB-4F50-8B36-93E3D49AAEF2}
		{434853CD-F3AE-40F4-BCF3-731153B79C2F} = {AD061D85-C1FB-4F50-8B36-93E3D49AAEF2}
		{335A003E-A0D5-4286-8B41-58A173085012} = {AD061D85-C1FB-4F50-8B36-93E3D49AAEF2}
		{463EE1D9-683A-40D3-8BA4-8A4FF2E0B563} = {AD061D85-C1FB-4F50-8B36-93E3D49AAEF2}
		{44DE330D-8D42-4051-80AA-99F3436662A5} = {93238DD1-0977-422A-A564-56BD09E1EC18}
		{54708A1E-A256-4416-92CC-032AB4ECF257} = {AD061D85-C1FB-4F50-8B36-93E3D49AAEF2}
		{94329FF3-FAA5-4263-BCED-B06884FE7B77} = {315DDDD8-6E85-4C09-9F74-B81ECD9CD65A}
		{D9B08535-6B5B-47C0-92DD-DC0A3135099D} = {315DDDD8-6E85-4C09-9F74-B81ECD9CD65A}
		{F34AEB80-0A2D-4153-B017-2C8221070B8E} = {315DDDD8-6E85-4C09-9F74-B81ECD9CD65A}
		{A9046929-7BD4-48B9-82FC-3C6F68D13034} = {315DDDD8-6E85-4C09-9F74-B81ECD9CD65A}
		{B3B64ED3-A0BF-43B9-9F75-D2759DA1C1CA} = {315DDDD8-6E85-4C09-9F74-B81ECD9CD65A}
		{F5110385-88C8-4A24-B56A-AFDD288B686E} = {315DDDD8-6E85-4C09-9F74-B81ECD9CD65A}
		{29D576CE-15D2-474B-AFB0-AA9251F2718C} = {315DDDD8-6E85-4C09-9F74-B81ECD9CD65A}
		{DEB997F7-1B8C-424B-B60F-F298F6BD26E2} = {315DDDD8-6E85-4C09-9F74-B81ECD9CD65A}
		{72911DF6-962E-4796-B29F-2842E4DC1AE3} = {41F9078E-BF7D-4632-AFD5-85C47A975399}
		{5A451AB7-DFC1-49AA-B6F6-B9CC0A74B795} = {AD061D85-C1FB-4F50-8B36-93E3D49AAEF2}
		{F4E60E39-1658-4810-8497-67A788DAF3DD} = {AD061D85-C1FB-4F50-8B36-93E3D49AAEF2}
		{D5863257-9735-40D7-8AB4-394BD9753F67} = {AD061D85-C1FB-4F50-8B36-93E3D49AAEF2}
		{BE3F5DA1-C9E9-4E9F-8444-521DA86B54EA} = {41F9078E-BF7D-4632-AFD5-85C47A975399}
		{810A094C-4314-4A29-AF12-6EDFCABA469D} = {7FE9F6F6-8D8B-489A-8C9A-B9174D77C050}
		{93644E88-626B-4E9E-879C-4E75BCABEB6C} = {4B81C059-1850-49E8-AB12-182A45679AB5}
	EndGlobalSection
	GlobalSection(ExtensibilityGlobals) = postSolution
		SolutionGuid = {D57C122E-3458-4428-82FB-FF6E7A97A032}
	EndGlobalSection
EndGlobal
