
Microsoft Visual Studio Solution File, Format Version 12.00
# Visual Studio Version 17
VisualStudioVersion = 17.5.002.0
MinimumVisualStudioVersion = 10.0.40219.1
Project("{2150E333-8FDC-42A3-9474-1A3956D46DE8}") = "Core", "Core", "{B0D3DB4F-F762-41A1-B3DE-FC363E9AFF7B}"
EndProject
Project("{2150E333-8FDC-42A3-9474-1A3956D46DE8}") = "Application", "Application", "{A8DB3D65-9FAF-43BE-9F75-034D3D2B7FAB}"
EndProject
Project("{9A19103F-16F7-4668-BE54-9A1E7A4F7556}") = "PenomyAPI.App.Common", "Core\Application\PenomyAPI.App.Common\PenomyAPI.App.Common.csproj", "{70C30039-4358-4E0A-8CEB-7EA6819540A8}"
EndProject
Project("{2150E333-8FDC-42A3-9474-1A3956D46DE8}") = "Domain", "Domain", "{D590D41E-8D16-45BB-9C42-16F853907A10}"
EndProject
Project("{9A19103F-16F7-4668-BE54-9A1E7A4F7556}") = "PenomyAPI.Domain.RelationalDb", "Core\Domain\PenomyAPI.Domain.RelationalDb\PenomyAPI.Domain.RelationalDb.csproj", "{425BBD1D-F068-4CA9-9AAF-1D35934C64D3}"
EndProject
Project("{2150E333-8FDC-42A3-9474-1A3956D46DE8}") = "External", "External", "{D0A0781D-CD1C-421E-9F1A-C72E4EF4DFD6}"
EndProject
Project("{2150E333-8FDC-42A3-9474-1A3956D46DE8}") = "BuildingBlock", "BuildingBlock", "{E789B29D-71C6-4331-B3BD-A906F7E13567}"
EndProject
Project("{9A19103F-16F7-4668-BE54-9A1E7A4F7556}") = "PenomyAPI.BuildingBlock.FeatRegister", "External\BuildingBlock\PenomyAPI.BuildingBlock.FeatRegister\PenomyAPI.BuildingBlock.FeatRegister.csproj", "{05979289-E2F4-4B03-BBD0-C65D4B40052A}"
EndProject
Project("{2150E333-8FDC-42A3-9474-1A3956D46DE8}") = "Presentation", "Presentation", "{E62262FC-7BDF-48C5-BD78-B0A9AB65FCD9}"
EndProject
Project("{9A19103F-16F7-4668-BE54-9A1E7A4F7556}") = "PenomyAPI.Presentation.FastEndpointBasedApi", "External\Presentation\PenomyAPI.Presentation.FastEndpointBasedApi\PenomyAPI.Presentation.FastEndpointBasedApi.csproj", "{F2860464-FCFB-402C-B03C-A9ED3CDF6215}"
EndProject
Project("{2150E333-8FDC-42A3-9474-1A3956D46DE8}") = "ArtworkCreation", "ArtworkCreation", "{F8458B88-69CC-4564-B229-3B4C6E3335A9}"
EndProject
Project("{9A19103F-16F7-4668-BE54-9A1E7A4F7556}") = "PenomyAPI.App.FeatArt4", "Core\Application\ArtworkCreation\PenomyAPI.App.FeatArt1\PenomyAPI.App.FeatArt4.csproj", "{17B21677-0D47-4C29-901B-A5D26457F9C5}"
EndProject
Project("{2150E333-8FDC-42A3-9474-1A3956D46DE8}") = "Chat", "Chat", "{907AD7FD-8009-4B28-8E0C-7EF52BBD45B6}"
EndProject
Project("{9A19103F-16F7-4668-BE54-9A1E7A4F7556}") = "PenomyAPI.App.FeatChat1", "Core\Application\Chat\PenomyAPI.App.FeatChat1\PenomyAPI.App.FeatChat1.csproj", "{3E96AC83-AA63-441B-AD62-F350E93E16D8}"
EndProject
Project("{2150E333-8FDC-42A3-9474-1A3956D46DE8}") = "Generic", "Generic", "{1FA0B9B7-9579-4C76-B0FA-EFFEBFC47190}"
EndProject
Project("{9A19103F-16F7-4668-BE54-9A1E7A4F7556}") = "PenomyAPI.App.FeatG1", "Core\Application\Generic\PenomyAPI.App.FeatG1\PenomyAPI.App.FeatG1.csproj", "{7D3F7A6E-A028-4F60-844F-CBA94A84B2A5}"
EndProject
Project("{9A19103F-16F7-4668-BE54-9A1E7A4F7556}") = "PenomyAPI.App.FeatG10", "Core\Application\Generic\PenomyAPI.App.FeatG10\PenomyAPI.App.FeatG10.csproj", "{1E4E3485-184A-4035-8EB2-C950910285E3}"
EndProject
Project("{9A19103F-16F7-4668-BE54-9A1E7A4F7556}") = "PenomyAPI.App.FeatG3", "Core\Application\Generic\PenomyAPI.App.FeatG3\PenomyAPI.App.FeatG3.csproj", "{2654FA89-94F2-4BD9-AFEF-DAFFF0E6DB1E}"
EndProject
Project("{9A19103F-16F7-4668-BE54-9A1E7A4F7556}") = "PenomyAPI.App.FeatG31", "Core\Application\Generic\PenomyAPI.App.FeatG31\PenomyAPI.App.FeatG31.csproj", "{716DB2C9-2673-4648-A7EC-D3888764657A}"
EndProject
Project("{9A19103F-16F7-4668-BE54-9A1E7A4F7556}") = "PenomyAPI.App.FeatG32", "Core\Application\Generic\PenomyAPI.App.FeatG32\PenomyAPI.App.FeatG32.csproj", "{E134A4F2-BCC0-4452-A9AC-FF491C933425}"
EndProject
Project("{9A19103F-16F7-4668-BE54-9A1E7A4F7556}") = "PenomyAPI.App.FeatG34", "Core\Application\Generic\PenomyAPI.App.FeatG34\PenomyAPI.App.FeatG34.csproj", "{4968C065-3C6D-4B25-A419-F5FFB44A90C3}"
EndProject
Project("{9A19103F-16F7-4668-BE54-9A1E7A4F7556}") = "PenomyAPI.App.FeatG5", "Core\Application\Generic\PenomyAPI.App.FeatG5\PenomyAPI.App.FeatG5.csproj", "{87C2161C-8C81-4B9E-8036-B5DEB915ED24}"
EndProject
Project("{2150E333-8FDC-42A3-9474-1A3956D46DE8}") = "SocialMedia", "SocialMedia", "{8C78CD7E-7BB4-4C61-A1BD-D27125BF2D5D}"
EndProject
Project("{9A19103F-16F7-4668-BE54-9A1E7A4F7556}") = "PenomyAPI.App.FeatSM1", "Core\Application\SocialMedia\PenomyAPI.App.FeatSM1\PenomyAPI.App.FeatSM1.csproj", "{B8802FC7-EBAF-4C99-A238-30449B52B243}"
EndProject
Project("{2150E333-8FDC-42A3-9474-1A3956D46DE8}") = "SystemManagement", "SystemManagement", "{573330C5-1498-42BB-9245-EF73EC857EC0}"
EndProject
Project("{9A19103F-16F7-4668-BE54-9A1E7A4F7556}") = "PenomyAPI.App.FeatSys1", "Core\Application\SystemManagement\PenomyAPI.App.FeatSys1\PenomyAPI.App.FeatSys1.csproj", "{F5863167-8DA2-47D7-8A41-A09F364B6100}"
EndProject
Project("{2150E333-8FDC-42A3-9474-1A3956D46DE8}") = "Infrastructure", "Infrastructure", "{B70075DC-60BA-45B0-9254-7D78D410F3D9}"
EndProject
Project("{2150E333-8FDC-42A3-9474-1A3956D46DE8}") = "ArtworkCreation", "ArtworkCreation", "{7EE960AE-73FB-4626-A484-760E580A0D0C}"
EndProject
Project("{9A19103F-16F7-4668-BE54-9A1E7A4F7556}") = "PenomyAPI - Backup.Infra.FeatArt1", "External\Infrastructure\ArtworkCreation\PenomyAPI.Infra.FeatArt1\PenomyAPI - Backup.Infra.FeatArt1.csproj", "{204BB6A0-A4A9-4A0D-A952-FB098AD66061}"
EndProject
Project("{9A19103F-16F7-4668-BE54-9A1E7A4F7556}") = "PenomyAPI.Infra.FeatArt4", "External\Infrastructure\ArtworkCreation\PenomyAPI.Infra.FeatArt1\PenomyAPI.Infra.FeatArt4.csproj", "{B55FDCB3-843A-44D4-9DA6-9E9867FFE7AC}"
EndProject
Project("{2150E333-8FDC-42A3-9474-1A3956D46DE8}") = "Chat", "Chat", "{FF11668A-2E8F-4B13-B686-BB6F73231F52}"
EndProject
Project("{9A19103F-16F7-4668-BE54-9A1E7A4F7556}") = "PenomyAPI.Infra.FeatChat1", "External\Infrastructure\Chat\PenomyAPI.Infra.FeatChat1\PenomyAPI.Infra.FeatChat1.csproj", "{38F44363-AFFD-4E1D-8FE5-94E847362081}"
EndProject
Project("{2150E333-8FDC-42A3-9474-1A3956D46DE8}") = "Common", "Common", "{D0F2DDCD-01BF-4FDF-A522-E18ECFF09860}"
EndProject
Project("{9A19103F-16F7-4668-BE54-9A1E7A4F7556}") = "PenomyAPI.Infra.Configuration", "External\Infrastructure\Common\PenomyAPI.Infra.Configuration\PenomyAPI.Infra.Configuration.csproj", "{5C6AF629-C98E-4F22-BC1D-770F1FAD0D1D}"
EndProject
Project("{9A19103F-16F7-4668-BE54-9A1E7A4F7556}") = "SnowflakeIdGenerator", "External\Infrastructure\Common\SnowflakeIdGenerator\SnowflakeIdGenerator.csproj", "{EABEB2D9-095A-4A29-97F0-31489AE924A6}"
EndProject
Project("{2150E333-8FDC-42A3-9474-1A3956D46DE8}") = "Generic", "Generic", "{63662CA7-27A0-4577-B964-427D9B7ED7C7}"
EndProject
Project("{9A19103F-16F7-4668-BE54-9A1E7A4F7556}") = "PenomyAPI.Infra.FeatG1", "External\Infrastructure\Generic\PenomyAPI.Infra.FeatG1\PenomyAPI.Infra.FeatG1.csproj", "{5873EA19-7DBD-4031-9D18-D4009A1FF7C1}"
EndProject
Project("{9A19103F-16F7-4668-BE54-9A1E7A4F7556}") = "PenomyAPI.Infra.FeatG3", "External\Infrastructure\Generic\PenomyAPI.Infra.FeatG3\PenomyAPI.Infra.FeatG3.csproj", "{132B87BC-71A2-4C6C-B190-C256889BA09A}"
EndProject
Project("{9A19103F-16F7-4668-BE54-9A1E7A4F7556}") = "PenomyAPI.Infra.FeatG31", "External\Infrastructure\Generic\PenomyAPI.Infra.FeatG31\PenomyAPI.Infra.FeatG31.csproj", "{2068443E-BF78-44A6-A23C-4C55499B2D22}"
EndProject
Project("{9A19103F-16F7-4668-BE54-9A1E7A4F7556}") = "PenomyAPI.Infra.FeatG32", "External\Infrastructure\Generic\PenomyAPI.Infra.FeatG32\PenomyAPI.Infra.FeatG32.csproj", "{7C302BE4-E67F-40B5-9524-C2CBB642AC3F}"
EndProject
Project("{9A19103F-16F7-4668-BE54-9A1E7A4F7556}") = "PenomyAPI.Infra.FeatG34", "External\Infrastructure\Generic\PenomyAPI.Infra.FeatG34\PenomyAPI.Infra.FeatG34.csproj", "{3465E9D0-8205-4A0A-9E84-2EA66E2A5756}"
EndProject
Project("{2150E333-8FDC-42A3-9474-1A3956D46DE8}") = "SocialMedia", "SocialMedia", "{7D94D425-511D-45C1-934A-4552044D710B}"
EndProject
Project("{9A19103F-16F7-4668-BE54-9A1E7A4F7556}") = "PenomyAPI.Infra.FeatSM1", "External\Infrastructure\SocialMedia\PenomyAPI.Infra.FeatSM1\PenomyAPI.Infra.FeatSM1.csproj", "{033574F0-3EA6-44FB-9F0B-8B52DFF7C7CE}"
EndProject
Project("{2150E333-8FDC-42A3-9474-1A3956D46DE8}") = "SystemManagement", "SystemManagement", "{2B0BF279-82F7-46A0-975C-F9D3508DF3A8}"
EndProject
Project("{9A19103F-16F7-4668-BE54-9A1E7A4F7556}") = "PenomyAPI.Infra.FeatSys1", "External\Infrastructure\SystemManagement\PenomyAPI.Infra.FeatSys1\PenomyAPI.Infra.FeatSys1.csproj", "{65960B82-B02D-45A9-A804-42E49F6241B1}"
EndProject
Project("{2150E333-8FDC-42A3-9474-1A3956D46DE8}") = "BackgroundJob", "BackgroundJob", "{2A1E5D8A-CDCD-4C0A-A145-BBA525A01B60}"
EndProject
Project("{9A19103F-16F7-4668-BE54-9A1E7A4F7556}") = "PenomyAPI.BackgroundJob.Quartz", "External\Infrastructure\Common\BackgroundJob\PenomyAPI.BackgroundJob.Quartz\PenomyAPI.BackgroundJob.Quartz.csproj", "{87E83D06-2E4C-4F64-AD8B-DAB45C09A812}"
EndProject
Project("{2150E333-8FDC-42A3-9474-1A3956D46DE8}") = "Persistence", "Persistence", "{F06DF7A3-D1F6-490B-B041-DB69402AAC05}"
EndProject
Project("{9A19103F-16F7-4668-BE54-9A1E7A4F7556}") = "PenomyAPI.Persist.Postgres", "External\Infrastructure\Common\Persistence\PenomyAPI.Persist.Postgres\PenomyAPI.Persist.Postgres.csproj", "{44FE89BA-47AF-4785-97E8-8B54BECF0439}"
EndProject
Project("{9A19103F-16F7-4668-BE54-9A1E7A4F7556}") = "PenomyAPI.Persist.Redis", "External\Infrastructure\Common\Persistence\PenomyAPI.Persist.Redis\PenomyAPI.Persist.Redis.csproj", "{5CF87AA8-75FA-4BEA-B0F2-A1051C788869}"
EndProject
Project("{9A19103F-16F7-4668-BE54-9A1E7A4F7556}") = "PenomyAPI.Persist.Typesense", "External\Infrastructure\Common\Persistence\PenomyAPI.Persist.Typesense\PenomyAPI.Persist.Typesense.csproj", "{E6EABB05-E4AC-4330-9ABD-B382D7E9827D}"
EndProject
Project("{2150E333-8FDC-42A3-9474-1A3956D46DE8}") = "Notification", "Notification", "{FE1FDD59-C802-4C43-BE2E-30D832584CE9}"
EndProject
Project("{2150E333-8FDC-42A3-9474-1A3956D46DE8}") = "Mail", "Mail", "{6DBE6B4B-5F0E-41DD-910B-9B2386D4B0F6}"
EndProject
Project("{9A19103F-16F7-4668-BE54-9A1E7A4F7556}") = "PenomyAPI.Noti.Mail.GoogleGmail", "External\Infrastructure\Common\Notification\Mail\PenomyAPI.Noti.Mail.GoogleGmail\PenomyAPI.Noti.Mail.GoogleGmail.csproj", "{B3590104-2D84-443F-B962-7ADD00A20E6C}"
EndProject
Project("{9A19103F-16F7-4668-BE54-9A1E7A4F7556}") = "PenomyAPI.Noti.Mail.MailCow", "External\Infrastructure\Common\Notification\Mail\PenomyAPI.Noti.Mail.MailCow\PenomyAPI.Noti.Mail.MailCow.csproj", "{9A0FB506-E2D0-45A2-923F-A644068744F5}"
EndProject
Global
	GlobalSection(SolutionConfigurationPlatforms) = preSolution
		Debug|Any CPU = Debug|Any CPU
		Release|Any CPU = Release|Any CPU
	EndGlobalSection
	GlobalSection(ProjectConfigurationPlatforms) = postSolution
		{70C30039-4358-4E0A-8CEB-7EA6819540A8}.Debug|Any CPU.ActiveCfg = Debug|Any CPU
		{70C30039-4358-4E0A-8CEB-7EA6819540A8}.Debug|Any CPU.Build.0 = Debug|Any CPU
		{70C30039-4358-4E0A-8CEB-7EA6819540A8}.Release|Any CPU.ActiveCfg = Release|Any CPU
		{70C30039-4358-4E0A-8CEB-7EA6819540A8}.Release|Any CPU.Build.0 = Release|Any CPU
		{425BBD1D-F068-4CA9-9AAF-1D35934C64D3}.Debug|Any CPU.ActiveCfg = Debug|Any CPU
		{425BBD1D-F068-4CA9-9AAF-1D35934C64D3}.Debug|Any CPU.Build.0 = Debug|Any CPU
		{425BBD1D-F068-4CA9-9AAF-1D35934C64D3}.Release|Any CPU.ActiveCfg = Release|Any CPU
		{425BBD1D-F068-4CA9-9AAF-1D35934C64D3}.Release|Any CPU.Build.0 = Release|Any CPU
		{05979289-E2F4-4B03-BBD0-C65D4B40052A}.Debug|Any CPU.ActiveCfg = Debug|Any CPU
		{05979289-E2F4-4B03-BBD0-C65D4B40052A}.Debug|Any CPU.Build.0 = Debug|Any CPU
		{05979289-E2F4-4B03-BBD0-C65D4B40052A}.Release|Any CPU.ActiveCfg = Release|Any CPU
		{05979289-E2F4-4B03-BBD0-C65D4B40052A}.Release|Any CPU.Build.0 = Release|Any CPU
		{F2860464-FCFB-402C-B03C-A9ED3CDF6215}.Debug|Any CPU.ActiveCfg = Debug|Any CPU
		{F2860464-FCFB-402C-B03C-A9ED3CDF6215}.Debug|Any CPU.Build.0 = Debug|Any CPU
		{F2860464-FCFB-402C-B03C-A9ED3CDF6215}.Release|Any CPU.ActiveCfg = Release|Any CPU
		{F2860464-FCFB-402C-B03C-A9ED3CDF6215}.Release|Any CPU.Build.0 = Release|Any CPU
		{17B21677-0D47-4C29-901B-A5D26457F9C5}.Debug|Any CPU.ActiveCfg = Debug|Any CPU
		{17B21677-0D47-4C29-901B-A5D26457F9C5}.Debug|Any CPU.Build.0 = Debug|Any CPU
		{17B21677-0D47-4C29-901B-A5D26457F9C5}.Release|Any CPU.ActiveCfg = Release|Any CPU
		{17B21677-0D47-4C29-901B-A5D26457F9C5}.Release|Any CPU.Build.0 = Release|Any CPU
		{3E96AC83-AA63-441B-AD62-F350E93E16D8}.Debug|Any CPU.ActiveCfg = Debug|Any CPU
		{3E96AC83-AA63-441B-AD62-F350E93E16D8}.Debug|Any CPU.Build.0 = Debug|Any CPU
		{3E96AC83-AA63-441B-AD62-F350E93E16D8}.Release|Any CPU.ActiveCfg = Release|Any CPU
		{3E96AC83-AA63-441B-AD62-F350E93E16D8}.Release|Any CPU.Build.0 = Release|Any CPU
		{7D3F7A6E-A028-4F60-844F-CBA94A84B2A5}.Debug|Any CPU.ActiveCfg = Debug|Any CPU
		{7D3F7A6E-A028-4F60-844F-CBA94A84B2A5}.Debug|Any CPU.Build.0 = Debug|Any CPU
		{7D3F7A6E-A028-4F60-844F-CBA94A84B2A5}.Release|Any CPU.ActiveCfg = Release|Any CPU
		{7D3F7A6E-A028-4F60-844F-CBA94A84B2A5}.Release|Any CPU.Build.0 = Release|Any CPU
		{1E4E3485-184A-4035-8EB2-C950910285E3}.Debug|Any CPU.ActiveCfg = Debug|Any CPU
		{1E4E3485-184A-4035-8EB2-C950910285E3}.Debug|Any CPU.Build.0 = Debug|Any CPU
		{1E4E3485-184A-4035-8EB2-C950910285E3}.Release|Any CPU.ActiveCfg = Release|Any CPU
		{1E4E3485-184A-4035-8EB2-C950910285E3}.Release|Any CPU.Build.0 = Release|Any CPU
		{2654FA89-94F2-4BD9-AFEF-DAFFF0E6DB1E}.Debug|Any CPU.ActiveCfg = Debug|Any CPU
		{2654FA89-94F2-4BD9-AFEF-DAFFF0E6DB1E}.Debug|Any CPU.Build.0 = Debug|Any CPU
		{2654FA89-94F2-4BD9-AFEF-DAFFF0E6DB1E}.Release|Any CPU.ActiveCfg = Release|Any CPU
		{2654FA89-94F2-4BD9-AFEF-DAFFF0E6DB1E}.Release|Any CPU.Build.0 = Release|Any CPU
		{716DB2C9-2673-4648-A7EC-D3888764657A}.Debug|Any CPU.ActiveCfg = Debug|Any CPU
		{716DB2C9-2673-4648-A7EC-D3888764657A}.Debug|Any CPU.Build.0 = Debug|Any CPU
		{716DB2C9-2673-4648-A7EC-D3888764657A}.Release|Any CPU.ActiveCfg = Release|Any CPU
		{716DB2C9-2673-4648-A7EC-D3888764657A}.Release|Any CPU.Build.0 = Release|Any CPU
		{E134A4F2-BCC0-4452-A9AC-FF491C933425}.Debug|Any CPU.ActiveCfg = Debug|Any CPU
		{E134A4F2-BCC0-4452-A9AC-FF491C933425}.Debug|Any CPU.Build.0 = Debug|Any CPU
		{E134A4F2-BCC0-4452-A9AC-FF491C933425}.Release|Any CPU.ActiveCfg = Release|Any CPU
		{E134A4F2-BCC0-4452-A9AC-FF491C933425}.Release|Any CPU.Build.0 = Release|Any CPU
		{4968C065-3C6D-4B25-A419-F5FFB44A90C3}.Debug|Any CPU.ActiveCfg = Debug|Any CPU
		{4968C065-3C6D-4B25-A419-F5FFB44A90C3}.Debug|Any CPU.Build.0 = Debug|Any CPU
		{4968C065-3C6D-4B25-A419-F5FFB44A90C3}.Release|Any CPU.ActiveCfg = Release|Any CPU
		{4968C065-3C6D-4B25-A419-F5FFB44A90C3}.Release|Any CPU.Build.0 = Release|Any CPU
		{87C2161C-8C81-4B9E-8036-B5DEB915ED24}.Debug|Any CPU.ActiveCfg = Debug|Any CPU
		{87C2161C-8C81-4B9E-8036-B5DEB915ED24}.Debug|Any CPU.Build.0 = Debug|Any CPU
		{87C2161C-8C81-4B9E-8036-B5DEB915ED24}.Release|Any CPU.ActiveCfg = Release|Any CPU
		{87C2161C-8C81-4B9E-8036-B5DEB915ED24}.Release|Any CPU.Build.0 = Release|Any CPU
		{B8802FC7-EBAF-4C99-A238-30449B52B243}.Debug|Any CPU.ActiveCfg = Debug|Any CPU
		{B8802FC7-EBAF-4C99-A238-30449B52B243}.Debug|Any CPU.Build.0 = Debug|Any CPU
		{B8802FC7-EBAF-4C99-A238-30449B52B243}.Release|Any CPU.ActiveCfg = Release|Any CPU
		{B8802FC7-EBAF-4C99-A238-30449B52B243}.Release|Any CPU.Build.0 = Release|Any CPU
		{F5863167-8DA2-47D7-8A41-A09F364B6100}.Debug|Any CPU.ActiveCfg = Debug|Any CPU
		{F5863167-8DA2-47D7-8A41-A09F364B6100}.Debug|Any CPU.Build.0 = Debug|Any CPU
		{F5863167-8DA2-47D7-8A41-A09F364B6100}.Release|Any CPU.ActiveCfg = Release|Any CPU
		{F5863167-8DA2-47D7-8A41-A09F364B6100}.Release|Any CPU.Build.0 = Release|Any CPU
		{204BB6A0-A4A9-4A0D-A952-FB098AD66061}.Debug|Any CPU.ActiveCfg = Debug|Any CPU
		{204BB6A0-A4A9-4A0D-A952-FB098AD66061}.Debug|Any CPU.Build.0 = Debug|Any CPU
		{204BB6A0-A4A9-4A0D-A952-FB098AD66061}.Release|Any CPU.ActiveCfg = Release|Any CPU
		{204BB6A0-A4A9-4A0D-A952-FB098AD66061}.Release|Any CPU.Build.0 = Release|Any CPU
		{B55FDCB3-843A-44D4-9DA6-9E9867FFE7AC}.Debug|Any CPU.ActiveCfg = Debug|Any CPU
		{B55FDCB3-843A-44D4-9DA6-9E9867FFE7AC}.Debug|Any CPU.Build.0 = Debug|Any CPU
		{B55FDCB3-843A-44D4-9DA6-9E9867FFE7AC}.Release|Any CPU.ActiveCfg = Release|Any CPU
		{B55FDCB3-843A-44D4-9DA6-9E9867FFE7AC}.Release|Any CPU.Build.0 = Release|Any CPU
		{38F44363-AFFD-4E1D-8FE5-94E847362081}.Debug|Any CPU.ActiveCfg = Debug|Any CPU
		{38F44363-AFFD-4E1D-8FE5-94E847362081}.Debug|Any CPU.Build.0 = Debug|Any CPU
		{38F44363-AFFD-4E1D-8FE5-94E847362081}.Release|Any CPU.ActiveCfg = Release|Any CPU
		{38F44363-AFFD-4E1D-8FE5-94E847362081}.Release|Any CPU.Build.0 = Release|Any CPU
		{5C6AF629-C98E-4F22-BC1D-770F1FAD0D1D}.Debug|Any CPU.ActiveCfg = Debug|Any CPU
		{5C6AF629-C98E-4F22-BC1D-770F1FAD0D1D}.Debug|Any CPU.Build.0 = Debug|Any CPU
		{5C6AF629-C98E-4F22-BC1D-770F1FAD0D1D}.Release|Any CPU.ActiveCfg = Release|Any CPU
		{5C6AF629-C98E-4F22-BC1D-770F1FAD0D1D}.Release|Any CPU.Build.0 = Release|Any CPU
		{EABEB2D9-095A-4A29-97F0-31489AE924A6}.Debug|Any CPU.ActiveCfg = Debug|Any CPU
		{EABEB2D9-095A-4A29-97F0-31489AE924A6}.Debug|Any CPU.Build.0 = Debug|Any CPU
		{EABEB2D9-095A-4A29-97F0-31489AE924A6}.Release|Any CPU.ActiveCfg = Release|Any CPU
		{EABEB2D9-095A-4A29-97F0-31489AE924A6}.Release|Any CPU.Build.0 = Release|Any CPU
		{5873EA19-7DBD-4031-9D18-D4009A1FF7C1}.Debug|Any CPU.ActiveCfg = Debug|Any CPU
		{5873EA19-7DBD-4031-9D18-D4009A1FF7C1}.Debug|Any CPU.Build.0 = Debug|Any CPU
		{5873EA19-7DBD-4031-9D18-D4009A1FF7C1}.Release|Any CPU.ActiveCfg = Release|Any CPU
		{5873EA19-7DBD-4031-9D18-D4009A1FF7C1}.Release|Any CPU.Build.0 = Release|Any CPU
		{132B87BC-71A2-4C6C-B190-C256889BA09A}.Debug|Any CPU.ActiveCfg = Debug|Any CPU
		{132B87BC-71A2-4C6C-B190-C256889BA09A}.Debug|Any CPU.Build.0 = Debug|Any CPU
		{132B87BC-71A2-4C6C-B190-C256889BA09A}.Release|Any CPU.ActiveCfg = Release|Any CPU
		{132B87BC-71A2-4C6C-B190-C256889BA09A}.Release|Any CPU.Build.0 = Release|Any CPU
		{2068443E-BF78-44A6-A23C-4C55499B2D22}.Debug|Any CPU.ActiveCfg = Debug|Any CPU
		{2068443E-BF78-44A6-A23C-4C55499B2D22}.Debug|Any CPU.Build.0 = Debug|Any CPU
		{2068443E-BF78-44A6-A23C-4C55499B2D22}.Release|Any CPU.ActiveCfg = Release|Any CPU
		{2068443E-BF78-44A6-A23C-4C55499B2D22}.Release|Any CPU.Build.0 = Release|Any CPU
		{7C302BE4-E67F-40B5-9524-C2CBB642AC3F}.Debug|Any CPU.ActiveCfg = Debug|Any CPU
		{7C302BE4-E67F-40B5-9524-C2CBB642AC3F}.Debug|Any CPU.Build.0 = Debug|Any CPU
		{7C302BE4-E67F-40B5-9524-C2CBB642AC3F}.Release|Any CPU.ActiveCfg = Release|Any CPU
		{7C302BE4-E67F-40B5-9524-C2CBB642AC3F}.Release|Any CPU.Build.0 = Release|Any CPU
		{3465E9D0-8205-4A0A-9E84-2EA66E2A5756}.Debug|Any CPU.ActiveCfg = Debug|Any CPU
		{3465E9D0-8205-4A0A-9E84-2EA66E2A5756}.Debug|Any CPU.Build.0 = Debug|Any CPU
		{3465E9D0-8205-4A0A-9E84-2EA66E2A5756}.Release|Any CPU.ActiveCfg = Release|Any CPU
		{3465E9D0-8205-4A0A-9E84-2EA66E2A5756}.Release|Any CPU.Build.0 = Release|Any CPU
		{033574F0-3EA6-44FB-9F0B-8B52DFF7C7CE}.Debug|Any CPU.ActiveCfg = Debug|Any CPU
		{033574F0-3EA6-44FB-9F0B-8B52DFF7C7CE}.Debug|Any CPU.Build.0 = Debug|Any CPU
		{033574F0-3EA6-44FB-9F0B-8B52DFF7C7CE}.Release|Any CPU.ActiveCfg = Release|Any CPU
		{033574F0-3EA6-44FB-9F0B-8B52DFF7C7CE}.Release|Any CPU.Build.0 = Release|Any CPU
		{65960B82-B02D-45A9-A804-42E49F6241B1}.Debug|Any CPU.ActiveCfg = Debug|Any CPU
		{65960B82-B02D-45A9-A804-42E49F6241B1}.Debug|Any CPU.Build.0 = Debug|Any CPU
		{65960B82-B02D-45A9-A804-42E49F6241B1}.Release|Any CPU.ActiveCfg = Release|Any CPU
		{65960B82-B02D-45A9-A804-42E49F6241B1}.Release|Any CPU.Build.0 = Release|Any CPU
		{87E83D06-2E4C-4F64-AD8B-DAB45C09A812}.Debug|Any CPU.ActiveCfg = Debug|Any CPU
		{87E83D06-2E4C-4F64-AD8B-DAB45C09A812}.Debug|Any CPU.Build.0 = Debug|Any CPU
		{87E83D06-2E4C-4F64-AD8B-DAB45C09A812}.Release|Any CPU.ActiveCfg = Release|Any CPU
		{87E83D06-2E4C-4F64-AD8B-DAB45C09A812}.Release|Any CPU.Build.0 = Release|Any CPU
		{44FE89BA-47AF-4785-97E8-8B54BECF0439}.Debug|Any CPU.ActiveCfg = Debug|Any CPU
		{44FE89BA-47AF-4785-97E8-8B54BECF0439}.Debug|Any CPU.Build.0 = Debug|Any CPU
		{44FE89BA-47AF-4785-97E8-8B54BECF0439}.Release|Any CPU.ActiveCfg = Release|Any CPU
		{44FE89BA-47AF-4785-97E8-8B54BECF0439}.Release|Any CPU.Build.0 = Release|Any CPU
		{5CF87AA8-75FA-4BEA-B0F2-A1051C788869}.Debug|Any CPU.ActiveCfg = Debug|Any CPU
		{5CF87AA8-75FA-4BEA-B0F2-A1051C788869}.Debug|Any CPU.Build.0 = Debug|Any CPU
		{5CF87AA8-75FA-4BEA-B0F2-A1051C788869}.Release|Any CPU.ActiveCfg = Release|Any CPU
		{5CF87AA8-75FA-4BEA-B0F2-A1051C788869}.Release|Any CPU.Build.0 = Release|Any CPU
		{E6EABB05-E4AC-4330-9ABD-B382D7E9827D}.Debug|Any CPU.ActiveCfg = Debug|Any CPU
		{E6EABB05-E4AC-4330-9ABD-B382D7E9827D}.Debug|Any CPU.Build.0 = Debug|Any CPU
		{E6EABB05-E4AC-4330-9ABD-B382D7E9827D}.Release|Any CPU.ActiveCfg = Release|Any CPU
		{E6EABB05-E4AC-4330-9ABD-B382D7E9827D}.Release|Any CPU.Build.0 = Release|Any CPU
		{B3590104-2D84-443F-B962-7ADD00A20E6C}.Debug|Any CPU.ActiveCfg = Debug|Any CPU
		{B3590104-2D84-443F-B962-7ADD00A20E6C}.Debug|Any CPU.Build.0 = Debug|Any CPU
		{B3590104-2D84-443F-B962-7ADD00A20E6C}.Release|Any CPU.ActiveCfg = Release|Any CPU
		{B3590104-2D84-443F-B962-7ADD00A20E6C}.Release|Any CPU.Build.0 = Release|Any CPU
		{9A0FB506-E2D0-45A2-923F-A644068744F5}.Debug|Any CPU.ActiveCfg = Debug|Any CPU
		{9A0FB506-E2D0-45A2-923F-A644068744F5}.Debug|Any CPU.Build.0 = Debug|Any CPU
		{9A0FB506-E2D0-45A2-923F-A644068744F5}.Release|Any CPU.ActiveCfg = Release|Any CPU
		{9A0FB506-E2D0-45A2-923F-A644068744F5}.Release|Any CPU.Build.0 = Release|Any CPU
	EndGlobalSection
	GlobalSection(SolutionProperties) = preSolution
		HideSolutionNode = FALSE
	EndGlobalSection
	GlobalSection(NestedProjects) = preSolution
		{A8DB3D65-9FAF-43BE-9F75-034D3D2B7FAB} = {B0D3DB4F-F762-41A1-B3DE-FC363E9AFF7B}
		{70C30039-4358-4E0A-8CEB-7EA6819540A8} = {A8DB3D65-9FAF-43BE-9F75-034D3D2B7FAB}
		{D590D41E-8D16-45BB-9C42-16F853907A10} = {B0D3DB4F-F762-41A1-B3DE-FC363E9AFF7B}
		{425BBD1D-F068-4CA9-9AAF-1D35934C64D3} = {D590D41E-8D16-45BB-9C42-16F853907A10}
		{E789B29D-71C6-4331-B3BD-A906F7E13567} = {D0A0781D-CD1C-421E-9F1A-C72E4EF4DFD6}
		{05979289-E2F4-4B03-BBD0-C65D4B40052A} = {E789B29D-71C6-4331-B3BD-A906F7E13567}
		{E62262FC-7BDF-48C5-BD78-B0A9AB65FCD9} = {D0A0781D-CD1C-421E-9F1A-C72E4EF4DFD6}
		{F2860464-FCFB-402C-B03C-A9ED3CDF6215} = {E62262FC-7BDF-48C5-BD78-B0A9AB65FCD9}
		{F8458B88-69CC-4564-B229-3B4C6E3335A9} = {A8DB3D65-9FAF-43BE-9F75-034D3D2B7FAB}
		{17B21677-0D47-4C29-901B-A5D26457F9C5} = {F8458B88-69CC-4564-B229-3B4C6E3335A9}
		{907AD7FD-8009-4B28-8E0C-7EF52BBD45B6} = {A8DB3D65-9FAF-43BE-9F75-034D3D2B7FAB}
		{3E96AC83-AA63-441B-AD62-F350E93E16D8} = {907AD7FD-8009-4B28-8E0C-7EF52BBD45B6}
		{1FA0B9B7-9579-4C76-B0FA-EFFEBFC47190} = {A8DB3D65-9FAF-43BE-9F75-034D3D2B7FAB}
		{7D3F7A6E-A028-4F60-844F-CBA94A84B2A5} = {1FA0B9B7-9579-4C76-B0FA-EFFEBFC47190}
		{1E4E3485-184A-4035-8EB2-C950910285E3} = {1FA0B9B7-9579-4C76-B0FA-EFFEBFC47190}
		{2654FA89-94F2-4BD9-AFEF-DAFFF0E6DB1E} = {1FA0B9B7-9579-4C76-B0FA-EFFEBFC47190}
		{716DB2C9-2673-4648-A7EC-D3888764657A} = {1FA0B9B7-9579-4C76-B0FA-EFFEBFC47190}
		{E134A4F2-BCC0-4452-A9AC-FF491C933425} = {1FA0B9B7-9579-4C76-B0FA-EFFEBFC47190}
		{4968C065-3C6D-4B25-A419-F5FFB44A90C3} = {1FA0B9B7-9579-4C76-B0FA-EFFEBFC47190}
		{87C2161C-8C81-4B9E-8036-B5DEB915ED24} = {1FA0B9B7-9579-4C76-B0FA-EFFEBFC47190}
		{8C78CD7E-7BB4-4C61-A1BD-D27125BF2D5D} = {A8DB3D65-9FAF-43BE-9F75-034D3D2B7FAB}
		{B8802FC7-EBAF-4C99-A238-30449B52B243} = {8C78CD7E-7BB4-4C61-A1BD-D27125BF2D5D}
		{573330C5-1498-42BB-9245-EF73EC857EC0} = {A8DB3D65-9FAF-43BE-9F75-034D3D2B7FAB}
		{F5863167-8DA2-47D7-8A41-A09F364B6100} = {573330C5-1498-42BB-9245-EF73EC857EC0}
		{B70075DC-60BA-45B0-9254-7D78D410F3D9} = {D0A0781D-CD1C-421E-9F1A-C72E4EF4DFD6}
		{7EE960AE-73FB-4626-A484-760E580A0D0C} = {B70075DC-60BA-45B0-9254-7D78D410F3D9}
		{204BB6A0-A4A9-4A0D-A952-FB098AD66061} = {7EE960AE-73FB-4626-A484-760E580A0D0C}
		{B55FDCB3-843A-44D4-9DA6-9E9867FFE7AC} = {7EE960AE-73FB-4626-A484-760E580A0D0C}
		{FF11668A-2E8F-4B13-B686-BB6F73231F52} = {B70075DC-60BA-45B0-9254-7D78D410F3D9}
		{38F44363-AFFD-4E1D-8FE5-94E847362081} = {FF11668A-2E8F-4B13-B686-BB6F73231F52}
		{D0F2DDCD-01BF-4FDF-A522-E18ECFF09860} = {B70075DC-60BA-45B0-9254-7D78D410F3D9}
		{5C6AF629-C98E-4F22-BC1D-770F1FAD0D1D} = {D0F2DDCD-01BF-4FDF-A522-E18ECFF09860}
		{EABEB2D9-095A-4A29-97F0-31489AE924A6} = {D0F2DDCD-01BF-4FDF-A522-E18ECFF09860}
		{63662CA7-27A0-4577-B964-427D9B7ED7C7} = {B70075DC-60BA-45B0-9254-7D78D410F3D9}
		{5873EA19-7DBD-4031-9D18-D4009A1FF7C1} = {63662CA7-27A0-4577-B964-427D9B7ED7C7}
		{132B87BC-71A2-4C6C-B190-C256889BA09A} = {63662CA7-27A0-4577-B964-427D9B7ED7C7}
		{2068443E-BF78-44A6-A23C-4C55499B2D22} = {63662CA7-27A0-4577-B964-427D9B7ED7C7}
		{7C302BE4-E67F-40B5-9524-C2CBB642AC3F} = {63662CA7-27A0-4577-B964-427D9B7ED7C7}
		{3465E9D0-8205-4A0A-9E84-2EA66E2A5756} = {63662CA7-27A0-4577-B964-427D9B7ED7C7}
		{7D94D425-511D-45C1-934A-4552044D710B} = {B70075DC-60BA-45B0-9254-7D78D410F3D9}
		{033574F0-3EA6-44FB-9F0B-8B52DFF7C7CE} = {7D94D425-511D-45C1-934A-4552044D710B}
		{2B0BF279-82F7-46A0-975C-F9D3508DF3A8} = {B70075DC-60BA-45B0-9254-7D78D410F3D9}
		{65960B82-B02D-45A9-A804-42E49F6241B1} = {2B0BF279-82F7-46A0-975C-F9D3508DF3A8}
		{2A1E5D8A-CDCD-4C0A-A145-BBA525A01B60} = {D0F2DDCD-01BF-4FDF-A522-E18ECFF09860}
		{87E83D06-2E4C-4F64-AD8B-DAB45C09A812} = {2A1E5D8A-CDCD-4C0A-A145-BBA525A01B60}
		{F06DF7A3-D1F6-490B-B041-DB69402AAC05} = {D0F2DDCD-01BF-4FDF-A522-E18ECFF09860}
		{44FE89BA-47AF-4785-97E8-8B54BECF0439} = {F06DF7A3-D1F6-490B-B041-DB69402AAC05}
		{5CF87AA8-75FA-4BEA-B0F2-A1051C788869} = {F06DF7A3-D1F6-490B-B041-DB69402AAC05}
		{E6EABB05-E4AC-4330-9ABD-B382D7E9827D} = {F06DF7A3-D1F6-490B-B041-DB69402AAC05}
		{FE1FDD59-C802-4C43-BE2E-30D832584CE9} = {D0F2DDCD-01BF-4FDF-A522-E18ECFF09860}
		{6DBE6B4B-5F0E-41DD-910B-9B2386D4B0F6} = {FE1FDD59-C802-4C43-BE2E-30D832584CE9}
		{B3590104-2D84-443F-B962-7ADD00A20E6C} = {6DBE6B4B-5F0E-41DD-910B-9B2386D4B0F6}
		{9A0FB506-E2D0-45A2-923F-A644068744F5} = {6DBE6B4B-5F0E-41DD-910B-9B2386D4B0F6}
	EndGlobalSection
	GlobalSection(ExtensibilityGlobals) = postSolution
		SolutionGuid = {4A9949A2-282C-42D1-960F-03079B5D0CFC}
	EndGlobalSection
EndGlobal
