
Microsoft Visual Studio Solution File, Format Version 12.00
# Visual Studio Version 17
VisualStudioVersion = 17.8.34601.278
MinimumVisualStudioVersion = 10.0.40219.1
Project("{2150E333-8FDC-42A3-9474-1A3956D46DE8}") = "Core", "Core", "{D8EB4119-8509-4D62-A967-12FDF2A387CD}"
EndProject
Project("{2150E333-8FDC-42A3-9474-1A3956D46DE8}") = "External", "External", "{7F7F86E8-C62E-4FBF-A72C-353266ECC864}"
EndProject
Project("{FAE04EC0-301F-11D3-BF4B-00C04F79EFBC}") = "Data", "Data\Data.csproj", "{C32E75ED-65A2-4272-B421-AA46D3B8E1A6}"
EndProject
Project("{FAE04EC0-301F-11D3-BF4B-00C04F79EFBC}") = "Application", "Application\Application.csproj", "{8A79CB89-EECF-44FE-9600-7949C70572C6}"
EndProject
Project("{2150E333-8FDC-42A3-9474-1A3956D46DE8}") = "Infrastructure", "Infrastructure", "{9511D76A-8129-4454-B43B-7D875CD6FB9C}"
EndProject
Project("{2150E333-8FDC-42A3-9474-1A3956D46DE8}") = "Presentation", "Presentation", "{2AE5D5CD-291E-4FDE-9391-712C9B6333BB}"
EndProject
Project("{2150E333-8FDC-42A3-9474-1A3956D46DE8}") = "Common", "Common", "{48C41F81-3A9A-48E6-859C-F38CC1270913}"
EndProject
Project("{FAE04EC0-301F-11D3-BF4B-00C04F79EFBC}") = "WebApi", "WebApi\WebApi.csproj", "{1252BC8C-BF20-4935-A8F3-9F3145F5397B}"
EndProject
Project("{FAE04EC0-301F-11D3-BF4B-00C04F79EFBC}") = "Configuration", "Configuration\Configuration.csproj", "{718F313A-70A7-4480-B7A8-0292E14D513A}"
EndProject
Project("{FAE04EC0-301F-11D3-BF4B-00C04F79EFBC}") = "AuthenticationHandler", "AuthenticationHandler\AuthenticationHandler.csproj", "{3891E71F-F1CE-4650-9159-5D83955F0DD2}"
EndProject
Project("{FAE04EC0-301F-11D3-BF4B-00C04F79EFBC}") = "BackgroundJob", "BackgroundJob\BackgroundJob.csproj", "{1ADE6B09-2E42-4590-A67D-2059A7E66FEE}"
EndProject
Project("{FAE04EC0-301F-11D3-BF4B-00C04F79EFBC}") = "Cache", "Cache\Cache.csproj", "{E41E058C-6801-49FD-A4E1-9B9DD497E2FB}"
EndProject
Project("{FAE04EC0-301F-11D3-BF4B-00C04F79EFBC}") = "ExternalFile", "ExternalFile\ExternalFile.csproj", "{2DFE1F99-4AE1-47E2-9BB9-B1CCEBBDE771}"
EndProject
Project("{FAE04EC0-301F-11D3-BF4B-00C04F79EFBC}") = "Mail", "Mail\Mail.csproj", "{BE1341C5-DE5A-4592-9DE3-572DF1A8B0EA}"
EndProject
Project("{FAE04EC0-301F-11D3-BF4B-00C04F79EFBC}") = "Persistence", "Persistence\Persistence.csproj", "{1E799FB6-5662-43D4-9792-F468946CF694}"
EndProject
Global
	GlobalSection(SolutionConfigurationPlatforms) = preSolution
		Debug|Any CPU = Debug|Any CPU
		Release|Any CPU = Release|Any CPU
	EndGlobalSection
	GlobalSection(ProjectConfigurationPlatforms) = postSolution
		{C32E75ED-65A2-4272-B421-AA46D3B8E1A6}.Debug|Any CPU.ActiveCfg = Debug|Any CPU
		{C32E75ED-65A2-4272-B421-AA46D3B8E1A6}.Debug|Any CPU.Build.0 = Debug|Any CPU
		{C32E75ED-65A2-4272-B421-AA46D3B8E1A6}.Release|Any CPU.ActiveCfg = Release|Any CPU
		{C32E75ED-65A2-4272-B421-AA46D3B8E1A6}.Release|Any CPU.Build.0 = Release|Any CPU
		{8A79CB89-EECF-44FE-9600-7949C70572C6}.Debug|Any CPU.ActiveCfg = Debug|Any CPU
		{8A79CB89-EECF-44FE-9600-7949C70572C6}.Debug|Any CPU.Build.0 = Debug|Any CPU
		{8A79CB89-EECF-44FE-9600-7949C70572C6}.Release|Any CPU.ActiveCfg = Release|Any CPU
		{8A79CB89-EECF-44FE-9600-7949C70572C6}.Release|Any CPU.Build.0 = Release|Any CPU
		{1252BC8C-BF20-4935-A8F3-9F3145F5397B}.Debug|Any CPU.ActiveCfg = Debug|Any CPU
		{1252BC8C-BF20-4935-A8F3-9F3145F5397B}.Debug|Any CPU.Build.0 = Debug|Any CPU
		{1252BC8C-BF20-4935-A8F3-9F3145F5397B}.Release|Any CPU.ActiveCfg = Release|Any CPU
		{1252BC8C-BF20-4935-A8F3-9F3145F5397B}.Release|Any CPU.Build.0 = Release|Any CPU
		{718F313A-70A7-4480-B7A8-0292E14D513A}.Debug|Any CPU.ActiveCfg = Debug|Any CPU
		{718F313A-70A7-4480-B7A8-0292E14D513A}.Debug|Any CPU.Build.0 = Debug|Any CPU
		{718F313A-70A7-4480-B7A8-0292E14D513A}.Release|Any CPU.ActiveCfg = Release|Any CPU
		{718F313A-70A7-4480-B7A8-0292E14D513A}.Release|Any CPU.Build.0 = Release|Any CPU
		{3891E71F-F1CE-4650-9159-5D83955F0DD2}.Debug|Any CPU.ActiveCfg = Debug|Any CPU
		{3891E71F-F1CE-4650-9159-5D83955F0DD2}.Debug|Any CPU.Build.0 = Debug|Any CPU
		{3891E71F-F1CE-4650-9159-5D83955F0DD2}.Release|Any CPU.ActiveCfg = Release|Any CPU
		{3891E71F-F1CE-4650-9159-5D83955F0DD2}.Release|Any CPU.Build.0 = Release|Any CPU
		{1ADE6B09-2E42-4590-A67D-2059A7E66FEE}.Debug|Any CPU.ActiveCfg = Debug|Any CPU
		{1ADE6B09-2E42-4590-A67D-2059A7E66FEE}.Debug|Any CPU.Build.0 = Debug|Any CPU
		{1ADE6B09-2E42-4590-A67D-2059A7E66FEE}.Release|Any CPU.ActiveCfg = Release|Any CPU
		{1ADE6B09-2E42-4590-A67D-2059A7E66FEE}.Release|Any CPU.Build.0 = Release|Any CPU
		{E41E058C-6801-49FD-A4E1-9B9DD497E2FB}.Debug|Any CPU.ActiveCfg = Debug|Any CPU
		{E41E058C-6801-49FD-A4E1-9B9DD497E2FB}.Debug|Any CPU.Build.0 = Debug|Any CPU
		{E41E058C-6801-49FD-A4E1-9B9DD497E2FB}.Release|Any CPU.ActiveCfg = Release|Any CPU
		{E41E058C-6801-49FD-A4E1-9B9DD497E2FB}.Release|Any CPU.Build.0 = Release|Any CPU
		{2DFE1F99-4AE1-47E2-9BB9-B1CCEBBDE771}.Debug|Any CPU.ActiveCfg = Debug|Any CPU
		{2DFE1F99-4AE1-47E2-9BB9-B1CCEBBDE771}.Debug|Any CPU.Build.0 = Debug|Any CPU
		{2DFE1F99-4AE1-47E2-9BB9-B1CCEBBDE771}.Release|Any CPU.ActiveCfg = Release|Any CPU
		{2DFE1F99-4AE1-47E2-9BB9-B1CCEBBDE771}.Release|Any CPU.Build.0 = Release|Any CPU
		{BE1341C5-DE5A-4592-9DE3-572DF1A8B0EA}.Debug|Any CPU.ActiveCfg = Debug|Any CPU
		{BE1341C5-DE5A-4592-9DE3-572DF1A8B0EA}.Debug|Any CPU.Build.0 = Debug|Any CPU
		{BE1341C5-DE5A-4592-9DE3-572DF1A8B0EA}.Release|Any CPU.ActiveCfg = Release|Any CPU
		{BE1341C5-DE5A-4592-9DE3-572DF1A8B0EA}.Release|Any CPU.Build.0 = Release|Any CPU
		{1E799FB6-5662-43D4-9792-F468946CF694}.Debug|Any CPU.ActiveCfg = Debug|Any CPU
		{1E799FB6-5662-43D4-9792-F468946CF694}.Debug|Any CPU.Build.0 = Debug|Any CPU
		{1E799FB6-5662-43D4-9792-F468946CF694}.Release|Any CPU.ActiveCfg = Release|Any CPU
		{1E799FB6-5662-43D4-9792-F468946CF694}.Release|Any CPU.Build.0 = Release|Any CPU
	EndGlobalSection
	GlobalSection(SolutionProperties) = preSolution
		HideSolutionNode = FALSE
	EndGlobalSection
	GlobalSection(NestedProjects) = preSolution
		{C32E75ED-65A2-4272-B421-AA46D3B8E1A6} = {D8EB4119-8509-4D62-A967-12FDF2A387CD}
		{8A79CB89-EECF-44FE-9600-7949C70572C6} = {D8EB4119-8509-4D62-A967-12FDF2A387CD}
		{9511D76A-8129-4454-B43B-7D875CD6FB9C} = {7F7F86E8-C62E-4FBF-A72C-353266ECC864}
		{2AE5D5CD-291E-4FDE-9391-712C9B6333BB} = {7F7F86E8-C62E-4FBF-A72C-353266ECC864}
		{48C41F81-3A9A-48E6-859C-F38CC1270913} = {7F7F86E8-C62E-4FBF-A72C-353266ECC864}
		{1252BC8C-BF20-4935-A8F3-9F3145F5397B} = {2AE5D5CD-291E-4FDE-9391-712C9B6333BB}
		{718F313A-70A7-4480-B7A8-0292E14D513A} = {48C41F81-3A9A-48E6-859C-F38CC1270913}
		{3891E71F-F1CE-4650-9159-5D83955F0DD2} = {9511D76A-8129-4454-B43B-7D875CD6FB9C}
		{1ADE6B09-2E42-4590-A67D-2059A7E66FEE} = {9511D76A-8129-4454-B43B-7D875CD6FB9C}
		{E41E058C-6801-49FD-A4E1-9B9DD497E2FB} = {9511D76A-8129-4454-B43B-7D875CD6FB9C}
		{2DFE1F99-4AE1-47E2-9BB9-B1CCEBBDE771} = {9511D76A-8129-4454-B43B-7D875CD6FB9C}
		{BE1341C5-DE5A-4592-9DE3-572DF1A8B0EA} = {9511D76A-8129-4454-B43B-7D875CD6FB9C}
		{1E799FB6-5662-43D4-9792-F468946CF694} = {9511D76A-8129-4454-B43B-7D875CD6FB9C}
	EndGlobalSection
	GlobalSection(ExtensibilityGlobals) = postSolution
		SolutionGuid = {D6B81830-3853-41BF-9078-38EFB78B7BFF}
	EndGlobalSection
EndGlobal
