
Microsoft Visual Studio Solution File, Format Version 12.00
# Visual Studio Version 17
VisualStudioVersion = 17.0.31903.59
MinimumVisualStudioVersion = 10.0.40219.1
Project("{2150E333-8FDC-42A3-9474-1A3956D46DE8}") = "Core", "Core", "{83115061-3969-4723-919B-C56C715B5E7C}"
EndProject
Project("{2150E333-8FDC-42A3-9474-1A3956D46DE8}") = "Domain", "Domain", "{5575928A-BC60-47C3-B854-CF8D0624FE9A}"
EndProject
Project("{FAE04EC0-301F-11D3-BF4B-00C04F79EFBC}") = "PenomyAPI.Domain.RelationalDb", "Core\Domain\PenomyAPI.Domain.RelationalDb\PenomyAPI.Domain.RelationalDb.csproj", "{04DD4B5B-92F0-4735-8476-4263A9809883}"
EndProject
Project("{2150E333-8FDC-42A3-9474-1A3956D46DE8}") = "External", "External", "{6496BD2F-8D68-42D1-B5F5-13E07517BF2E}"
EndProject
Project("{2150E333-8FDC-42A3-9474-1A3956D46DE8}") = "Application", "Application", "{CB3575BA-0E9A-4BC7-B45D-E9A1602D4F8A}"
EndProject
Project("{FAE04EC0-301F-11D3-BF4B-00C04F79EFBC}") = "PenomyAPI.App.Common", "Core\Application\PenomyAPI.App.Common\PenomyAPI.App.Common.csproj", "{7CAC1312-9D19-479C-A2F6-972FE611CC05}"
EndProject
Project("{2150E333-8FDC-42A3-9474-1A3956D46DE8}") = "Generic", "Generic", "{A3DAE8EE-E406-451B-87CD-B5AFB608E84B}"
EndProject
Project("{FAE04EC0-301F-11D3-BF4B-00C04F79EFBC}") = "PenomyAPI.App.FeatG1", "Core\Application\Generic\PenomyAPI.App.FeatG1\PenomyAPI.App.FeatG1.csproj", "{69547CF5-7CB4-47B7-AD5E-C68C9F116274}"
EndProject
Project("{FAE04EC0-301F-11D3-BF4B-00C04F79EFBC}") = "PenomyAPI.App.FeatG31", "Core\Application\Generic\PenomyAPI.App.FeatG31\PenomyAPI.App.FeatG31.csproj", "{7A78F945-8080-49FA-BBBB-C764E295E966}"
EndProject
Project("{FAE04EC0-301F-11D3-BF4B-00C04F79EFBC}") = "PenomyAPI.App.FeatG32", "Core\Application\Generic\PenomyAPI.App.FeatG32\PenomyAPI.App.FeatG32.csproj", "{E3C930AD-2915-497D-A827-F387C853C553}"
EndProject
Project("{FAE04EC0-301F-11D3-BF4B-00C04F79EFBC}") = "PenomyAPI.App.FeatG34", "Core\Application\Generic\PenomyAPI.App.FeatG34\PenomyAPI.App.FeatG34.csproj", "{58208108-CF3A-4E3D-ACD7-AD6703416EE0}"
EndProject
Project("{2150E333-8FDC-42A3-9474-1A3956D46DE8}") = "BuildingBlock", "BuildingBlock", "{8BA1A737-8C26-4918-8C5F-9A730E7EA0D0}"
EndProject
Project("{FAE04EC0-301F-11D3-BF4B-00C04F79EFBC}") = "PenomyAPI.BuildingBlock.FeatRegister", "External\BuildingBlock\PenomyAPI.BuildingBlock.FeatRegister\PenomyAPI.BuildingBlock.FeatRegister.csproj", "{8A2C9B37-9D64-4A0C-84C5-C151DB8F4938}"
EndProject
Project("{2150E333-8FDC-42A3-9474-1A3956D46DE8}") = "Infrastructure", "Infrastructure", "{E1C6CC08-AD04-472C-90AF-0B527C9DA1CC}"
EndProject
Project("{2150E333-8FDC-42A3-9474-1A3956D46DE8}") = "Common", "Common", "{0C1F65E8-352A-43CE-A6B6-FC772E4136F2}"
EndProject
Project("{2150E333-8FDC-42A3-9474-1A3956D46DE8}") = "Persistence", "Persistence", "{CC5E0EFD-6FB5-4C9D-8AEB-341AFB5271AE}"
EndProject
Project("{FAE04EC0-301F-11D3-BF4B-00C04F79EFBC}") = "PenomyAPI.Persist.Postgres", "External\Infrastructure\Common\Persistence\PenomyAPI.Persist.Postgres\PenomyAPI.Persist.Postgres.csproj", "{7F7843CB-9B1A-424C-9D6D-42B6FEC1CEAF}"
EndProject
Project("{FAE04EC0-301F-11D3-BF4B-00C04F79EFBC}") = "PenomyAPI.Infra.Configuration", "External\Infrastructure\Common\PenomyAPI.Infra.Configuration\PenomyAPI.Infra.Configuration.csproj", "{019546C2-6D1D-4551-A977-C205F43B0B2C}"
EndProject
Project("{FAE04EC0-301F-11D3-BF4B-00C04F79EFBC}") = "PenomyAPI.Persist.Redis", "External\Infrastructure\Common\Persistence\PenomyAPI.Persist.Redis\PenomyAPI.Persist.Redis.csproj", "{DF8A9B4C-11D9-47BB-91B3-38F51F6AA4CC}"
EndProject
Project("{FAE04EC0-301F-11D3-BF4B-00C04F79EFBC}") = "PenomyAPI.Persist.Typesense", "External\Infrastructure\Common\Persistence\PenomyAPI.Persist.Typesense\PenomyAPI.Persist.Typesense.csproj", "{0F782BF1-DC77-4FE8-A597-5FFE2AA3275F}"
EndProject
Project("{2150E333-8FDC-42A3-9474-1A3956D46DE8}") = "Presentation", "Presentation", "{02C895F6-1E8A-43ED-9301-6C11A5619538}"
EndProject
Project("{FAE04EC0-301F-11D3-BF4B-00C04F79EFBC}") = "PenomyAPI.Presentation.FastEndpointBasedApi", "External\Presentation\PenomyAPI.Presentation.FastEndpointBasedApi\PenomyAPI.Presentation.FastEndpointBasedApi.csproj", "{FCBCB2CA-0E6D-4ED4-A8BC-443E94CBA581}"
EndProject
Project("{2150E333-8FDC-42A3-9474-1A3956D46DE8}") = "Generic", "Generic", "{65A8F2AD-61CA-4E14-AE60-DC3BDA973409}"
EndProject
Project("{FAE04EC0-301F-11D3-BF4B-00C04F79EFBC}") = "PenomyAPI.Infra.FeatG1", "External\Infrastructure\Generic\PenomyAPI.Infra.FeatG1\PenomyAPI.Infra.FeatG1.csproj", "{961C0DE6-9015-4962-8C95-3773E5144BBA}"
EndProject
Project("{FAE04EC0-301F-11D3-BF4B-00C04F79EFBC}") = "PenomyAPI.Infra.FeatG31", "External\Infrastructure\Generic\PenomyAPI.Infra.FeatG31\PenomyAPI.Infra.FeatG31.csproj", "{C5346531-B25B-4DF5-A99C-CD88550A2DF9}"
EndProject
Project("{FAE04EC0-301F-11D3-BF4B-00C04F79EFBC}") = "PenomyAPI.Infra.FeatG32", "External\Infrastructure\Generic\PenomyAPI.Infra.FeatG32\PenomyAPI.Infra.FeatG32.csproj", "{0B50FAA3-B5A5-4F59-A34C-0358680128F7}"
EndProject
Project("{FAE04EC0-301F-11D3-BF4B-00C04F79EFBC}") = "PenomyAPI.Infra.FeatG34", "External\Infrastructure\Generic\PenomyAPI.Infra.FeatG34\PenomyAPI.Infra.FeatG34.csproj", "{F1713589-C36F-433B-801F-82EE10688BBF}"
EndProject
Project("{2150E333-8FDC-42A3-9474-1A3956D46DE8}") = "BackgroundJob", "BackgroundJob", "{B26A10F9-06A6-4E54-9CB6-6A4A458D91A5}"
EndProject
Project("{FAE04EC0-301F-11D3-BF4B-00C04F79EFBC}") = "PenomyAPI.BackgroundJob.Quartz", "External\Infrastructure\Common\BackgroundJob\PenomyAPI.BackgroundJob.Quartz\PenomyAPI.BackgroundJob.Quartz.csproj", "{48E9049D-3065-4D3B-BD91-1CB8125AA2C9}"
EndProject
Project("{2150E333-8FDC-42A3-9474-1A3956D46DE8}") = "Notification", "Notification", "{843378FA-3414-41F8-8311-20D06E7BF3E0}"
EndProject
Project("{2150E333-8FDC-42A3-9474-1A3956D46DE8}") = "Mail", "Mail", "{54993DC1-BB87-4199-B0DB-9F4A807CB6C4}"
EndProject
Project("{FAE04EC0-301F-11D3-BF4B-00C04F79EFBC}") = "PenomyAPI.Noti.Mail.GoogleGmail", "External\Infrastructure\Common\Notification\Mail\PenomyAPI.Noti.Mail.GoogleGmail\PenomyAPI.Noti.Mail.GoogleGmail.csproj", "{E28EC643-4497-431D-A1CF-77352E20B2A9}"
EndProject
Project("{FAE04EC0-301F-11D3-BF4B-00C04F79EFBC}") = "PenomyAPI.Noti.Mail.MailCow", "External\Infrastructure\Common\Notification\Mail\PenomyAPI.Noti.Mail.MailCow\PenomyAPI.Noti.Mail.MailCow.csproj", "{CB608509-73B6-409A-BB2D-067E4180DC5B}"
EndProject
Global
	GlobalSection(SolutionConfigurationPlatforms) = preSolution
		Debug|Any CPU = Debug|Any CPU
		Release|Any CPU = Release|Any CPU
	EndGlobalSection
	GlobalSection(SolutionProperties) = preSolution
		HideSolutionNode = FALSE
	EndGlobalSection
	GlobalSection(ProjectConfigurationPlatforms) = postSolution
		{04DD4B5B-92F0-4735-8476-4263A9809883}.Debug|Any CPU.ActiveCfg = Debug|Any CPU
		{04DD4B5B-92F0-4735-8476-4263A9809883}.Debug|Any CPU.Build.0 = Debug|Any CPU
		{04DD4B5B-92F0-4735-8476-4263A9809883}.Release|Any CPU.ActiveCfg = Release|Any CPU
		{04DD4B5B-92F0-4735-8476-4263A9809883}.Release|Any CPU.Build.0 = Release|Any CPU
		{7CAC1312-9D19-479C-A2F6-972FE611CC05}.Debug|Any CPU.ActiveCfg = Debug|Any CPU
		{7CAC1312-9D19-479C-A2F6-972FE611CC05}.Debug|Any CPU.Build.0 = Debug|Any CPU
		{7CAC1312-9D19-479C-A2F6-972FE611CC05}.Release|Any CPU.ActiveCfg = Release|Any CPU
		{7CAC1312-9D19-479C-A2F6-972FE611CC05}.Release|Any CPU.Build.0 = Release|Any CPU
		{69547CF5-7CB4-47B7-AD5E-C68C9F116274}.Debug|Any CPU.ActiveCfg = Debug|Any CPU
		{69547CF5-7CB4-47B7-AD5E-C68C9F116274}.Debug|Any CPU.Build.0 = Debug|Any CPU
		{69547CF5-7CB4-47B7-AD5E-C68C9F116274}.Release|Any CPU.ActiveCfg = Release|Any CPU
		{69547CF5-7CB4-47B7-AD5E-C68C9F116274}.Release|Any CPU.Build.0 = Release|Any CPU
		{7A78F945-8080-49FA-BBBB-C764E295E966}.Debug|Any CPU.ActiveCfg = Debug|Any CPU
		{7A78F945-8080-49FA-BBBB-C764E295E966}.Debug|Any CPU.Build.0 = Debug|Any CPU
		{7A78F945-8080-49FA-BBBB-C764E295E966}.Release|Any CPU.ActiveCfg = Release|Any CPU
		{7A78F945-8080-49FA-BBBB-C764E295E966}.Release|Any CPU.Build.0 = Release|Any CPU
		{E3C930AD-2915-497D-A827-F387C853C553}.Debug|Any CPU.ActiveCfg = Debug|Any CPU
		{E3C930AD-2915-497D-A827-F387C853C553}.Debug|Any CPU.Build.0 = Debug|Any CPU
		{E3C930AD-2915-497D-A827-F387C853C553}.Release|Any CPU.ActiveCfg = Release|Any CPU
		{E3C930AD-2915-497D-A827-F387C853C553}.Release|Any CPU.Build.0 = Release|Any CPU
		{58208108-CF3A-4E3D-ACD7-AD6703416EE0}.Debug|Any CPU.ActiveCfg = Debug|Any CPU
		{58208108-CF3A-4E3D-ACD7-AD6703416EE0}.Debug|Any CPU.Build.0 = Debug|Any CPU
		{58208108-CF3A-4E3D-ACD7-AD6703416EE0}.Release|Any CPU.ActiveCfg = Release|Any CPU
		{58208108-CF3A-4E3D-ACD7-AD6703416EE0}.Release|Any CPU.Build.0 = Release|Any CPU
		{8A2C9B37-9D64-4A0C-84C5-C151DB8F4938}.Debug|Any CPU.ActiveCfg = Debug|Any CPU
		{8A2C9B37-9D64-4A0C-84C5-C151DB8F4938}.Debug|Any CPU.Build.0 = Debug|Any CPU
		{8A2C9B37-9D64-4A0C-84C5-C151DB8F4938}.Release|Any CPU.ActiveCfg = Release|Any CPU
		{8A2C9B37-9D64-4A0C-84C5-C151DB8F4938}.Release|Any CPU.Build.0 = Release|Any CPU
		{7F7843CB-9B1A-424C-9D6D-42B6FEC1CEAF}.Debug|Any CPU.ActiveCfg = Debug|Any CPU
		{7F7843CB-9B1A-424C-9D6D-42B6FEC1CEAF}.Debug|Any CPU.Build.0 = Debug|Any CPU
		{7F7843CB-9B1A-424C-9D6D-42B6FEC1CEAF}.Release|Any CPU.ActiveCfg = Release|Any CPU
		{7F7843CB-9B1A-424C-9D6D-42B6FEC1CEAF}.Release|Any CPU.Build.0 = Release|Any CPU
		{019546C2-6D1D-4551-A977-C205F43B0B2C}.Debug|Any CPU.ActiveCfg = Debug|Any CPU
		{019546C2-6D1D-4551-A977-C205F43B0B2C}.Debug|Any CPU.Build.0 = Debug|Any CPU
		{019546C2-6D1D-4551-A977-C205F43B0B2C}.Release|Any CPU.ActiveCfg = Release|Any CPU
		{019546C2-6D1D-4551-A977-C205F43B0B2C}.Release|Any CPU.Build.0 = Release|Any CPU
		{DF8A9B4C-11D9-47BB-91B3-38F51F6AA4CC}.Debug|Any CPU.ActiveCfg = Debug|Any CPU
		{DF8A9B4C-11D9-47BB-91B3-38F51F6AA4CC}.Debug|Any CPU.Build.0 = Debug|Any CPU
		{DF8A9B4C-11D9-47BB-91B3-38F51F6AA4CC}.Release|Any CPU.ActiveCfg = Release|Any CPU
		{DF8A9B4C-11D9-47BB-91B3-38F51F6AA4CC}.Release|Any CPU.Build.0 = Release|Any CPU
		{0F782BF1-DC77-4FE8-A597-5FFE2AA3275F}.Debug|Any CPU.ActiveCfg = Debug|Any CPU
		{0F782BF1-DC77-4FE8-A597-5FFE2AA3275F}.Debug|Any CPU.Build.0 = Debug|Any CPU
		{0F782BF1-DC77-4FE8-A597-5FFE2AA3275F}.Release|Any CPU.ActiveCfg = Release|Any CPU
		{0F782BF1-DC77-4FE8-A597-5FFE2AA3275F}.Release|Any CPU.Build.0 = Release|Any CPU
		{FCBCB2CA-0E6D-4ED4-A8BC-443E94CBA581}.Debug|Any CPU.ActiveCfg = Debug|Any CPU
		{FCBCB2CA-0E6D-4ED4-A8BC-443E94CBA581}.Debug|Any CPU.Build.0 = Debug|Any CPU
		{FCBCB2CA-0E6D-4ED4-A8BC-443E94CBA581}.Release|Any CPU.ActiveCfg = Release|Any CPU
		{FCBCB2CA-0E6D-4ED4-A8BC-443E94CBA581}.Release|Any CPU.Build.0 = Release|Any CPU
		{961C0DE6-9015-4962-8C95-3773E5144BBA}.Debug|Any CPU.ActiveCfg = Debug|Any CPU
		{961C0DE6-9015-4962-8C95-3773E5144BBA}.Debug|Any CPU.Build.0 = Debug|Any CPU
		{961C0DE6-9015-4962-8C95-3773E5144BBA}.Release|Any CPU.ActiveCfg = Release|Any CPU
		{961C0DE6-9015-4962-8C95-3773E5144BBA}.Release|Any CPU.Build.0 = Release|Any CPU
		{C5346531-B25B-4DF5-A99C-CD88550A2DF9}.Debug|Any CPU.ActiveCfg = Debug|Any CPU
		{C5346531-B25B-4DF5-A99C-CD88550A2DF9}.Debug|Any CPU.Build.0 = Debug|Any CPU
		{C5346531-B25B-4DF5-A99C-CD88550A2DF9}.Release|Any CPU.ActiveCfg = Release|Any CPU
		{C5346531-B25B-4DF5-A99C-CD88550A2DF9}.Release|Any CPU.Build.0 = Release|Any CPU
		{0B50FAA3-B5A5-4F59-A34C-0358680128F7}.Debug|Any CPU.ActiveCfg = Debug|Any CPU
		{0B50FAA3-B5A5-4F59-A34C-0358680128F7}.Debug|Any CPU.Build.0 = Debug|Any CPU
		{0B50FAA3-B5A5-4F59-A34C-0358680128F7}.Release|Any CPU.ActiveCfg = Release|Any CPU
		{0B50FAA3-B5A5-4F59-A34C-0358680128F7}.Release|Any CPU.Build.0 = Release|Any CPU
		{F1713589-C36F-433B-801F-82EE10688BBF}.Debug|Any CPU.ActiveCfg = Debug|Any CPU
		{F1713589-C36F-433B-801F-82EE10688BBF}.Debug|Any CPU.Build.0 = Debug|Any CPU
		{F1713589-C36F-433B-801F-82EE10688BBF}.Release|Any CPU.ActiveCfg = Release|Any CPU
		{F1713589-C36F-433B-801F-82EE10688BBF}.Release|Any CPU.Build.0 = Release|Any CPU
		{48E9049D-3065-4D3B-BD91-1CB8125AA2C9}.Debug|Any CPU.ActiveCfg = Debug|Any CPU
		{48E9049D-3065-4D3B-BD91-1CB8125AA2C9}.Debug|Any CPU.Build.0 = Debug|Any CPU
		{48E9049D-3065-4D3B-BD91-1CB8125AA2C9}.Release|Any CPU.ActiveCfg = Release|Any CPU
		{48E9049D-3065-4D3B-BD91-1CB8125AA2C9}.Release|Any CPU.Build.0 = Release|Any CPU
		{E28EC643-4497-431D-A1CF-77352E20B2A9}.Debug|Any CPU.ActiveCfg = Debug|Any CPU
		{E28EC643-4497-431D-A1CF-77352E20B2A9}.Debug|Any CPU.Build.0 = Debug|Any CPU
		{E28EC643-4497-431D-A1CF-77352E20B2A9}.Release|Any CPU.ActiveCfg = Release|Any CPU
		{E28EC643-4497-431D-A1CF-77352E20B2A9}.Release|Any CPU.Build.0 = Release|Any CPU
		{CB608509-73B6-409A-BB2D-067E4180DC5B}.Debug|Any CPU.ActiveCfg = Debug|Any CPU
		{CB608509-73B6-409A-BB2D-067E4180DC5B}.Debug|Any CPU.Build.0 = Debug|Any CPU
		{CB608509-73B6-409A-BB2D-067E4180DC5B}.Release|Any CPU.ActiveCfg = Release|Any CPU
		{CB608509-73B6-409A-BB2D-067E4180DC5B}.Release|Any CPU.Build.0 = Release|Any CPU
	EndGlobalSection
	GlobalSection(NestedProjects) = preSolution
		{5575928A-BC60-47C3-B854-CF8D0624FE9A} = {83115061-3969-4723-919B-C56C715B5E7C}
		{04DD4B5B-92F0-4735-8476-4263A9809883} = {5575928A-BC60-47C3-B854-CF8D0624FE9A}
		{CB3575BA-0E9A-4BC7-B45D-E9A1602D4F8A} = {83115061-3969-4723-919B-C56C715B5E7C}
		{7CAC1312-9D19-479C-A2F6-972FE611CC05} = {CB3575BA-0E9A-4BC7-B45D-E9A1602D4F8A}
		{A3DAE8EE-E406-451B-87CD-B5AFB608E84B} = {CB3575BA-0E9A-4BC7-B45D-E9A1602D4F8A}
		{69547CF5-7CB4-47B7-AD5E-C68C9F116274} = {A3DAE8EE-E406-451B-87CD-B5AFB608E84B}
		{7A78F945-8080-49FA-BBBB-C764E295E966} = {A3DAE8EE-E406-451B-87CD-B5AFB608E84B}
		{E3C930AD-2915-497D-A827-F387C853C553} = {A3DAE8EE-E406-451B-87CD-B5AFB608E84B}
		{58208108-CF3A-4E3D-ACD7-AD6703416EE0} = {A3DAE8EE-E406-451B-87CD-B5AFB608E84B}
		{8BA1A737-8C26-4918-8C5F-9A730E7EA0D0} = {6496BD2F-8D68-42D1-B5F5-13E07517BF2E}
		{8A2C9B37-9D64-4A0C-84C5-C151DB8F4938} = {8BA1A737-8C26-4918-8C5F-9A730E7EA0D0}
		{E1C6CC08-AD04-472C-90AF-0B527C9DA1CC} = {6496BD2F-8D68-42D1-B5F5-13E07517BF2E}
		{0C1F65E8-352A-43CE-A6B6-FC772E4136F2} = {E1C6CC08-AD04-472C-90AF-0B527C9DA1CC}
		{CC5E0EFD-6FB5-4C9D-8AEB-341AFB5271AE} = {0C1F65E8-352A-43CE-A6B6-FC772E4136F2}
		{7F7843CB-9B1A-424C-9D6D-42B6FEC1CEAF} = {CC5E0EFD-6FB5-4C9D-8AEB-341AFB5271AE}
		{019546C2-6D1D-4551-A977-C205F43B0B2C} = {0C1F65E8-352A-43CE-A6B6-FC772E4136F2}
		{DF8A9B4C-11D9-47BB-91B3-38F51F6AA4CC} = {CC5E0EFD-6FB5-4C9D-8AEB-341AFB5271AE}
		{0F782BF1-DC77-4FE8-A597-5FFE2AA3275F} = {CC5E0EFD-6FB5-4C9D-8AEB-341AFB5271AE}
		{02C895F6-1E8A-43ED-9301-6C11A5619538} = {6496BD2F-8D68-42D1-B5F5-13E07517BF2E}
		{FCBCB2CA-0E6D-4ED4-A8BC-443E94CBA581} = {02C895F6-1E8A-43ED-9301-6C11A5619538}
		{65A8F2AD-61CA-4E14-AE60-DC3BDA973409} = {E1C6CC08-AD04-472C-90AF-0B527C9DA1CC}
		{961C0DE6-9015-4962-8C95-3773E5144BBA} = {65A8F2AD-61CA-4E14-AE60-DC3BDA973409}
		{C5346531-B25B-4DF5-A99C-CD88550A2DF9} = {65A8F2AD-61CA-4E14-AE60-DC3BDA973409}
		{0B50FAA3-B5A5-4F59-A34C-0358680128F7} = {65A8F2AD-61CA-4E14-AE60-DC3BDA973409}
		{F1713589-C36F-433B-801F-82EE10688BBF} = {65A8F2AD-61CA-4E14-AE60-DC3BDA973409}
		{B26A10F9-06A6-4E54-9CB6-6A4A458D91A5} = {0C1F65E8-352A-43CE-A6B6-FC772E4136F2}
		{48E9049D-3065-4D3B-BD91-1CB8125AA2C9} = {B26A10F9-06A6-4E54-9CB6-6A4A458D91A5}
		{843378FA-3414-41F8-8311-20D06E7BF3E0} = {0C1F65E8-352A-43CE-A6B6-FC772E4136F2}
		{54993DC1-BB87-4199-B0DB-9F4A807CB6C4} = {843378FA-3414-41F8-8311-20D06E7BF3E0}
		{E28EC643-4497-431D-A1CF-77352E20B2A9} = {54993DC1-BB87-4199-B0DB-9F4A807CB6C4}
		{CB608509-73B6-409A-BB2D-067E4180DC5B} = {54993DC1-BB87-4199-B0DB-9F4A807CB6C4}
	EndGlobalSection
EndGlobal
